
Microsoft Visual Studio Solution File, Format Version 12.00
# Visual Studio 15
VisualStudioVersion = 15.0.27130.2026
MinimumVisualStudioVersion = 10.0.40219.1
Project("{9A19103F-16F7-4668-BE54-9A1E7A4F7556}") = "P01_Reverse_String", "P01_Reverse_String\P01_Reverse_String.csproj", "{6B959D31-C95A-4580-94E1-D0CF78C930CC}"
EndProject
Project("{9A19103F-16F7-4668-BE54-9A1E7A4F7556}") = "P02_Count_Substring_Occurrences", "P02_Count_Substring_Occurrences\P02_Count_Substring_Occurrences.csproj", "{50367BB3-0F54-420E-A98B-89523F95EFAD}"
EndProject
Project("{FAE04EC0-301F-11D3-BF4B-00C04F79EFBC}") = "P03_Text_Filter", "P03_Text_Filter\P03_Text_Filter.csproj", "{5E32813D-9649-4C32-BF43-BA5DE57BDB46}"
EndProject
Project("{FAE04EC0-301F-11D3-BF4B-00C04F79EFBC}") = "P04_Palindromes", "P04_Palindromes\P04_Palindromes.csproj", "{9883B778-2028-4E0A-BCBB-096B18858215}"
EndProject
Global
	GlobalSection(SolutionConfigurationPlatforms) = preSolution
		Debug|Any CPU = Debug|Any CPU
		Release|Any CPU = Release|Any CPU
	EndGlobalSection
	GlobalSection(ProjectConfigurationPlatforms) = postSolution
		{6B959D31-C95A-4580-94E1-D0CF78C930CC}.Debug|Any CPU.ActiveCfg = Debug|Any CPU
		{6B959D31-C95A-4580-94E1-D0CF78C930CC}.Debug|Any CPU.Build.0 = Debug|Any CPU
		{6B959D31-C95A-4580-94E1-D0CF78C930CC}.Release|Any CPU.ActiveCfg = Release|Any CPU
		{6B959D31-C95A-4580-94E1-D0CF78C930CC}.Release|Any CPU.Build.0 = Release|Any CPU
		{50367BB3-0F54-420E-A98B-89523F95EFAD}.Debug|Any CPU.ActiveCfg = Debug|Any CPU
		{50367BB3-0F54-420E-A98B-89523F95EFAD}.Debug|Any CPU.Build.0 = Debug|Any CPU
		{50367BB3-0F54-420E-A98B-89523F95EFAD}.Release|Any CPU.ActiveCfg = Release|Any CPU
		{50367BB3-0F54-420E-A98B-89523F95EFAD}.Release|Any CPU.Build.0 = Release|Any CPU
		{5E32813D-9649-4C32-BF43-BA5DE57BDB46}.Debug|Any CPU.ActiveCfg = Debug|Any CPU
		{5E32813D-9649-4C32-BF43-BA5DE57BDB46}.Debug|Any CPU.Build.0 = Debug|Any CPU
		{5E32813D-9649-4C32-BF43-BA5DE57BDB46}.Release|Any CPU.ActiveCfg = Release|Any CPU
		{5E32813D-9649-4C32-BF43-BA5DE57BDB46}.Release|Any CPU.Build.0 = Release|Any CPU
		{9883B778-2028-4E0A-BCBB-096B18858215}.Debug|Any CPU.ActiveCfg = Debug|Any CPU
		{9883B778-2028-4E0A-BCBB-096B18858215}.Debug|Any CPU.Build.0 = Debug|Any CPU
		{9883B778-2028-4E0A-BCBB-096B18858215}.Release|Any CPU.ActiveCfg = Release|Any CPU
		{9883B778-2028-4E0A-BCBB-096B18858215}.Release|Any CPU.Build.0 = Release|Any CPU
	EndGlobalSection
	GlobalSection(SolutionProperties) = preSolution
		HideSolutionNode = FALSE
	EndGlobalSection
	GlobalSection(ExtensibilityGlobals) = postSolution
		SolutionGuid = {4FB3A945-4D92-474C-A6F3-91D117B14DF7}
	EndGlobalSection
EndGlobal
