
Microsoft Visual Studio Solution File, Format Version 12.00
# Visual Studio Version 17
VisualStudioVersion = 17.0.32126.317
MinimumVisualStudioVersion = 10.0.40219.1
Project("{2150E333-8FDC-42A3-9474-1A3956D46DE8}") = "14-April-2021", "14-April-2021", "{211BFE99-18E2-46FD-86D1-727D0365C8CB}"
EndProject
Project("{9A19103F-16F7-4668-BE54-9A1E7A4F7556}") = "01-Warm-Winter", "01-Warm-Winter\01-Warm-Winter.csproj", "{430FADB3-909D-4E67-8C04-1EA08BD2B63E}"
EndProject
Project("{9A19103F-16F7-4668-BE54-9A1E7A4F7556}") = "02-Super-Mario", "02-Super-Mario\02-Super-Mario.csproj", "{12F1D366-10F6-4738-A773-D4E8A1F5774C}"
EndProject
Project("{9A19103F-16F7-4668-BE54-9A1E7A4F7556}") = "03-Cocktail-Party", "03-Cocktail-Party\03-Cocktail-Party.csproj", "{9ECDBD12-ACD0-49FD-A07B-8D26791EAAC6}"
EndProject
Project("{2150E333-8FDC-42A3-9474-1A3956D46DE8}") = "16-December-2020", "16-December-2020", "{2D535F1B-50B6-49BB-BF71-169A6D844263}"
EndProject
Project("{9A19103F-16F7-4668-BE54-9A1E7A4F7556}") = "01-Cooking", "01-Cooking\01-Cooking.csproj", "{7C74006A-0CE5-40BB-8BDA-C0175B281448}"
EndProject
Project("{9A19103F-16F7-4668-BE54-9A1E7A4F7556}") = "02-Selling", "02-Selling\02-Selling.csproj", "{C0550912-0865-4E88-9634-62457A0AEDCA}"
EndProject
Project("{9A19103F-16F7-4668-BE54-9A1E7A4F7556}") = "03-Openning", "03-Openning\03-Openning.csproj", "{E0ED061B-1A49-4F59-B11E-A82584D2072D}"
EndProject
Project("{2150E333-8FDC-42A3-9474-1A3956D46DE8}") = "16-December-2021", "16-December-2021", "{6AB7A2D2-80F5-405B-B598-6911A28601AD}"
EndProject
Project("{9A19103F-16F7-4668-BE54-9A1E7A4F7556}") = "01-Blacksmith", "01-Blacksmith\01-Blacksmith.csproj", "{36C2DD7D-9E3B-49C2-AFA4-5F318BB49EA7}"
EndProject
Project("{9A19103F-16F7-4668-BE54-9A1E7A4F7556}") = "02-Armony", "02-Armony\02-Armony.csproj", "{A7FCB03F-B011-475F-9D8A-8947FF779FC3}"
EndProject
Project("{9A19103F-16F7-4668-BE54-9A1E7A4F7556}") = "03-Drones", "03-Drones\03-Drones.csproj", "{AD619A00-8912-438A-B329-4ECCF08B02A9}"
EndProject
Project("{2150E333-8FDC-42A3-9474-1A3956D46DE8}") = "18-August-2021", "18-August-2021", "{1CA9A3A1-82FE-4F60-87BB-A871A0CDE3AC}"
EndProject
Project("{9A19103F-16F7-4668-BE54-9A1E7A4F7556}") = "01-Birthday-Celebration", "01-Birthday-Celebration\01-Birthday-Celebration.csproj", "{319B8E2F-C9D8-47B5-93D7-9060C1AAC6A4}"
EndProject
Project("{9A19103F-16F7-4668-BE54-9A1E7A4F7556}") = "02-The-Battle-of-The-Five-Armies", "02-The-Battle-of-The-Five-Armies\02-The-Battle-of-The-Five-Armies.csproj", "{11302D1D-833D-4EA8-A0DE-88CB9013E476}"
EndProject
Project("{9A19103F-16F7-4668-BE54-9A1E7A4F7556}") = "03-Street-Racing", "03-Street-Racing\03-Street-Racing.csproj", "{637621E1-BA19-4351-AF38-4E7800A779FF}"
EndProject
Project("{2150E333-8FDC-42A3-9474-1A3956D46DE8}") = "19-August-2020", "19-August-2020", "{D9B2051C-8736-4CA5-8E10-03F8051D4818}"
EndProject
Project("{9A19103F-16F7-4668-BE54-9A1E7A4F7556}") = "01-Flower-Wreaths", "01-Flower-Wreaths\01-Flower-Wreaths.csproj", "{43951D57-3B65-4295-8D1D-B2DC05C818AD}"
EndProject
Project("{9A19103F-16F7-4668-BE54-9A1E7A4F7556}") = "02-Bee", "02-Bee\02-Bee.csproj", "{8E7534E8-17FD-48B1-98A4-988514C4DA57}"
EndProject
Project("{9A19103F-16F7-4668-BE54-9A1E7A4F7556}") = "03-VetClinic", "03-VetClinic\03-VetClinic.csproj", "{06709BC5-BED5-4B78-BB84-B01C12491F06}"
EndProject
Project("{2150E333-8FDC-42A3-9474-1A3956D46DE8}") = "20-February-2021", "20-February-2021", "{AA0B79CB-2E29-4E54-B6CB-F0D3528B7CD9}"
EndProject
Project("{9A19103F-16F7-4668-BE54-9A1E7A4F7556}") = "01-The-Fight-for-Gondor", "01-The-Fight-for-Gondor\01-The-Fight-for-Gondor.csproj", "{BB71AD5D-0AA6-4880-83A3-162269BD0698}"
EndProject
Project("{9A19103F-16F7-4668-BE54-9A1E7A4F7556}") = "02-Warships", "02-Warships\02-Warships.csproj", "{C944E99F-052A-497C-82E8-2E0CA6221D36}"
EndProject
Project("{9A19103F-16F7-4668-BE54-9A1E7A4F7556}") = "03-The-Race", "03-The-Race\03-The-Race.csproj", "{0244D1A7-C592-45BD-9F22-DB93DAB9B695}"
EndProject
Project("{2150E333-8FDC-42A3-9474-1A3956D46DE8}") = "22-February-2020", "22-February-2020", "{2A670206-6DF2-4B9A-95F1-053010A9D4AE}"
EndProject
Project("{9A19103F-16F7-4668-BE54-9A1E7A4F7556}") = "01-Lootbox", "01-Lootbox\01-Lootbox.csproj", "{71B94AA1-BDA1-4C95-B6EA-EC05EEF11EDD}"
EndProject
Project("{9A19103F-16F7-4668-BE54-9A1E7A4F7556}") = "02-Re-Volt", "02-Re-Volt\02-Re-Volt.csproj", "{7C50D4F3-D8AF-4C91-8660-42560628D878}"
EndProject
Project("{9A19103F-16F7-4668-BE54-9A1E7A4F7556}") = "03-Guild", "03-Guild\03-Guild.csproj", "{28BEA0D5-E0E3-42D4-916F-8FCDB2736A5F}"
EndProject
Project("{2150E333-8FDC-42A3-9474-1A3956D46DE8}") = "23-October-2021", "23-October-2021", "{1FBB1CCC-247F-4EEF-8DC8-E34476AD3CB6}"
EndProject
Project("{FAE04EC0-301F-11D3-BF4B-00C04F79EFBC}") = "01-Food-Finder", "01-Food-Finder\01-Food-Finder.csproj", "{922450D1-D92C-43F9-A2F8-3A973D766C88}"
EndProject
Project("{FAE04EC0-301F-11D3-BF4B-00C04F79EFBC}") = "02-Pawn-Wars", "02-Pawn-Wars\02-Pawn-Wars.csproj", "{FF652CFD-6F90-49A7-A5DB-20BC9256A716}"
EndProject
Project("{FAE04EC0-301F-11D3-BF4B-00C04F79EFBC}") = "03-Stock-Market", "03-Stock-Market\03-Stock-Market.csproj", "{DFE06DD7-3A6D-4206-8D10-F880E0B06E10}"
EndProject
Project("{2150E333-8FDC-42A3-9474-1A3956D46DE8}") = "25-October-2020", "25-October-2020", "{4A0A20CF-B475-40F3-910C-73AE0D0AA51F}"
EndProject
Project("{FAE04EC0-301F-11D3-BF4B-00C04F79EFBC}") = "01-Scheduling", "01-Scheduling\01-Scheduling.csproj", "{FAFEA28D-4231-44F4-ACAF-C01D5AABADC7}"
EndProject
Project("{FAE04EC0-301F-11D3-BF4B-00C04F79EFBC}") = "02-Garden", "02-Garden\02-Garden.csproj", "{9348758D-B4F7-4152-887F-2C03DFE751F2}"
EndProject
Project("{FAE04EC0-301F-11D3-BF4B-00C04F79EFBC}") = "03-Classroom", "03-Classroom\03-Classroom.csproj", "{12D3039A-2B0A-4430-A480-0184D714E83F}"
EndProject
Project("{2150E333-8FDC-42A3-9474-1A3956D46DE8}") = "26-June-2021", "26-June-2021", "{92FEB921-2063-4DB6-B65B-FC214425839B}"
EndProject
Project("{FAE04EC0-301F-11D3-BF4B-00C04F79EFBC}") = "01-Masterchef", "01-Masterchef\01-Masterchef.csproj", "{329BA24D-A0BC-4E9D-8F3F-0EBF53C5AAE7}"
EndProject
Project("{FAE04EC0-301F-11D3-BF4B-00C04F79EFBC}") = "02-Survivor", "02-Survivor\02-Survivor.csproj", "{1EB5BDCF-98BA-402A-A8F4-E4FDFE70DFA6}"
EndProject
Project("{FAE04EC0-301F-11D3-BF4B-00C04F79EFBC}") = "03-Ski-Rental", "03-Ski-Rental\03-Ski-Rental.csproj", "{5AC42003-EDCE-4341-BD97-00D52577D0C7}"
EndProject
Project("{2150E333-8FDC-42A3-9474-1A3956D46DE8}") = "28-June-2020", "28-June-2020", "{F263148B-F1AF-4F08-8516-EA8144EA449B}"
EndProject
Project("{FAE04EC0-301F-11D3-BF4B-00C04F79EFBC}") = "01-Bombs", "01-Bombs\01-Bombs.csproj", "{98C158B4-7F21-4399-B942-9ACF8576801E}"
EndProject
Project("{FAE04EC0-301F-11D3-BF4B-00C04F79EFBC}") = "02-Snake", "02-Snake\02-Snake.csproj", "{6DBF94C3-E1EC-460A-ACD7-CEEA4D07EAB2}"
EndProject
Project("{FAE04EC0-301F-11D3-BF4B-00C04F79EFBC}") = "03-Parking", "03-Parking\03-Parking.csproj", "{8FB6A0B6-F09B-4CE8-9C90-EE55F896E5A1}"
EndProject
Global
	GlobalSection(SolutionConfigurationPlatforms) = preSolution
		Debug|Any CPU = Debug|Any CPU
		Release|Any CPU = Release|Any CPU
	EndGlobalSection
	GlobalSection(ProjectConfigurationPlatforms) = postSolution
		{430FADB3-909D-4E67-8C04-1EA08BD2B63E}.Debug|Any CPU.ActiveCfg = Debug|Any CPU
		{430FADB3-909D-4E67-8C04-1EA08BD2B63E}.Debug|Any CPU.Build.0 = Debug|Any CPU
		{430FADB3-909D-4E67-8C04-1EA08BD2B63E}.Release|Any CPU.ActiveCfg = Release|Any CPU
		{430FADB3-909D-4E67-8C04-1EA08BD2B63E}.Release|Any CPU.Build.0 = Release|Any CPU
		{12F1D366-10F6-4738-A773-D4E8A1F5774C}.Debug|Any CPU.ActiveCfg = Debug|Any CPU
		{12F1D366-10F6-4738-A773-D4E8A1F5774C}.Debug|Any CPU.Build.0 = Debug|Any CPU
		{12F1D366-10F6-4738-A773-D4E8A1F5774C}.Release|Any CPU.ActiveCfg = Release|Any CPU
		{12F1D366-10F6-4738-A773-D4E8A1F5774C}.Release|Any CPU.Build.0 = Release|Any CPU
		{9ECDBD12-ACD0-49FD-A07B-8D26791EAAC6}.Debug|Any CPU.ActiveCfg = Debug|Any CPU
		{9ECDBD12-ACD0-49FD-A07B-8D26791EAAC6}.Debug|Any CPU.Build.0 = Debug|Any CPU
		{9ECDBD12-ACD0-49FD-A07B-8D26791EAAC6}.Release|Any CPU.ActiveCfg = Release|Any CPU
		{9ECDBD12-ACD0-49FD-A07B-8D26791EAAC6}.Release|Any CPU.Build.0 = Release|Any CPU
		{7C74006A-0CE5-40BB-8BDA-C0175B281448}.Debug|Any CPU.ActiveCfg = Debug|Any CPU
		{7C74006A-0CE5-40BB-8BDA-C0175B281448}.Debug|Any CPU.Build.0 = Debug|Any CPU
		{7C74006A-0CE5-40BB-8BDA-C0175B281448}.Release|Any CPU.ActiveCfg = Release|Any CPU
		{7C74006A-0CE5-40BB-8BDA-C0175B281448}.Release|Any CPU.Build.0 = Release|Any CPU
		{C0550912-0865-4E88-9634-62457A0AEDCA}.Debug|Any CPU.ActiveCfg = Debug|Any CPU
		{C0550912-0865-4E88-9634-62457A0AEDCA}.Debug|Any CPU.Build.0 = Debug|Any CPU
		{C0550912-0865-4E88-9634-62457A0AEDCA}.Release|Any CPU.ActiveCfg = Release|Any CPU
		{C0550912-0865-4E88-9634-62457A0AEDCA}.Release|Any CPU.Build.0 = Release|Any CPU
		{E0ED061B-1A49-4F59-B11E-A82584D2072D}.Debug|Any CPU.ActiveCfg = Debug|Any CPU
		{E0ED061B-1A49-4F59-B11E-A82584D2072D}.Debug|Any CPU.Build.0 = Debug|Any CPU
		{E0ED061B-1A49-4F59-B11E-A82584D2072D}.Release|Any CPU.ActiveCfg = Release|Any CPU
		{E0ED061B-1A49-4F59-B11E-A82584D2072D}.Release|Any CPU.Build.0 = Release|Any CPU
		{36C2DD7D-9E3B-49C2-AFA4-5F318BB49EA7}.Debug|Any CPU.ActiveCfg = Debug|Any CPU
		{36C2DD7D-9E3B-49C2-AFA4-5F318BB49EA7}.Debug|Any CPU.Build.0 = Debug|Any CPU
		{36C2DD7D-9E3B-49C2-AFA4-5F318BB49EA7}.Release|Any CPU.ActiveCfg = Release|Any CPU
		{36C2DD7D-9E3B-49C2-AFA4-5F318BB49EA7}.Release|Any CPU.Build.0 = Release|Any CPU
		{A7FCB03F-B011-475F-9D8A-8947FF779FC3}.Debug|Any CPU.ActiveCfg = Debug|Any CPU
		{A7FCB03F-B011-475F-9D8A-8947FF779FC3}.Debug|Any CPU.Build.0 = Debug|Any CPU
		{A7FCB03F-B011-475F-9D8A-8947FF779FC3}.Release|Any CPU.ActiveCfg = Release|Any CPU
		{A7FCB03F-B011-475F-9D8A-8947FF779FC3}.Release|Any CPU.Build.0 = Release|Any CPU
		{AD619A00-8912-438A-B329-4ECCF08B02A9}.Debug|Any CPU.ActiveCfg = Debug|Any CPU
		{AD619A00-8912-438A-B329-4ECCF08B02A9}.Debug|Any CPU.Build.0 = Debug|Any CPU
		{AD619A00-8912-438A-B329-4ECCF08B02A9}.Release|Any CPU.ActiveCfg = Release|Any CPU
		{AD619A00-8912-438A-B329-4ECCF08B02A9}.Release|Any CPU.Build.0 = Release|Any CPU
		{319B8E2F-C9D8-47B5-93D7-9060C1AAC6A4}.Debug|Any CPU.ActiveCfg = Debug|Any CPU
		{319B8E2F-C9D8-47B5-93D7-9060C1AAC6A4}.Debug|Any CPU.Build.0 = Debug|Any CPU
		{319B8E2F-C9D8-47B5-93D7-9060C1AAC6A4}.Release|Any CPU.ActiveCfg = Release|Any CPU
		{319B8E2F-C9D8-47B5-93D7-9060C1AAC6A4}.Release|Any CPU.Build.0 = Release|Any CPU
		{11302D1D-833D-4EA8-A0DE-88CB9013E476}.Debug|Any CPU.ActiveCfg = Debug|Any CPU
		{11302D1D-833D-4EA8-A0DE-88CB9013E476}.Debug|Any CPU.Build.0 = Debug|Any CPU
		{11302D1D-833D-4EA8-A0DE-88CB9013E476}.Release|Any CPU.ActiveCfg = Release|Any CPU
		{11302D1D-833D-4EA8-A0DE-88CB9013E476}.Release|Any CPU.Build.0 = Release|Any CPU
		{637621E1-BA19-4351-AF38-4E7800A779FF}.Debug|Any CPU.ActiveCfg = Debug|Any CPU
		{637621E1-BA19-4351-AF38-4E7800A779FF}.Debug|Any CPU.Build.0 = Debug|Any CPU
		{637621E1-BA19-4351-AF38-4E7800A779FF}.Release|Any CPU.ActiveCfg = Release|Any CPU
		{637621E1-BA19-4351-AF38-4E7800A779FF}.Release|Any CPU.Build.0 = Release|Any CPU
		{43951D57-3B65-4295-8D1D-B2DC05C818AD}.Debug|Any CPU.ActiveCfg = Debug|Any CPU
		{43951D57-3B65-4295-8D1D-B2DC05C818AD}.Debug|Any CPU.Build.0 = Debug|Any CPU
		{43951D57-3B65-4295-8D1D-B2DC05C818AD}.Release|Any CPU.ActiveCfg = Release|Any CPU
		{43951D57-3B65-4295-8D1D-B2DC05C818AD}.Release|Any CPU.Build.0 = Release|Any CPU
		{8E7534E8-17FD-48B1-98A4-988514C4DA57}.Debug|Any CPU.ActiveCfg = Debug|Any CPU
		{8E7534E8-17FD-48B1-98A4-988514C4DA57}.Debug|Any CPU.Build.0 = Debug|Any CPU
		{8E7534E8-17FD-48B1-98A4-988514C4DA57}.Release|Any CPU.ActiveCfg = Release|Any CPU
		{8E7534E8-17FD-48B1-98A4-988514C4DA57}.Release|Any CPU.Build.0 = Release|Any CPU
		{06709BC5-BED5-4B78-BB84-B01C12491F06}.Debug|Any CPU.ActiveCfg = Debug|Any CPU
		{06709BC5-BED5-4B78-BB84-B01C12491F06}.Debug|Any CPU.Build.0 = Debug|Any CPU
		{06709BC5-BED5-4B78-BB84-B01C12491F06}.Release|Any CPU.ActiveCfg = Release|Any CPU
		{06709BC5-BED5-4B78-BB84-B01C12491F06}.Release|Any CPU.Build.0 = Release|Any CPU
		{BB71AD5D-0AA6-4880-83A3-162269BD0698}.Debug|Any CPU.ActiveCfg = Debug|Any CPU
		{BB71AD5D-0AA6-4880-83A3-162269BD0698}.Debug|Any CPU.Build.0 = Debug|Any CPU
		{BB71AD5D-0AA6-4880-83A3-162269BD0698}.Release|Any CPU.ActiveCfg = Release|Any CPU
		{BB71AD5D-0AA6-4880-83A3-162269BD0698}.Release|Any CPU.Build.0 = Release|Any CPU
		{C944E99F-052A-497C-82E8-2E0CA6221D36}.Debug|Any CPU.ActiveCfg = Debug|Any CPU
		{C944E99F-052A-497C-82E8-2E0CA6221D36}.Debug|Any CPU.Build.0 = Debug|Any CPU
		{C944E99F-052A-497C-82E8-2E0CA6221D36}.Release|Any CPU.ActiveCfg = Release|Any CPU
		{C944E99F-052A-497C-82E8-2E0CA6221D36}.Release|Any CPU.Build.0 = Release|Any CPU
		{0244D1A7-C592-45BD-9F22-DB93DAB9B695}.Debug|Any CPU.ActiveCfg = Debug|Any CPU
		{0244D1A7-C592-45BD-9F22-DB93DAB9B695}.Debug|Any CPU.Build.0 = Debug|Any CPU
		{0244D1A7-C592-45BD-9F22-DB93DAB9B695}.Release|Any CPU.ActiveCfg = Release|Any CPU
		{0244D1A7-C592-45BD-9F22-DB93DAB9B695}.Release|Any CPU.Build.0 = Release|Any CPU
		{71B94AA1-BDA1-4C95-B6EA-EC05EEF11EDD}.Debug|Any CPU.ActiveCfg = Debug|Any CPU
		{71B94AA1-BDA1-4C95-B6EA-EC05EEF11EDD}.Debug|Any CPU.Build.0 = Debug|Any CPU
		{71B94AA1-BDA1-4C95-B6EA-EC05EEF11EDD}.Release|Any CPU.ActiveCfg = Release|Any CPU
		{71B94AA1-BDA1-4C95-B6EA-EC05EEF11EDD}.Release|Any CPU.Build.0 = Release|Any CPU
		{7C50D4F3-D8AF-4C91-8660-42560628D878}.Debug|Any CPU.ActiveCfg = Debug|Any CPU
		{7C50D4F3-D8AF-4C91-8660-42560628D878}.Debug|Any CPU.Build.0 = Debug|Any CPU
		{7C50D4F3-D8AF-4C91-8660-42560628D878}.Release|Any CPU.ActiveCfg = Release|Any CPU
		{7C50D4F3-D8AF-4C91-8660-42560628D878}.Release|Any CPU.Build.0 = Release|Any CPU
		{28BEA0D5-E0E3-42D4-916F-8FCDB2736A5F}.Debug|Any CPU.ActiveCfg = Debug|Any CPU
		{28BEA0D5-E0E3-42D4-916F-8FCDB2736A5F}.Debug|Any CPU.Build.0 = Debug|Any CPU
		{28BEA0D5-E0E3-42D4-916F-8FCDB2736A5F}.Release|Any CPU.ActiveCfg = Release|Any CPU
		{28BEA0D5-E0E3-42D4-916F-8FCDB2736A5F}.Release|Any CPU.Build.0 = Release|Any CPU
		{922450D1-D92C-43F9-A2F8-3A973D766C88}.Debug|Any CPU.ActiveCfg = Debug|Any CPU
		{922450D1-D92C-43F9-A2F8-3A973D766C88}.Debug|Any CPU.Build.0 = Debug|Any CPU
		{922450D1-D92C-43F9-A2F8-3A973D766C88}.Release|Any CPU.ActiveCfg = Release|Any CPU
		{922450D1-D92C-43F9-A2F8-3A973D766C88}.Release|Any CPU.Build.0 = Release|Any CPU
		{FF652CFD-6F90-49A7-A5DB-20BC9256A716}.Debug|Any CPU.ActiveCfg = Debug|Any CPU
		{FF652CFD-6F90-49A7-A5DB-20BC9256A716}.Debug|Any CPU.Build.0 = Debug|Any CPU
		{FF652CFD-6F90-49A7-A5DB-20BC9256A716}.Release|Any CPU.ActiveCfg = Release|Any CPU
		{FF652CFD-6F90-49A7-A5DB-20BC9256A716}.Release|Any CPU.Build.0 = Release|Any CPU
		{DFE06DD7-3A6D-4206-8D10-F880E0B06E10}.Debug|Any CPU.ActiveCfg = Debug|Any CPU
		{DFE06DD7-3A6D-4206-8D10-F880E0B06E10}.Debug|Any CPU.Build.0 = Debug|Any CPU
		{DFE06DD7-3A6D-4206-8D10-F880E0B06E10}.Release|Any CPU.ActiveCfg = Release|Any CPU
		{DFE06DD7-3A6D-4206-8D10-F880E0B06E10}.Release|Any CPU.Build.0 = Release|Any CPU
		{FAFEA28D-4231-44F4-ACAF-C01D5AABADC7}.Debug|Any CPU.ActiveCfg = Debug|Any CPU
		{FAFEA28D-4231-44F4-ACAF-C01D5AABADC7}.Debug|Any CPU.Build.0 = Debug|Any CPU
		{FAFEA28D-4231-44F4-ACAF-C01D5AABADC7}.Release|Any CPU.ActiveCfg = Release|Any CPU
		{FAFEA28D-4231-44F4-ACAF-C01D5AABADC7}.Release|Any CPU.Build.0 = Release|Any CPU
		{9348758D-B4F7-4152-887F-2C03DFE751F2}.Debug|Any CPU.ActiveCfg = Debug|Any CPU
		{9348758D-B4F7-4152-887F-2C03DFE751F2}.Debug|Any CPU.Build.0 = Debug|Any CPU
		{9348758D-B4F7-4152-887F-2C03DFE751F2}.Release|Any CPU.ActiveCfg = Release|Any CPU
		{9348758D-B4F7-4152-887F-2C03DFE751F2}.Release|Any CPU.Build.0 = Release|Any CPU
		{12D3039A-2B0A-4430-A480-0184D714E83F}.Debug|Any CPU.ActiveCfg = Debug|Any CPU
		{12D3039A-2B0A-4430-A480-0184D714E83F}.Debug|Any CPU.Build.0 = Debug|Any CPU
		{12D3039A-2B0A-4430-A480-0184D714E83F}.Release|Any CPU.ActiveCfg = Release|Any CPU
		{12D3039A-2B0A-4430-A480-0184D714E83F}.Release|Any CPU.Build.0 = Release|Any CPU
		{329BA24D-A0BC-4E9D-8F3F-0EBF53C5AAE7}.Debug|Any CPU.ActiveCfg = Debug|Any CPU
		{329BA24D-A0BC-4E9D-8F3F-0EBF53C5AAE7}.Debug|Any CPU.Build.0 = Debug|Any CPU
		{329BA24D-A0BC-4E9D-8F3F-0EBF53C5AAE7}.Release|Any CPU.ActiveCfg = Release|Any CPU
		{329BA24D-A0BC-4E9D-8F3F-0EBF53C5AAE7}.Release|Any CPU.Build.0 = Release|Any CPU
		{1EB5BDCF-98BA-402A-A8F4-E4FDFE70DFA6}.Debug|Any CPU.ActiveCfg = Debug|Any CPU
		{1EB5BDCF-98BA-402A-A8F4-E4FDFE70DFA6}.Debug|Any CPU.Build.0 = Debug|Any CPU
		{1EB5BDCF-98BA-402A-A8F4-E4FDFE70DFA6}.Release|Any CPU.ActiveCfg = Release|Any CPU
		{1EB5BDCF-98BA-402A-A8F4-E4FDFE70DFA6}.Release|Any CPU.Build.0 = Release|Any CPU
		{5AC42003-EDCE-4341-BD97-00D52577D0C7}.Debug|Any CPU.ActiveCfg = Debug|Any CPU
		{5AC42003-EDCE-4341-BD97-00D52577D0C7}.Debug|Any CPU.Build.0 = Debug|Any CPU
		{5AC42003-EDCE-4341-BD97-00D52577D0C7}.Release|Any CPU.ActiveCfg = Release|Any CPU
		{5AC42003-EDCE-4341-BD97-00D52577D0C7}.Release|Any CPU.Build.0 = Release|Any CPU
		{98C158B4-7F21-4399-B942-9ACF8576801E}.Debug|Any CPU.ActiveCfg = Debug|Any CPU
		{98C158B4-7F21-4399-B942-9ACF8576801E}.Debug|Any CPU.Build.0 = Debug|Any CPU
		{98C158B4-7F21-4399-B942-9ACF8576801E}.Release|Any CPU.ActiveCfg = Release|Any CPU
		{98C158B4-7F21-4399-B942-9ACF8576801E}.Release|Any CPU.Build.0 = Release|Any CPU
		{6DBF94C3-E1EC-460A-ACD7-CEEA4D07EAB2}.Debug|Any CPU.ActiveCfg = Debug|Any CPU
		{6DBF94C3-E1EC-460A-ACD7-CEEA4D07EAB2}.Debug|Any CPU.Build.0 = Debug|Any CPU
		{6DBF94C3-E1EC-460A-ACD7-CEEA4D07EAB2}.Release|Any CPU.ActiveCfg = Release|Any CPU
		{6DBF94C3-E1EC-460A-ACD7-CEEA4D07EAB2}.Release|Any CPU.Build.0 = Release|Any CPU
		{8FB6A0B6-F09B-4CE8-9C90-EE55F896E5A1}.Debug|Any CPU.ActiveCfg = Debug|Any CPU
		{8FB6A0B6-F09B-4CE8-9C90-EE55F896E5A1}.Debug|Any CPU.Build.0 = Debug|Any CPU
		{8FB6A0B6-F09B-4CE8-9C90-EE55F896E5A1}.Release|Any CPU.ActiveCfg = Release|Any CPU
		{8FB6A0B6-F09B-4CE8-9C90-EE55F896E5A1}.Release|Any CPU.Build.0 = Release|Any CPU
	EndGlobalSection
	GlobalSection(SolutionProperties) = preSolution
		HideSolutionNode = FALSE
	EndGlobalSection
	GlobalSection(NestedProjects) = preSolution
		{430FADB3-909D-4E67-8C04-1EA08BD2B63E} = {211BFE99-18E2-46FD-86D1-727D0365C8CB}
		{12F1D366-10F6-4738-A773-D4E8A1F5774C} = {211BFE99-18E2-46FD-86D1-727D0365C8CB}
		{9ECDBD12-ACD0-49FD-A07B-8D26791EAAC6} = {211BFE99-18E2-46FD-86D1-727D0365C8CB}
		{7C74006A-0CE5-40BB-8BDA-C0175B281448} = {2D535F1B-50B6-49BB-BF71-169A6D844263}
		{C0550912-0865-4E88-9634-62457A0AEDCA} = {2D535F1B-50B6-49BB-BF71-169A6D844263}
		{E0ED061B-1A49-4F59-B11E-A82584D2072D} = {2D535F1B-50B6-49BB-BF71-169A6D844263}
		{36C2DD7D-9E3B-49C2-AFA4-5F318BB49EA7} = {6AB7A2D2-80F5-405B-B598-6911A28601AD}
		{A7FCB03F-B011-475F-9D8A-8947FF779FC3} = {6AB7A2D2-80F5-405B-B598-6911A28601AD}
		{AD619A00-8912-438A-B329-4ECCF08B02A9} = {6AB7A2D2-80F5-405B-B598-6911A28601AD}
		{319B8E2F-C9D8-47B5-93D7-9060C1AAC6A4} = {1CA9A3A1-82FE-4F60-87BB-A871A0CDE3AC}
		{11302D1D-833D-4EA8-A0DE-88CB9013E476} = {1CA9A3A1-82FE-4F60-87BB-A871A0CDE3AC}
		{637621E1-BA19-4351-AF38-4E7800A779FF} = {1CA9A3A1-82FE-4F60-87BB-A871A0CDE3AC}
		{43951D57-3B65-4295-8D1D-B2DC05C818AD} = {D9B2051C-8736-4CA5-8E10-03F8051D4818}
		{8E7534E8-17FD-48B1-98A4-988514C4DA57} = {D9B2051C-8736-4CA5-8E10-03F8051D4818}
		{06709BC5-BED5-4B78-BB84-B01C12491F06} = {D9B2051C-8736-4CA5-8E10-03F8051D4818}
		{BB71AD5D-0AA6-4880-83A3-162269BD0698} = {AA0B79CB-2E29-4E54-B6CB-F0D3528B7CD9}
		{C944E99F-052A-497C-82E8-2E0CA6221D36} = {AA0B79CB-2E29-4E54-B6CB-F0D3528B7CD9}
		{0244D1A7-C592-45BD-9F22-DB93DAB9B695} = {AA0B79CB-2E29-4E54-B6CB-F0D3528B7CD9}
		{71B94AA1-BDA1-4C95-B6EA-EC05EEF11EDD} = {2A670206-6DF2-4B9A-95F1-053010A9D4AE}
		{7C50D4F3-D8AF-4C91-8660-42560628D878} = {2A670206-6DF2-4B9A-95F1-053010A9D4AE}
		{28BEA0D5-E0E3-42D4-916F-8FCDB2736A5F} = {2A670206-6DF2-4B9A-95F1-053010A9D4AE}
		{922450D1-D92C-43F9-A2F8-3A973D766C88} = {1FBB1CCC-247F-4EEF-8DC8-E34476AD3CB6}
		{FF652CFD-6F90-49A7-A5DB-20BC9256A716} = {1FBB1CCC-247F-4EEF-8DC8-E34476AD3CB6}
		{DFE06DD7-3A6D-4206-8D10-F880E0B06E10} = {1FBB1CCC-247F-4EEF-8DC8-E34476AD3CB6}
		{FAFEA28D-4231-44F4-ACAF-C01D5AABADC7} = {4A0A20CF-B475-40F3-910C-73AE0D0AA51F}
		{9348758D-B4F7-4152-887F-2C03DFE751F2} = {4A0A20CF-B475-40F3-910C-73AE0D0AA51F}
		{12D3039A-2B0A-4430-A480-0184D714E83F} = {4A0A20CF-B475-40F3-910C-73AE0D0AA51F}
		{329BA24D-A0BC-4E9D-8F3F-0EBF53C5AAE7} = {92FEB921-2063-4DB6-B65B-FC214425839B}
		{1EB5BDCF-98BA-402A-A8F4-E4FDFE70DFA6} = {92FEB921-2063-4DB6-B65B-FC214425839B}
		{5AC42003-EDCE-4341-BD97-00D52577D0C7} = {92FEB921-2063-4DB6-B65B-FC214425839B}
		{98C158B4-7F21-4399-B942-9ACF8576801E} = {F263148B-F1AF-4F08-8516-EA8144EA449B}
		{6DBF94C3-E1EC-460A-ACD7-CEEA4D07EAB2} = {F263148B-F1AF-4F08-8516-EA8144EA449B}
		{8FB6A0B6-F09B-4CE8-9C90-EE55F896E5A1} = {F263148B-F1AF-4F08-8516-EA8144EA449B}
	EndGlobalSection
	GlobalSection(ExtensibilityGlobals) = postSolution
		SolutionGuid = {B1B87927-909E-4EC2-AA2D-7689ED86D364}
	EndGlobalSection
EndGlobal
