
Microsoft Visual Studio Solution File, Format Version 12.00
# Visual Studio 15
VisualStudioVersion = 15.0.27004.2002
MinimumVisualStudioVersion = 10.0.40219.1
Project("{9A19103F-16F7-4668-BE54-9A1E7A4F7556}") = "P01_Phonebook", "P01_Phonebook\P01_Phonebook.csproj", "{0BEB39D8-F259-4CBA-9A42-4114DE729B4E}"
EndProject
Project("{9A19103F-16F7-4668-BE54-9A1E7A4F7556}") = "P02_Phonebook_Upgrade", "P02_Phonebook_Upgrade\P02_Phonebook_Upgrade.csproj", "{1B5F8E46-3057-4B03-BFA7-9ED9F76E91C5}"
EndProject
Project("{9A19103F-16F7-4668-BE54-9A1E7A4F7556}") = "P03_A_Miner_Task", "P03_A_Miner_Task\P03_A_Miner_Task.csproj", "{DA413D83-1409-4C76-82C5-3F3CE5544D49}"
EndProject
Project("{9A19103F-16F7-4668-BE54-9A1E7A4F7556}") = "P04_Fix_Emails", "P04_Fix_Emails\P04_Fix_Emails.csproj", "{4F90C0AA-2AE6-4504-8416-87610F986FEA}"
EndProject
Project("{9A19103F-16F7-4668-BE54-9A1E7A4F7556}") = "P05_Hands_of_Cards", "P05_Hands_of_Cards\P05_Hands_of_Cards.csproj", "{FFDD1646-8AF3-4152-BAA5-95FA3A7E1E48}"
EndProject
Project("{FAE04EC0-301F-11D3-BF4B-00C04F79EFBC}") = "P06_User_Logs", "P06_User_Logs\P06_User_Logs.csproj", "{6E5659D2-838C-4A2A-91F5-7899234E5099}"
EndProject
Project("{FAE04EC0-301F-11D3-BF4B-00C04F79EFBC}") = "P07_Population_Counter", "P07_Population_Counter\P07_Population_Counter.csproj", "{FDC20E87-B3FD-4320-9B0B-DEF7BBBFF112}"
EndProject
Project("{FAE04EC0-301F-11D3-BF4B-00C04F79EFBC}") = "P08_Logs_Aggregator", "P08_Logs_Aggregator\P08_Logs_Aggregator.csproj", "{056DEA9D-6D51-448A-9A7B-875EC8604570}"
EndProject
Project("{FAE04EC0-301F-11D3-BF4B-00C04F79EFBC}") = "P09_Legendary_Farming", "P09_Legendary_Farming\P09_Legendary_Farming.csproj", "{FE1F8A0C-9FDE-4973-A202-4AC6274913E3}"
EndProject
Project("{FAE04EC0-301F-11D3-BF4B-00C04F79EFBC}") = "P10_Сръбско_Unleashed", "P10_Сръбско_Unleashed\P10_Сръбско_Unleashed.csproj", "{EFDB41B5-104C-46A5-960D-3D1A9C7BA6AE}"
EndProject
Project("{FAE04EC0-301F-11D3-BF4B-00C04F79EFBC}") = "P11_Dragon_Army", "P11_Dragon_Army\P11_Dragon_Army.csproj", "{688FDCEB-4DFA-477C-A412-253DA7B777F7}"
EndProject
Global
	GlobalSection(SolutionConfigurationPlatforms) = preSolution
		Debug|Any CPU = Debug|Any CPU
		Release|Any CPU = Release|Any CPU
	EndGlobalSection
	GlobalSection(ProjectConfigurationPlatforms) = postSolution
		{0BEB39D8-F259-4CBA-9A42-4114DE729B4E}.Debug|Any CPU.ActiveCfg = Debug|Any CPU
		{0BEB39D8-F259-4CBA-9A42-4114DE729B4E}.Debug|Any CPU.Build.0 = Debug|Any CPU
		{0BEB39D8-F259-4CBA-9A42-4114DE729B4E}.Release|Any CPU.ActiveCfg = Release|Any CPU
		{0BEB39D8-F259-4CBA-9A42-4114DE729B4E}.Release|Any CPU.Build.0 = Release|Any CPU
		{1B5F8E46-3057-4B03-BFA7-9ED9F76E91C5}.Debug|Any CPU.ActiveCfg = Debug|Any CPU
		{1B5F8E46-3057-4B03-BFA7-9ED9F76E91C5}.Debug|Any CPU.Build.0 = Debug|Any CPU
		{1B5F8E46-3057-4B03-BFA7-9ED9F76E91C5}.Release|Any CPU.ActiveCfg = Release|Any CPU
		{1B5F8E46-3057-4B03-BFA7-9ED9F76E91C5}.Release|Any CPU.Build.0 = Release|Any CPU
		{DA413D83-1409-4C76-82C5-3F3CE5544D49}.Debug|Any CPU.ActiveCfg = Debug|Any CPU
		{DA413D83-1409-4C76-82C5-3F3CE5544D49}.Debug|Any CPU.Build.0 = Debug|Any CPU
		{DA413D83-1409-4C76-82C5-3F3CE5544D49}.Release|Any CPU.ActiveCfg = Release|Any CPU
		{DA413D83-1409-4C76-82C5-3F3CE5544D49}.Release|Any CPU.Build.0 = Release|Any CPU
		{4F90C0AA-2AE6-4504-8416-87610F986FEA}.Debug|Any CPU.ActiveCfg = Debug|Any CPU
		{4F90C0AA-2AE6-4504-8416-87610F986FEA}.Debug|Any CPU.Build.0 = Debug|Any CPU
		{4F90C0AA-2AE6-4504-8416-87610F986FEA}.Release|Any CPU.ActiveCfg = Release|Any CPU
		{4F90C0AA-2AE6-4504-8416-87610F986FEA}.Release|Any CPU.Build.0 = Release|Any CPU
		{FFDD1646-8AF3-4152-BAA5-95FA3A7E1E48}.Debug|Any CPU.ActiveCfg = Debug|Any CPU
		{FFDD1646-8AF3-4152-BAA5-95FA3A7E1E48}.Debug|Any CPU.Build.0 = Debug|Any CPU
		{FFDD1646-8AF3-4152-BAA5-95FA3A7E1E48}.Release|Any CPU.ActiveCfg = Release|Any CPU
		{FFDD1646-8AF3-4152-BAA5-95FA3A7E1E48}.Release|Any CPU.Build.0 = Release|Any CPU
		{6E5659D2-838C-4A2A-91F5-7899234E5099}.Debug|Any CPU.ActiveCfg = Debug|Any CPU
		{6E5659D2-838C-4A2A-91F5-7899234E5099}.Debug|Any CPU.Build.0 = Debug|Any CPU
		{6E5659D2-838C-4A2A-91F5-7899234E5099}.Release|Any CPU.ActiveCfg = Release|Any CPU
		{6E5659D2-838C-4A2A-91F5-7899234E5099}.Release|Any CPU.Build.0 = Release|Any CPU
		{FDC20E87-B3FD-4320-9B0B-DEF7BBBFF112}.Debug|Any CPU.ActiveCfg = Debug|Any CPU
		{FDC20E87-B3FD-4320-9B0B-DEF7BBBFF112}.Debug|Any CPU.Build.0 = Debug|Any CPU
		{FDC20E87-B3FD-4320-9B0B-DEF7BBBFF112}.Release|Any CPU.ActiveCfg = Release|Any CPU
		{FDC20E87-B3FD-4320-9B0B-DEF7BBBFF112}.Release|Any CPU.Build.0 = Release|Any CPU
		{056DEA9D-6D51-448A-9A7B-875EC8604570}.Debug|Any CPU.ActiveCfg = Debug|Any CPU
		{056DEA9D-6D51-448A-9A7B-875EC8604570}.Debug|Any CPU.Build.0 = Debug|Any CPU
		{056DEA9D-6D51-448A-9A7B-875EC8604570}.Release|Any CPU.ActiveCfg = Release|Any CPU
		{056DEA9D-6D51-448A-9A7B-875EC8604570}.Release|Any CPU.Build.0 = Release|Any CPU
		{FE1F8A0C-9FDE-4973-A202-4AC6274913E3}.Debug|Any CPU.ActiveCfg = Debug|Any CPU
		{FE1F8A0C-9FDE-4973-A202-4AC6274913E3}.Debug|Any CPU.Build.0 = Debug|Any CPU
		{FE1F8A0C-9FDE-4973-A202-4AC6274913E3}.Release|Any CPU.ActiveCfg = Release|Any CPU
		{FE1F8A0C-9FDE-4973-A202-4AC6274913E3}.Release|Any CPU.Build.0 = Release|Any CPU
		{EFDB41B5-104C-46A5-960D-3D1A9C7BA6AE}.Debug|Any CPU.ActiveCfg = Debug|Any CPU
		{EFDB41B5-104C-46A5-960D-3D1A9C7BA6AE}.Debug|Any CPU.Build.0 = Debug|Any CPU
		{EFDB41B5-104C-46A5-960D-3D1A9C7BA6AE}.Release|Any CPU.ActiveCfg = Release|Any CPU
		{EFDB41B5-104C-46A5-960D-3D1A9C7BA6AE}.Release|Any CPU.Build.0 = Release|Any CPU
		{688FDCEB-4DFA-477C-A412-253DA7B777F7}.Debug|Any CPU.ActiveCfg = Debug|Any CPU
		{688FDCEB-4DFA-477C-A412-253DA7B777F7}.Debug|Any CPU.Build.0 = Debug|Any CPU
		{688FDCEB-4DFA-477C-A412-253DA7B777F7}.Release|Any CPU.ActiveCfg = Release|Any CPU
		{688FDCEB-4DFA-477C-A412-253DA7B777F7}.Release|Any CPU.Build.0 = Release|Any CPU
	EndGlobalSection
	GlobalSection(SolutionProperties) = preSolution
		HideSolutionNode = FALSE
	EndGlobalSection
	GlobalSection(ExtensibilityGlobals) = postSolution
		SolutionGuid = {58C72165-89E8-4AED-9C8A-912468B42D29}
	EndGlobalSection
EndGlobal
