
Microsoft Visual Studio Solution File, Format Version 12.00
# Visual Studio Version 17
VisualStudioVersion = 17.0.32112.339
MinimumVisualStudioVersion = 10.0.40219.1
Project("{FAE04EC0-301F-11D3-BF4B-00C04F79EFBC}") = "01-Library", "01-Library\01-Library.csproj", "{8C7E1474-6623-48DB-87FB-825370EC02EE}"
EndProject
Project("{FAE04EC0-301F-11D3-BF4B-00C04F79EFBC}") = "02-Library-Iterator", "02-Library-Iterator\02-Library-Iterator.csproj", "{32D92109-1E58-487C-8C50-7F5B4986C086}"
EndProject
Project("{FAE04EC0-301F-11D3-BF4B-00C04F79EFBC}") = "03-Comparable-Book", "03-Comparable-Book\03-Comparable-Book.csproj", "{39AD9E32-66E0-4540-B7F5-2B624C7A2170}"
EndProject
Project("{FAE04EC0-301F-11D3-BF4B-00C04F79EFBC}") = "04-Book-Comparator", "04-Book-Comparator\04-Book-Comparator.csproj", "{5F0289F9-F33B-4117-847D-942F660280C6}"
EndProject
Global
	GlobalSection(SolutionConfigurationPlatforms) = preSolution
		Debug|Any CPU = Debug|Any CPU
		Release|Any CPU = Release|Any CPU
	EndGlobalSection
	GlobalSection(ProjectConfigurationPlatforms) = postSolution
		{8C7E1474-6623-48DB-87FB-825370EC02EE}.Debug|Any CPU.ActiveCfg = Debug|Any CPU
		{8C7E1474-6623-48DB-87FB-825370EC02EE}.Debug|Any CPU.Build.0 = Debug|Any CPU
		{8C7E1474-6623-48DB-87FB-825370EC02EE}.Release|Any CPU.ActiveCfg = Release|Any CPU
		{8C7E1474-6623-48DB-87FB-825370EC02EE}.Release|Any CPU.Build.0 = Release|Any CPU
		{32D92109-1E58-487C-8C50-7F5B4986C086}.Debug|Any CPU.ActiveCfg = Debug|Any CPU
		{32D92109-1E58-487C-8C50-7F5B4986C086}.Debug|Any CPU.Build.0 = Debug|Any CPU
		{32D92109-1E58-487C-8C50-7F5B4986C086}.Release|Any CPU.ActiveCfg = Release|Any CPU
		{32D92109-1E58-487C-8C50-7F5B4986C086}.Release|Any CPU.Build.0 = Release|Any CPU
		{39AD9E32-66E0-4540-B7F5-2B624C7A2170}.Debug|Any CPU.ActiveCfg = Debug|Any CPU
		{39AD9E32-66E0-4540-B7F5-2B624C7A2170}.Debug|Any CPU.Build.0 = Debug|Any CPU
		{39AD9E32-66E0-4540-B7F5-2B624C7A2170}.Release|Any CPU.ActiveCfg = Release|Any CPU
		{39AD9E32-66E0-4540-B7F5-2B624C7A2170}.Release|Any CPU.Build.0 = Release|Any CPU
		{5F0289F9-F33B-4117-847D-942F660280C6}.Debug|Any CPU.ActiveCfg = Debug|Any CPU
		{5F0289F9-F33B-4117-847D-942F660280C6}.Debug|Any CPU.Build.0 = Debug|Any CPU
		{5F0289F9-F33B-4117-847D-942F660280C6}.Release|Any CPU.ActiveCfg = Release|Any CPU
		{5F0289F9-F33B-4117-847D-942F660280C6}.Release|Any CPU.Build.0 = Release|Any CPU
	EndGlobalSection
	GlobalSection(SolutionProperties) = preSolution
		HideSolutionNode = FALSE
	EndGlobalSection
	GlobalSection(ExtensibilityGlobals) = postSolution
		SolutionGuid = {CDFF6835-CDE7-472B-A593-40CB737559E6}
	EndGlobalSection
EndGlobal
