
Microsoft Visual Studio Solution File, Format Version 12.00
# Visual Studio 15
VisualStudioVersion = 15.0.27004.2002
MinimumVisualStudioVersion = 10.0.40219.1
Project("{9A19103F-16F7-4668-BE54-9A1E7A4F7556}") = "P01_Day_of_Week", "P01_Day_of_Week\P01_Day_of_Week.csproj", "{6AFCA236-1D8B-4879-916B-20252CAD5CA5}"
EndProject
Project("{9A19103F-16F7-4668-BE54-9A1E7A4F7556}") = "P02_Randomize_Words", "P02_Randomize_Words\P02_Randomize_Words.csproj", "{64BAC087-5106-45E1-B150-EDF1EE819539}"
EndProject
Project("{9A19103F-16F7-4668-BE54-9A1E7A4F7556}") = "P03_Big_Factorial", "P03_Big_Factorial\P03_Big_Factorial.csproj", "{CC4E37B1-FEF7-482D-8D55-F1E1058E550A}"
EndProject
Project("{FAE04EC0-301F-11D3-BF4B-00C04F79EFBC}") = "P04_Distance_Between_Points", "P04_Distance_Between_Points\P04_Distance_Between_Points.csproj", "{FE3CB614-BD70-40A7-8493-23F71E9BD89D}"
EndProject
Project("{FAE04EC0-301F-11D3-BF4B-00C04F79EFBC}") = "P05_Closest_Two_Points", "P05_Closest_Two_Points\P05_Closest_Two_Points.csproj", "{C8AB2300-BCF1-4A05-AE04-368FD5051538}"
EndProject
Project("{FAE04EC0-301F-11D3-BF4B-00C04F79EFBC}") = "P06_Rectangle_Position", "P06_Rectangle_Position\P06_Rectangle_Position.csproj", "{3B25F9AD-DC8E-426E-9994-C3E1BDF25DF1}"
EndProject
Project("{FAE04EC0-301F-11D3-BF4B-00C04F79EFBC}") = "P07_Sales_Report", "P07_Sales_Report\P07_Sales_Report.csproj", "{0EF48996-5017-4A83-BE88-9358868F8384}"
EndProject
Global
	GlobalSection(SolutionConfigurationPlatforms) = preSolution
		Debug|Any CPU = Debug|Any CPU
		Release|Any CPU = Release|Any CPU
	EndGlobalSection
	GlobalSection(ProjectConfigurationPlatforms) = postSolution
		{6AFCA236-1D8B-4879-916B-20252CAD5CA5}.Debug|Any CPU.ActiveCfg = Debug|Any CPU
		{6AFCA236-1D8B-4879-916B-20252CAD5CA5}.Debug|Any CPU.Build.0 = Debug|Any CPU
		{6AFCA236-1D8B-4879-916B-20252CAD5CA5}.Release|Any CPU.ActiveCfg = Release|Any CPU
		{6AFCA236-1D8B-4879-916B-20252CAD5CA5}.Release|Any CPU.Build.0 = Release|Any CPU
		{64BAC087-5106-45E1-B150-EDF1EE819539}.Debug|Any CPU.ActiveCfg = Debug|Any CPU
		{64BAC087-5106-45E1-B150-EDF1EE819539}.Debug|Any CPU.Build.0 = Debug|Any CPU
		{64BAC087-5106-45E1-B150-EDF1EE819539}.Release|Any CPU.ActiveCfg = Release|Any CPU
		{64BAC087-5106-45E1-B150-EDF1EE819539}.Release|Any CPU.Build.0 = Release|Any CPU
		{CC4E37B1-FEF7-482D-8D55-F1E1058E550A}.Debug|Any CPU.ActiveCfg = Debug|Any CPU
		{CC4E37B1-FEF7-482D-8D55-F1E1058E550A}.Debug|Any CPU.Build.0 = Debug|Any CPU
		{CC4E37B1-FEF7-482D-8D55-F1E1058E550A}.Release|Any CPU.ActiveCfg = Release|Any CPU
		{CC4E37B1-FEF7-482D-8D55-F1E1058E550A}.Release|Any CPU.Build.0 = Release|Any CPU
		{FE3CB614-BD70-40A7-8493-23F71E9BD89D}.Debug|Any CPU.ActiveCfg = Debug|Any CPU
		{FE3CB614-BD70-40A7-8493-23F71E9BD89D}.Debug|Any CPU.Build.0 = Debug|Any CPU
		{FE3CB614-BD70-40A7-8493-23F71E9BD89D}.Release|Any CPU.ActiveCfg = Release|Any CPU
		{FE3CB614-BD70-40A7-8493-23F71E9BD89D}.Release|Any CPU.Build.0 = Release|Any CPU
		{C8AB2300-BCF1-4A05-AE04-368FD5051538}.Debug|Any CPU.ActiveCfg = Debug|Any CPU
		{C8AB2300-BCF1-4A05-AE04-368FD5051538}.Debug|Any CPU.Build.0 = Debug|Any CPU
		{C8AB2300-BCF1-4A05-AE04-368FD5051538}.Release|Any CPU.ActiveCfg = Release|Any CPU
		{C8AB2300-BCF1-4A05-AE04-368FD5051538}.Release|Any CPU.Build.0 = Release|Any CPU
		{3B25F9AD-DC8E-426E-9994-C3E1BDF25DF1}.Debug|Any CPU.ActiveCfg = Debug|Any CPU
		{3B25F9AD-DC8E-426E-9994-C3E1BDF25DF1}.Debug|Any CPU.Build.0 = Debug|Any CPU
		{3B25F9AD-DC8E-426E-9994-C3E1BDF25DF1}.Release|Any CPU.ActiveCfg = Release|Any CPU
		{3B25F9AD-DC8E-426E-9994-C3E1BDF25DF1}.Release|Any CPU.Build.0 = Release|Any CPU
		{0EF48996-5017-4A83-BE88-9358868F8384}.Debug|Any CPU.ActiveCfg = Debug|Any CPU
		{0EF48996-5017-4A83-BE88-9358868F8384}.Debug|Any CPU.Build.0 = Debug|Any CPU
		{0EF48996-5017-4A83-BE88-9358868F8384}.Release|Any CPU.ActiveCfg = Release|Any CPU
		{0EF48996-5017-4A83-BE88-9358868F8384}.Release|Any CPU.Build.0 = Release|Any CPU
	EndGlobalSection
	GlobalSection(SolutionProperties) = preSolution
		HideSolutionNode = FALSE
	EndGlobalSection
	GlobalSection(ExtensibilityGlobals) = postSolution
		SolutionGuid = {24433413-2C75-418B-83A9-48A004319E6A}
	EndGlobalSection
EndGlobal
