
Microsoft Visual Studio Solution File, Format Version 12.00
# Visual Studio 15
VisualStudioVersion = 15.0.27130.2036
MinimumVisualStudioVersion = 10.0.40219.1
Project("{9A19103F-16F7-4668-BE54-9A1E7A4F7556}") = "P01_Poke_Mon", "P01_Poke_Mon\P01_Poke_Mon.csproj", "{FE9C8ACE-4B5E-4653-9CB3-831892929705}"
EndProject
Project("{9A19103F-16F7-4668-BE54-9A1E7A4F7556}") = "P02_Pokemon_Dont_Go", "P02_Pokemon_Dont_Go\P02_Pokemon_Dont_Go.csproj", "{19CFB098-9AD0-499F-A4F8-E5B394CBD13B}"
EndProject
Project("{9A19103F-16F7-4668-BE54-9A1E7A4F7556}") = "P03_Regexmon", "P03_Regexmon\P03_Regexmon.csproj", "{EC3E9169-426C-4432-A687-29C123655C35}"
EndProject
Project("{9A19103F-16F7-4668-BE54-9A1E7A4F7556}") = "P04_Pokemon_Evolution", "P04_Pokemon_Evolution\P04_Pokemon_Evolution.csproj", "{63A822F1-1C70-492E-83BA-F590D030B9B2}"
EndProject
Global
	GlobalSection(SolutionConfigurationPlatforms) = preSolution
		Debug|Any CPU = Debug|Any CPU
		Release|Any CPU = Release|Any CPU
	EndGlobalSection
	GlobalSection(ProjectConfigurationPlatforms) = postSolution
		{FE9C8ACE-4B5E-4653-9CB3-831892929705}.Debug|Any CPU.ActiveCfg = Debug|Any CPU
		{FE9C8ACE-4B5E-4653-9CB3-831892929705}.Debug|Any CPU.Build.0 = Debug|Any CPU
		{FE9C8ACE-4B5E-4653-9CB3-831892929705}.Release|Any CPU.ActiveCfg = Release|Any CPU
		{FE9C8ACE-4B5E-4653-9CB3-831892929705}.Release|Any CPU.Build.0 = Release|Any CPU
		{19CFB098-9AD0-499F-A4F8-E5B394CBD13B}.Debug|Any CPU.ActiveCfg = Debug|Any CPU
		{19CFB098-9AD0-499F-A4F8-E5B394CBD13B}.Debug|Any CPU.Build.0 = Debug|Any CPU
		{19CFB098-9AD0-499F-A4F8-E5B394CBD13B}.Release|Any CPU.ActiveCfg = Release|Any CPU
		{19CFB098-9AD0-499F-A4F8-E5B394CBD13B}.Release|Any CPU.Build.0 = Release|Any CPU
		{EC3E9169-426C-4432-A687-29C123655C35}.Debug|Any CPU.ActiveCfg = Debug|Any CPU
		{EC3E9169-426C-4432-A687-29C123655C35}.Debug|Any CPU.Build.0 = Debug|Any CPU
		{EC3E9169-426C-4432-A687-29C123655C35}.Release|Any CPU.ActiveCfg = Release|Any CPU
		{EC3E9169-426C-4432-A687-29C123655C35}.Release|Any CPU.Build.0 = Release|Any CPU
		{63A822F1-1C70-492E-83BA-F590D030B9B2}.Debug|Any CPU.ActiveCfg = Debug|Any CPU
		{63A822F1-1C70-492E-83BA-F590D030B9B2}.Debug|Any CPU.Build.0 = Debug|Any CPU
		{63A822F1-1C70-492E-83BA-F590D030B9B2}.Release|Any CPU.ActiveCfg = Release|Any CPU
		{63A822F1-1C70-492E-83BA-F590D030B9B2}.Release|Any CPU.Build.0 = Release|Any CPU
	EndGlobalSection
	GlobalSection(SolutionProperties) = preSolution
		HideSolutionNode = FALSE
	EndGlobalSection
	GlobalSection(ExtensibilityGlobals) = postSolution
		SolutionGuid = {554D66B7-2369-4060-B538-671F416C1D3B}
	EndGlobalSection
EndGlobal
