
Microsoft Visual Studio Solution File, Format Version 12.00
# Visual Studio 15
VisualStudioVersion = 15.0.27004.2002
MinimumVisualStudioVersion = 10.0.40219.1
Project("{FAE04EC0-301F-11D3-BF4B-00C04F79EFBC}") = "P01_Type_Boundaries", "P01_Type_Boundaries\P01_Type_Boundaries.csproj", "{77E87DA8-BB93-4073-9FB5-CFFC2E0536C2}"
EndProject
Project("{FAE04EC0-301F-11D3-BF4B-00C04F79EFBC}") = "P02_Number_Checker", "P02_Number_Checker\P02_Number_Checker.csproj", "{BB25BE69-DBD9-4654-A8EA-2B3F984C4EB8}"
EndProject
Project("{FAE04EC0-301F-11D3-BF4B-00C04F79EFBC}") = "P03_Water_Overflow", "P03_Water_Overflow\P03_Water_Overflow.csproj", "{F10313D7-F56A-4676-B819-71663A6C40EF}"
EndProject
Project("{FAE04EC0-301F-11D3-BF4B-00C04F79EFBC}") = "P04_Tourist_Information", "P04_Tourist_Information\P04_Tourist_Information.csproj", "{082AD398-8022-4572-B5A5-B17FB7AE16A8}"
EndProject
Project("{FAE04EC0-301F-11D3-BF4B-00C04F79EFBC}") = "P05_Weather_Forecast", "P05_Weather_Forecast\P05_Weather_Forecast.csproj", "{B097AD06-C764-41D7-9398-1D63E614E7D8}"
EndProject
Project("{FAE04EC0-301F-11D3-BF4B-00C04F79EFBC}") = "P06_Catch_the_Thief", "P06_Catch_the_Thief\P06_Catch_the_Thief.csproj", "{B881BBB4-7831-4D6B-A7B5-7D3ED7264F3D}"
EndProject
Project("{FAE04EC0-301F-11D3-BF4B-00C04F79EFBC}") = "P07_Sentence_the_Thief", "P07_Sentence_the_Thief\P07_Sentence_the_Thief.csproj", "{AEF5D569-CCDF-438A-9234-B517E37117E5}"
EndProject
Project("{FAE04EC0-301F-11D3-BF4B-00C04F79EFBC}") = "P08_House_Builder", "P08_House_Builder\P08_House_Builder.csproj", "{695C9551-9F97-4A78-9B71-89EBC35E5B58}"
EndProject
Project("{FAE04EC0-301F-11D3-BF4B-00C04F79EFBC}") = "P09_Make_a_Word", "P09_Make_a_Word\P09_Make_a_Word.csproj", "{9C567324-5DA3-435A-85FA-A3862C077F02}"
EndProject
Project("{FAE04EC0-301F-11D3-BF4B-00C04F79EFBC}") = "P10_Sum_of_Chars", "P10_Sum_of_Chars\P10_Sum_of_Chars.csproj", "{409F2FE9-8A78-4414-AA16-C830BD63889C}"
EndProject
Project("{FAE04EC0-301F-11D3-BF4B-00C04F79EFBC}") = "P11_String_Concatenation", "P11_String_Concatenation\P11_String_Concatenation.csproj", "{4B05D6CA-4B7F-44C8-933D-6887E2FAB20F}"
EndProject
Project("{FAE04EC0-301F-11D3-BF4B-00C04F79EFBC}") = "P12_Beer_Kegs", "P012_Beer_Kegs\P12_Beer_Kegs.csproj", "{21C60E10-2370-4FFC-89C3-966E38F60A48}"
EndProject
Project("{FAE04EC0-301F-11D3-BF4B-00C04F79EFBC}") = "P13_Decrypting_Messages", "P13_Decrypting_Messages\P13_Decrypting_Messages.csproj", "{5F79CDBC-B839-4655-B181-B1BCF7E94271}"
EndProject
Project("{FAE04EC0-301F-11D3-BF4B-00C04F79EFBC}") = "P14_Boat_Simulator", "P14_Boat_Simulator\P14_Boat_Simulator.csproj", "{B47C52A2-2089-40EC-BAD7-917529D7F19C}"
EndProject
Project("{FAE04EC0-301F-11D3-BF4B-00C04F79EFBC}") = "P15_Balanced_Brackets", "P15_Balanced_Brackets\P15_Balanced_Brackets.csproj", "{C024AE32-ECCD-49CC-BD3C-4CEDDEDA086A}"
EndProject
Global
	GlobalSection(SolutionConfigurationPlatforms) = preSolution
		Debug|Any CPU = Debug|Any CPU
		Release|Any CPU = Release|Any CPU
	EndGlobalSection
	GlobalSection(ProjectConfigurationPlatforms) = postSolution
		{77E87DA8-BB93-4073-9FB5-CFFC2E0536C2}.Debug|Any CPU.ActiveCfg = Debug|Any CPU
		{77E87DA8-BB93-4073-9FB5-CFFC2E0536C2}.Debug|Any CPU.Build.0 = Debug|Any CPU
		{77E87DA8-BB93-4073-9FB5-CFFC2E0536C2}.Release|Any CPU.ActiveCfg = Release|Any CPU
		{77E87DA8-BB93-4073-9FB5-CFFC2E0536C2}.Release|Any CPU.Build.0 = Release|Any CPU
		{BB25BE69-DBD9-4654-A8EA-2B3F984C4EB8}.Debug|Any CPU.ActiveCfg = Debug|Any CPU
		{BB25BE69-DBD9-4654-A8EA-2B3F984C4EB8}.Debug|Any CPU.Build.0 = Debug|Any CPU
		{BB25BE69-DBD9-4654-A8EA-2B3F984C4EB8}.Release|Any CPU.ActiveCfg = Release|Any CPU
		{BB25BE69-DBD9-4654-A8EA-2B3F984C4EB8}.Release|Any CPU.Build.0 = Release|Any CPU
		{F10313D7-F56A-4676-B819-71663A6C40EF}.Debug|Any CPU.ActiveCfg = Debug|Any CPU
		{F10313D7-F56A-4676-B819-71663A6C40EF}.Debug|Any CPU.Build.0 = Debug|Any CPU
		{F10313D7-F56A-4676-B819-71663A6C40EF}.Release|Any CPU.ActiveCfg = Release|Any CPU
		{F10313D7-F56A-4676-B819-71663A6C40EF}.Release|Any CPU.Build.0 = Release|Any CPU
		{082AD398-8022-4572-B5A5-B17FB7AE16A8}.Debug|Any CPU.ActiveCfg = Debug|Any CPU
		{082AD398-8022-4572-B5A5-B17FB7AE16A8}.Debug|Any CPU.Build.0 = Debug|Any CPU
		{082AD398-8022-4572-B5A5-B17FB7AE16A8}.Release|Any CPU.ActiveCfg = Release|Any CPU
		{082AD398-8022-4572-B5A5-B17FB7AE16A8}.Release|Any CPU.Build.0 = Release|Any CPU
		{B097AD06-C764-41D7-9398-1D63E614E7D8}.Debug|Any CPU.ActiveCfg = Debug|Any CPU
		{B097AD06-C764-41D7-9398-1D63E614E7D8}.Debug|Any CPU.Build.0 = Debug|Any CPU
		{B097AD06-C764-41D7-9398-1D63E614E7D8}.Release|Any CPU.ActiveCfg = Release|Any CPU
		{B097AD06-C764-41D7-9398-1D63E614E7D8}.Release|Any CPU.Build.0 = Release|Any CPU
		{B881BBB4-7831-4D6B-A7B5-7D3ED7264F3D}.Debug|Any CPU.ActiveCfg = Debug|Any CPU
		{B881BBB4-7831-4D6B-A7B5-7D3ED7264F3D}.Debug|Any CPU.Build.0 = Debug|Any CPU
		{B881BBB4-7831-4D6B-A7B5-7D3ED7264F3D}.Release|Any CPU.ActiveCfg = Release|Any CPU
		{B881BBB4-7831-4D6B-A7B5-7D3ED7264F3D}.Release|Any CPU.Build.0 = Release|Any CPU
		{AEF5D569-CCDF-438A-9234-B517E37117E5}.Debug|Any CPU.ActiveCfg = Debug|Any CPU
		{AEF5D569-CCDF-438A-9234-B517E37117E5}.Debug|Any CPU.Build.0 = Debug|Any CPU
		{AEF5D569-CCDF-438A-9234-B517E37117E5}.Release|Any CPU.ActiveCfg = Release|Any CPU
		{AEF5D569-CCDF-438A-9234-B517E37117E5}.Release|Any CPU.Build.0 = Release|Any CPU
		{695C9551-9F97-4A78-9B71-89EBC35E5B58}.Debug|Any CPU.ActiveCfg = Debug|Any CPU
		{695C9551-9F97-4A78-9B71-89EBC35E5B58}.Debug|Any CPU.Build.0 = Debug|Any CPU
		{695C9551-9F97-4A78-9B71-89EBC35E5B58}.Release|Any CPU.ActiveCfg = Release|Any CPU
		{695C9551-9F97-4A78-9B71-89EBC35E5B58}.Release|Any CPU.Build.0 = Release|Any CPU
		{9C567324-5DA3-435A-85FA-A3862C077F02}.Debug|Any CPU.ActiveCfg = Debug|Any CPU
		{9C567324-5DA3-435A-85FA-A3862C077F02}.Debug|Any CPU.Build.0 = Debug|Any CPU
		{9C567324-5DA3-435A-85FA-A3862C077F02}.Release|Any CPU.ActiveCfg = Release|Any CPU
		{9C567324-5DA3-435A-85FA-A3862C077F02}.Release|Any CPU.Build.0 = Release|Any CPU
		{409F2FE9-8A78-4414-AA16-C830BD63889C}.Debug|Any CPU.ActiveCfg = Debug|Any CPU
		{409F2FE9-8A78-4414-AA16-C830BD63889C}.Debug|Any CPU.Build.0 = Debug|Any CPU
		{409F2FE9-8A78-4414-AA16-C830BD63889C}.Release|Any CPU.ActiveCfg = Release|Any CPU
		{409F2FE9-8A78-4414-AA16-C830BD63889C}.Release|Any CPU.Build.0 = Release|Any CPU
		{4B05D6CA-4B7F-44C8-933D-6887E2FAB20F}.Debug|Any CPU.ActiveCfg = Debug|Any CPU
		{4B05D6CA-4B7F-44C8-933D-6887E2FAB20F}.Debug|Any CPU.Build.0 = Debug|Any CPU
		{4B05D6CA-4B7F-44C8-933D-6887E2FAB20F}.Release|Any CPU.ActiveCfg = Release|Any CPU
		{4B05D6CA-4B7F-44C8-933D-6887E2FAB20F}.Release|Any CPU.Build.0 = Release|Any CPU
		{21C60E10-2370-4FFC-89C3-966E38F60A48}.Debug|Any CPU.ActiveCfg = Debug|Any CPU
		{21C60E10-2370-4FFC-89C3-966E38F60A48}.Debug|Any CPU.Build.0 = Debug|Any CPU
		{21C60E10-2370-4FFC-89C3-966E38F60A48}.Release|Any CPU.ActiveCfg = Release|Any CPU
		{21C60E10-2370-4FFC-89C3-966E38F60A48}.Release|Any CPU.Build.0 = Release|Any CPU
		{5F79CDBC-B839-4655-B181-B1BCF7E94271}.Debug|Any CPU.ActiveCfg = Debug|Any CPU
		{5F79CDBC-B839-4655-B181-B1BCF7E94271}.Debug|Any CPU.Build.0 = Debug|Any CPU
		{5F79CDBC-B839-4655-B181-B1BCF7E94271}.Release|Any CPU.ActiveCfg = Release|Any CPU
		{5F79CDBC-B839-4655-B181-B1BCF7E94271}.Release|Any CPU.Build.0 = Release|Any CPU
		{B47C52A2-2089-40EC-BAD7-917529D7F19C}.Debug|Any CPU.ActiveCfg = Debug|Any CPU
		{B47C52A2-2089-40EC-BAD7-917529D7F19C}.Debug|Any CPU.Build.0 = Debug|Any CPU
		{B47C52A2-2089-40EC-BAD7-917529D7F19C}.Release|Any CPU.ActiveCfg = Release|Any CPU
		{B47C52A2-2089-40EC-BAD7-917529D7F19C}.Release|Any CPU.Build.0 = Release|Any CPU
		{C024AE32-ECCD-49CC-BD3C-4CEDDEDA086A}.Debug|Any CPU.ActiveCfg = Debug|Any CPU
		{C024AE32-ECCD-49CC-BD3C-4CEDDEDA086A}.Debug|Any CPU.Build.0 = Debug|Any CPU
		{C024AE32-ECCD-49CC-BD3C-4CEDDEDA086A}.Release|Any CPU.ActiveCfg = Release|Any CPU
		{C024AE32-ECCD-49CC-BD3C-4CEDDEDA086A}.Release|Any CPU.Build.0 = Release|Any CPU
	EndGlobalSection
	GlobalSection(SolutionProperties) = preSolution
		HideSolutionNode = FALSE
	EndGlobalSection
	GlobalSection(ExtensibilityGlobals) = postSolution
		SolutionGuid = {7047E592-BDC3-47D0-97C3-7DA427637382}
	EndGlobalSection
EndGlobal
