
Microsoft Visual Studio Solution File, Format Version 12.00
# Visual Studio 15
VisualStudioVersion = 15.0.27004.2002
MinimumVisualStudioVersion = 10.0.40219.1
Project("{9A19103F-16F7-4668-BE54-9A1E7A4F7556}") = "P01_Largest_Common_End", "P01_Largest_Common_End\P01_Largest_Common_End.csproj", "{378EB52E-1E72-4ACD-B314-01D7C7F7CEA3}"
EndProject
Project("{9A19103F-16F7-4668-BE54-9A1E7A4F7556}") = "P02_Rotate_and_Sum", "P02_Rotate_and_Sum\P02_Rotate_and_Sum.csproj", "{B1348463-8B0B-42F6-B8F9-EE7314BE470C}"
EndProject
Project("{9A19103F-16F7-4668-BE54-9A1E7A4F7556}") = "P03_Fold_and_Sum", "P03_Fold_and_Sum\P03_Fold_and_Sum.csproj", "{3572AEDC-BCDF-40F1-9C03-0FA074F33BC1}"
EndProject
Project("{9A19103F-16F7-4668-BE54-9A1E7A4F7556}") = "P04_Sieve_of_Eratosthenes", "P04_Sieve_of_Eratosthenes\P04_Sieve_of_Eratosthenes.csproj", "{A37D8C86-E65F-470B-AE3B-18FF36143E4A}"
EndProject
Project("{FAE04EC0-301F-11D3-BF4B-00C04F79EFBC}") = "P05_Compare_Char_Arrays", "P05_Compare_Char_Arrays\P05_Compare_Char_Arrays.csproj", "{1C7E52CE-F772-440B-836E-0283550F66F3}"
EndProject
Project("{FAE04EC0-301F-11D3-BF4B-00C04F79EFBC}") = "P06_Max_Sequence_of_Equal_Elements", "P06_Max_Sequence_of_Equal_Elements\P06_Max_Sequence_of_Equal_Elements.csproj", "{2156347B-88A8-46B5-95FF-5D461538E93A}"
EndProject
Project("{FAE04EC0-301F-11D3-BF4B-00C04F79EFBC}") = "P07_Max_Sequence_of_Increasing_Elements", "P07_Max_Sequence_of_Increasing_Elements\P07_Max_Sequence_of_Increasing_Elements.csproj", "{4B35DC9F-CDDF-40DD-ADBE-23DFA1A9F4B1}"
EndProject
Project("{FAE04EC0-301F-11D3-BF4B-00C04F79EFBC}") = "P08_Most_Frequent_Number", "P08_Most_Frequent_Number\P08_Most_Frequent_Number.csproj", "{08F0AB50-9625-495E-AA1B-D634380B1502}"
EndProject
Project("{FAE04EC0-301F-11D3-BF4B-00C04F79EFBC}") = "P09_Index_of_Letters", "P09_Index_of_Letters\P09_Index_of_Letters.csproj", "{4AD17136-CCA1-453E-A45C-B22555AB4E60}"
EndProject
Project("{FAE04EC0-301F-11D3-BF4B-00C04F79EFBC}") = "P10_Pairs_by_Difference", "P10_Pairs_by_Difference\P10_Pairs_by_Difference.csproj", "{DDF74E16-DE3E-4A6E-9097-83C258AF917B}"
EndProject
Project("{FAE04EC0-301F-11D3-BF4B-00C04F79EFBC}") = "P11_Equal_Sums", "P11_Equal_Sums\P11_Equal_Sums.csproj", "{8AD4921E-9819-482F-AE75-CF8A17547D50}"
EndProject
Global
	GlobalSection(SolutionConfigurationPlatforms) = preSolution
		Debug|Any CPU = Debug|Any CPU
		Release|Any CPU = Release|Any CPU
	EndGlobalSection
	GlobalSection(ProjectConfigurationPlatforms) = postSolution
		{378EB52E-1E72-4ACD-B314-01D7C7F7CEA3}.Debug|Any CPU.ActiveCfg = Debug|Any CPU
		{378EB52E-1E72-4ACD-B314-01D7C7F7CEA3}.Debug|Any CPU.Build.0 = Debug|Any CPU
		{378EB52E-1E72-4ACD-B314-01D7C7F7CEA3}.Release|Any CPU.ActiveCfg = Release|Any CPU
		{378EB52E-1E72-4ACD-B314-01D7C7F7CEA3}.Release|Any CPU.Build.0 = Release|Any CPU
		{B1348463-8B0B-42F6-B8F9-EE7314BE470C}.Debug|Any CPU.ActiveCfg = Debug|Any CPU
		{B1348463-8B0B-42F6-B8F9-EE7314BE470C}.Debug|Any CPU.Build.0 = Debug|Any CPU
		{B1348463-8B0B-42F6-B8F9-EE7314BE470C}.Release|Any CPU.ActiveCfg = Release|Any CPU
		{B1348463-8B0B-42F6-B8F9-EE7314BE470C}.Release|Any CPU.Build.0 = Release|Any CPU
		{3572AEDC-BCDF-40F1-9C03-0FA074F33BC1}.Debug|Any CPU.ActiveCfg = Debug|Any CPU
		{3572AEDC-BCDF-40F1-9C03-0FA074F33BC1}.Debug|Any CPU.Build.0 = Debug|Any CPU
		{3572AEDC-BCDF-40F1-9C03-0FA074F33BC1}.Release|Any CPU.ActiveCfg = Release|Any CPU
		{3572AEDC-BCDF-40F1-9C03-0FA074F33BC1}.Release|Any CPU.Build.0 = Release|Any CPU
		{A37D8C86-E65F-470B-AE3B-18FF36143E4A}.Debug|Any CPU.ActiveCfg = Debug|Any CPU
		{A37D8C86-E65F-470B-AE3B-18FF36143E4A}.Debug|Any CPU.Build.0 = Debug|Any CPU
		{A37D8C86-E65F-470B-AE3B-18FF36143E4A}.Release|Any CPU.ActiveCfg = Release|Any CPU
		{A37D8C86-E65F-470B-AE3B-18FF36143E4A}.Release|Any CPU.Build.0 = Release|Any CPU
		{1C7E52CE-F772-440B-836E-0283550F66F3}.Debug|Any CPU.ActiveCfg = Debug|Any CPU
		{1C7E52CE-F772-440B-836E-0283550F66F3}.Debug|Any CPU.Build.0 = Debug|Any CPU
		{1C7E52CE-F772-440B-836E-0283550F66F3}.Release|Any CPU.ActiveCfg = Release|Any CPU
		{1C7E52CE-F772-440B-836E-0283550F66F3}.Release|Any CPU.Build.0 = Release|Any CPU
		{2156347B-88A8-46B5-95FF-5D461538E93A}.Debug|Any CPU.ActiveCfg = Debug|Any CPU
		{2156347B-88A8-46B5-95FF-5D461538E93A}.Debug|Any CPU.Build.0 = Debug|Any CPU
		{2156347B-88A8-46B5-95FF-5D461538E93A}.Release|Any CPU.ActiveCfg = Release|Any CPU
		{2156347B-88A8-46B5-95FF-5D461538E93A}.Release|Any CPU.Build.0 = Release|Any CPU
		{4B35DC9F-CDDF-40DD-ADBE-23DFA1A9F4B1}.Debug|Any CPU.ActiveCfg = Debug|Any CPU
		{4B35DC9F-CDDF-40DD-ADBE-23DFA1A9F4B1}.Debug|Any CPU.Build.0 = Debug|Any CPU
		{4B35DC9F-CDDF-40DD-ADBE-23DFA1A9F4B1}.Release|Any CPU.ActiveCfg = Release|Any CPU
		{4B35DC9F-CDDF-40DD-ADBE-23DFA1A9F4B1}.Release|Any CPU.Build.0 = Release|Any CPU
		{08F0AB50-9625-495E-AA1B-D634380B1502}.Debug|Any CPU.ActiveCfg = Debug|Any CPU
		{08F0AB50-9625-495E-AA1B-D634380B1502}.Debug|Any CPU.Build.0 = Debug|Any CPU
		{08F0AB50-9625-495E-AA1B-D634380B1502}.Release|Any CPU.ActiveCfg = Release|Any CPU
		{08F0AB50-9625-495E-AA1B-D634380B1502}.Release|Any CPU.Build.0 = Release|Any CPU
		{4AD17136-CCA1-453E-A45C-B22555AB4E60}.Debug|Any CPU.ActiveCfg = Debug|Any CPU
		{4AD17136-CCA1-453E-A45C-B22555AB4E60}.Debug|Any CPU.Build.0 = Debug|Any CPU
		{4AD17136-CCA1-453E-A45C-B22555AB4E60}.Release|Any CPU.ActiveCfg = Release|Any CPU
		{4AD17136-CCA1-453E-A45C-B22555AB4E60}.Release|Any CPU.Build.0 = Release|Any CPU
		{DDF74E16-DE3E-4A6E-9097-83C258AF917B}.Debug|Any CPU.ActiveCfg = Debug|Any CPU
		{DDF74E16-DE3E-4A6E-9097-83C258AF917B}.Debug|Any CPU.Build.0 = Debug|Any CPU
		{DDF74E16-DE3E-4A6E-9097-83C258AF917B}.Release|Any CPU.ActiveCfg = Release|Any CPU
		{DDF74E16-DE3E-4A6E-9097-83C258AF917B}.Release|Any CPU.Build.0 = Release|Any CPU
		{8AD4921E-9819-482F-AE75-CF8A17547D50}.Debug|Any CPU.ActiveCfg = Debug|Any CPU
		{8AD4921E-9819-482F-AE75-CF8A17547D50}.Debug|Any CPU.Build.0 = Debug|Any CPU
		{8AD4921E-9819-482F-AE75-CF8A17547D50}.Release|Any CPU.ActiveCfg = Release|Any CPU
		{8AD4921E-9819-482F-AE75-CF8A17547D50}.Release|Any CPU.Build.0 = Release|Any CPU
	EndGlobalSection
	GlobalSection(SolutionProperties) = preSolution
		HideSolutionNode = FALSE
	EndGlobalSection
	GlobalSection(ExtensibilityGlobals) = postSolution
		SolutionGuid = {4C501DBB-6AB6-423E-B65D-D8E23BF011DC}
	EndGlobalSection
EndGlobal
