
Microsoft Visual Studio Solution File, Format Version 12.00
# Visual Studio 15
VisualStudioVersion = 15.0.27130.2036
MinimumVisualStudioVersion = 10.0.40219.1
Project("{FAE04EC0-301F-11D3-BF4B-00C04F79EFBC}") = "P02_Hogwarts_Sorting", "P02_Hogwarts_Sorting\P02_Hogwarts_Sorting.csproj", "{F13F5453-26D7-4A06-A039-50D49FD243B0}"
EndProject
Project("{FAE04EC0-301F-11D3-BF4B-00C04F79EFBC}") = "P04_Vehicle_Park", "P04_Vehicle_Park\P04_Vehicle_Park.csproj", "{9860F29A-C677-41FC-BEA0-0182C2F86094}"
EndProject
Global
	GlobalSection(SolutionConfigurationPlatforms) = preSolution
		Debug|Any CPU = Debug|Any CPU
		Release|Any CPU = Release|Any CPU
	EndGlobalSection
	GlobalSection(ProjectConfigurationPlatforms) = postSolution
		{F13F5453-26D7-4A06-A039-50D49FD243B0}.Debug|Any CPU.ActiveCfg = Debug|Any CPU
		{F13F5453-26D7-4A06-A039-50D49FD243B0}.Debug|Any CPU.Build.0 = Debug|Any CPU
		{F13F5453-26D7-4A06-A039-50D49FD243B0}.Release|Any CPU.ActiveCfg = Release|Any CPU
		{F13F5453-26D7-4A06-A039-50D49FD243B0}.Release|Any CPU.Build.0 = Release|Any CPU
		{9860F29A-C677-41FC-BEA0-0182C2F86094}.Debug|Any CPU.ActiveCfg = Debug|Any CPU
		{9860F29A-C677-41FC-BEA0-0182C2F86094}.Debug|Any CPU.Build.0 = Debug|Any CPU
		{9860F29A-C677-41FC-BEA0-0182C2F86094}.Release|Any CPU.ActiveCfg = Release|Any CPU
		{9860F29A-C677-41FC-BEA0-0182C2F86094}.Release|Any CPU.Build.0 = Release|Any CPU
	EndGlobalSection
	GlobalSection(SolutionProperties) = preSolution
		HideSolutionNode = FALSE
	EndGlobalSection
	GlobalSection(ExtensibilityGlobals) = postSolution
		SolutionGuid = {55326BB7-4562-4903-8AF5-9E8EAD90891C}
	EndGlobalSection
EndGlobal
