
Microsoft Visual Studio Solution File, Format Version 12.00
# Visual Studio Version 17
VisualStudioVersion = 17.2.32616.157
MinimumVisualStudioVersion = 10.0.40219.1
Project("{9A19103F-16F7-4668-BE54-9A1E7A4F7556}") = "P03_FootballBetting", "P03_FootballBetting\P03_FootballBetting.csproj", "{0F4679D7-15EE-436C-AC60-943D4A27D2FD}"
EndProject
Project("{9A19103F-16F7-4668-BE54-9A1E7A4F7556}") = "P03_FootballBetting.Data", "P03_FootballBetting.Data\P03_FootballBetting.Data.csproj", "{D2D9781C-E37A-450F-BDEE-29141762F6F3}"
EndProject
Project("{9A19103F-16F7-4668-BE54-9A1E7A4F7556}") = "P03_FootballBetting.Data.Models", "P03_FootballBetting.Data.Models\P03_FootballBetting.Data.Models.csproj", "{19EC4DF4-AF7C-4519-B2FB-07450E30D2B6}"
EndProject
Global
	GlobalSection(SolutionConfigurationPlatforms) = preSolution
		Debug|Any CPU = Debug|Any CPU
		Release|Any CPU = Release|Any CPU
	EndGlobalSection
	GlobalSection(ProjectConfigurationPlatforms) = postSolution
		{0F4679D7-15EE-436C-AC60-943D4A27D2FD}.Debug|Any CPU.ActiveCfg = Debug|Any CPU
		{0F4679D7-15EE-436C-AC60-943D4A27D2FD}.Debug|Any CPU.Build.0 = Debug|Any CPU
		{0F4679D7-15EE-436C-AC60-943D4A27D2FD}.Release|Any CPU.ActiveCfg = Release|Any CPU
		{0F4679D7-15EE-436C-AC60-943D4A27D2FD}.Release|Any CPU.Build.0 = Release|Any CPU
		{D2D9781C-E37A-450F-BDEE-29141762F6F3}.Debug|Any CPU.ActiveCfg = Debug|Any CPU
		{D2D9781C-E37A-450F-BDEE-29141762F6F3}.Debug|Any CPU.Build.0 = Debug|Any CPU
		{D2D9781C-E37A-450F-BDEE-29141762F6F3}.Release|Any CPU.ActiveCfg = Release|Any CPU
		{D2D9781C-E37A-450F-BDEE-29141762F6F3}.Release|Any CPU.Build.0 = Release|Any CPU
		{19EC4DF4-AF7C-4519-B2FB-07450E30D2B6}.Debug|Any CPU.ActiveCfg = Debug|Any CPU
		{19EC4DF4-AF7C-4519-B2FB-07450E30D2B6}.Debug|Any CPU.Build.0 = Debug|Any CPU
		{19EC4DF4-AF7C-4519-B2FB-07450E30D2B6}.Release|Any CPU.ActiveCfg = Release|Any CPU
		{19EC4DF4-AF7C-4519-B2FB-07450E30D2B6}.Release|Any CPU.Build.0 = Release|Any CPU
	EndGlobalSection
	GlobalSection(SolutionProperties) = preSolution
		HideSolutionNode = FALSE
	EndGlobalSection
	GlobalSection(ExtensibilityGlobals) = postSolution
		SolutionGuid = {AA40F868-B7EE-4054-8E7F-BBD034FE8CDD}
	EndGlobalSection
EndGlobal
