
Microsoft Visual Studio Solution File, Format Version 12.00
# Visual Studio 15
VisualStudioVersion = 15.0.27130.2036
MinimumVisualStudioVersion = 10.0.40219.1
Project("{FAE04EC0-301F-11D3-BF4B-00C04F79EFBC}") = "P01_Poke_Mon", "P01_Poke_Mon\P01_Poke_Mon.csproj", "{99723C9B-7C65-43E7-93A9-71A30998D106}"
EndProject
Project("{FAE04EC0-301F-11D3-BF4B-00C04F79EFBC}") = "P02_Pokemon_Dont_Go", "P02_Pokemon_Dont_Go\P02_Pokemon_Dont_Go.csproj", "{C1CD6DC4-19B4-4963-B7F6-22CEF722670D}"
EndProject
Project("{FAE04EC0-301F-11D3-BF4B-00C04F79EFBC}") = "P03_Regexmon", "P03_Regexmon\P03_Regexmon.csproj", "{C8BBB070-DC35-4599-94BB-2D9564FCD205}"
EndProject
Project("{FAE04EC0-301F-11D3-BF4B-00C04F79EFBC}") = "P04_Pokemon_Evolution", "P04_Pokemon_Evolution\P04_Pokemon_Evolution.csproj", "{C876F5FE-FF30-49EC-9C33-A333DFAE9D12}"
EndProject
Global
	GlobalSection(SolutionConfigurationPlatforms) = preSolution
		Debug|Any CPU = Debug|Any CPU
		Release|Any CPU = Release|Any CPU
	EndGlobalSection
	GlobalSection(ProjectConfigurationPlatforms) = postSolution
		{99723C9B-7C65-43E7-93A9-71A30998D106}.Debug|Any CPU.ActiveCfg = Debug|Any CPU
		{99723C9B-7C65-43E7-93A9-71A30998D106}.Debug|Any CPU.Build.0 = Debug|Any CPU
		{99723C9B-7C65-43E7-93A9-71A30998D106}.Release|Any CPU.ActiveCfg = Release|Any CPU
		{99723C9B-7C65-43E7-93A9-71A30998D106}.Release|Any CPU.Build.0 = Release|Any CPU
		{C1CD6DC4-19B4-4963-B7F6-22CEF722670D}.Debug|Any CPU.ActiveCfg = Debug|Any CPU
		{C1CD6DC4-19B4-4963-B7F6-22CEF722670D}.Debug|Any CPU.Build.0 = Debug|Any CPU
		{C1CD6DC4-19B4-4963-B7F6-22CEF722670D}.Release|Any CPU.ActiveCfg = Release|Any CPU
		{C1CD6DC4-19B4-4963-B7F6-22CEF722670D}.Release|Any CPU.Build.0 = Release|Any CPU
		{C8BBB070-DC35-4599-94BB-2D9564FCD205}.Debug|Any CPU.ActiveCfg = Debug|Any CPU
		{C8BBB070-DC35-4599-94BB-2D9564FCD205}.Debug|Any CPU.Build.0 = Debug|Any CPU
		{C8BBB070-DC35-4599-94BB-2D9564FCD205}.Release|Any CPU.ActiveCfg = Release|Any CPU
		{C8BBB070-DC35-4599-94BB-2D9564FCD205}.Release|Any CPU.Build.0 = Release|Any CPU
		{C876F5FE-FF30-49EC-9C33-A333DFAE9D12}.Debug|Any CPU.ActiveCfg = Debug|Any CPU
		{C876F5FE-FF30-49EC-9C33-A333DFAE9D12}.Debug|Any CPU.Build.0 = Debug|Any CPU
		{C876F5FE-FF30-49EC-9C33-A333DFAE9D12}.Release|Any CPU.ActiveCfg = Release|Any CPU
		{C876F5FE-FF30-49EC-9C33-A333DFAE9D12}.Release|Any CPU.Build.0 = Release|Any CPU
	EndGlobalSection
	GlobalSection(SolutionProperties) = preSolution
		HideSolutionNode = FALSE
	EndGlobalSection
	GlobalSection(ExtensibilityGlobals) = postSolution
		SolutionGuid = {9F19E63D-3567-41C6-9076-BCB3FA31012F}
	EndGlobalSection
EndGlobal
