
Microsoft Visual Studio Solution File, Format Version 12.00
# Visual Studio Version 17
VisualStudioVersion = 17.0.32014.148
MinimumVisualStudioVersion = 10.0.40219.1
Project("{FAE04EC0-301F-11D3-BF4B-00C04F79EFBC}") = "01-Sum-Matrix-Elements", "01-Sum-Matrix-Elements\01-Sum-Matrix-Elements.csproj", "{73DD9D96-5910-4079-A0F0-345CCA44ADCC}"
EndProject
Project("{FAE04EC0-301F-11D3-BF4B-00C04F79EFBC}") = "02-Sum-Matrix-Columns", "02-Sum-Matrix-Columns\02-Sum-Matrix-Columns.csproj", "{3E3E9059-47CF-437B-AE5C-AD1718A955CA}"
EndProject
Project("{FAE04EC0-301F-11D3-BF4B-00C04F79EFBC}") = "03-Primary-Diagonal", "03-Primary-Diagonal\03-Primary-Diagonal.csproj", "{2292BE1B-34D1-489F-9A3D-61BBE1C3405B}"
EndProject
Project("{FAE04EC0-301F-11D3-BF4B-00C04F79EFBC}") = "04-Symbol-in-Matrix", "04-Symbol-in-Matrix\04-Symbol-in-Matrix.csproj", "{F086968F-DB32-4743-9588-245C692BE14B}"
EndProject
Project("{FAE04EC0-301F-11D3-BF4B-00C04F79EFBC}") = "05-Square-with-Maximum-Sum", "05-Square-with-Maximum-Sum\05-Square-with-Maximum-Sum.csproj", "{9C253C15-9E98-4F58-8A7E-E1FD7C6B3741}"
EndProject
Project("{FAE04EC0-301F-11D3-BF4B-00C04F79EFBC}") = "06-Jagged-Array-Modification", "06-Jagged-Array-Modification\06-Jagged-Array-Modification.csproj", "{78034C56-7654-4469-A887-B3B3F526EEB8}"
EndProject
Project("{FAE04EC0-301F-11D3-BF4B-00C04F79EFBC}") = "07-Pascal-Triangle", "07-Pascal-Triangle\07-Pascal-Triangle.csproj", "{BB232212-BA7D-42B1-8A53-F9419AF53236}"
EndProject
Global
	GlobalSection(SolutionConfigurationPlatforms) = preSolution
		Debug|Any CPU = Debug|Any CPU
		Release|Any CPU = Release|Any CPU
	EndGlobalSection
	GlobalSection(ProjectConfigurationPlatforms) = postSolution
		{73DD9D96-5910-4079-A0F0-345CCA44ADCC}.Debug|Any CPU.ActiveCfg = Debug|Any CPU
		{73DD9D96-5910-4079-A0F0-345CCA44ADCC}.Debug|Any CPU.Build.0 = Debug|Any CPU
		{73DD9D96-5910-4079-A0F0-345CCA44ADCC}.Release|Any CPU.ActiveCfg = Release|Any CPU
		{73DD9D96-5910-4079-A0F0-345CCA44ADCC}.Release|Any CPU.Build.0 = Release|Any CPU
		{3E3E9059-47CF-437B-AE5C-AD1718A955CA}.Debug|Any CPU.ActiveCfg = Debug|Any CPU
		{3E3E9059-47CF-437B-AE5C-AD1718A955CA}.Debug|Any CPU.Build.0 = Debug|Any CPU
		{3E3E9059-47CF-437B-AE5C-AD1718A955CA}.Release|Any CPU.ActiveCfg = Release|Any CPU
		{3E3E9059-47CF-437B-AE5C-AD1718A955CA}.Release|Any CPU.Build.0 = Release|Any CPU
		{2292BE1B-34D1-489F-9A3D-61BBE1C3405B}.Debug|Any CPU.ActiveCfg = Debug|Any CPU
		{2292BE1B-34D1-489F-9A3D-61BBE1C3405B}.Debug|Any CPU.Build.0 = Debug|Any CPU
		{2292BE1B-34D1-489F-9A3D-61BBE1C3405B}.Release|Any CPU.ActiveCfg = Release|Any CPU
		{2292BE1B-34D1-489F-9A3D-61BBE1C3405B}.Release|Any CPU.Build.0 = Release|Any CPU
		{F086968F-DB32-4743-9588-245C692BE14B}.Debug|Any CPU.ActiveCfg = Debug|Any CPU
		{F086968F-DB32-4743-9588-245C692BE14B}.Debug|Any CPU.Build.0 = Debug|Any CPU
		{F086968F-DB32-4743-9588-245C692BE14B}.Release|Any CPU.ActiveCfg = Release|Any CPU
		{F086968F-DB32-4743-9588-245C692BE14B}.Release|Any CPU.Build.0 = Release|Any CPU
		{9C253C15-9E98-4F58-8A7E-E1FD7C6B3741}.Debug|Any CPU.ActiveCfg = Debug|Any CPU
		{9C253C15-9E98-4F58-8A7E-E1FD7C6B3741}.Debug|Any CPU.Build.0 = Debug|Any CPU
		{9C253C15-9E98-4F58-8A7E-E1FD7C6B3741}.Release|Any CPU.ActiveCfg = Release|Any CPU
		{9C253C15-9E98-4F58-8A7E-E1FD7C6B3741}.Release|Any CPU.Build.0 = Release|Any CPU
		{78034C56-7654-4469-A887-B3B3F526EEB8}.Debug|Any CPU.ActiveCfg = Debug|Any CPU
		{78034C56-7654-4469-A887-B3B3F526EEB8}.Debug|Any CPU.Build.0 = Debug|Any CPU
		{78034C56-7654-4469-A887-B3B3F526EEB8}.Release|Any CPU.ActiveCfg = Release|Any CPU
		{78034C56-7654-4469-A887-B3B3F526EEB8}.Release|Any CPU.Build.0 = Release|Any CPU
		{BB232212-BA7D-42B1-8A53-F9419AF53236}.Debug|Any CPU.ActiveCfg = Debug|Any CPU
		{BB232212-BA7D-42B1-8A53-F9419AF53236}.Debug|Any CPU.Build.0 = Debug|Any CPU
		{BB232212-BA7D-42B1-8A53-F9419AF53236}.Release|Any CPU.ActiveCfg = Release|Any CPU
		{BB232212-BA7D-42B1-8A53-F9419AF53236}.Release|Any CPU.Build.0 = Release|Any CPU
	EndGlobalSection
	GlobalSection(SolutionProperties) = preSolution
		HideSolutionNode = FALSE
	EndGlobalSection
	GlobalSection(ExtensibilityGlobals) = postSolution
		SolutionGuid = {420A2BC2-C6E5-45B3-A3D2-32193FECC28A}
	EndGlobalSection
EndGlobal
