
Microsoft Visual Studio Solution File, Format Version 12.00
# Visual Studio 15
VisualStudioVersion = 15.0.27004.2002
MinimumVisualStudioVersion = 10.0.40219.1
Project("{FAE04EC0-301F-11D3-BF4B-00C04F79EFBC}") = "P01_Centuries_to_Minutes", "P01_Centuries_to_Minutes\P01_Centuries_to_Minutes.csproj", "{58A63F18-F5AC-4FF3-BD43-59C4CB2D4D59}"
EndProject
Project("{FAE04EC0-301F-11D3-BF4B-00C04F79EFBC}") = "P02_Circle_Area_12_Digits_Precision", "P02_Circle_Area_12_Digits_Precision\P02_Circle_Area_12_Digits_Precision.csproj", "{DD7CFDE0-C4D6-4354-9FCA-6F3AFF3CD5A1}"
EndProject
Project("{FAE04EC0-301F-11D3-BF4B-00C04F79EFBC}") = "P03_Exact_Sum_of_Real_Numbers", "P03_Exact_Sum_of_Real_Numbers\P03_Exact_Sum_of_Real_Numbers.csproj", "{5654C379-A9FF-4078-B1F2-F80860013C4B}"
EndProject
Project("{FAE04EC0-301F-11D3-BF4B-00C04F79EFBC}") = "P04_Elevator", "P04_Elevator\P04_Elevator.csproj", "{44A1B016-F3A1-494D-A1E2-5AA4D4AEBAD2}"
EndProject
Project("{FAE04EC0-301F-11D3-BF4B-00C04F79EFBC}") = "P05_Special_Numbers", "P05_Special_Numbers\P05_Special_Numbers.csproj", "{73D4152A-672D-4BE9-A07A-599DB2E37A2A}"
EndProject
Project("{FAE04EC0-301F-11D3-BF4B-00C04F79EFBC}") = "P06_Triples_of_Latin_Letters", "P06_Triples_of_Latin_Letters\P06_Triples_of_Latin_Letters.csproj", "{3C02C343-56C0-41B9-B0F7-6BB9215F73AC}"
EndProject
Project("{FAE04EC0-301F-11D3-BF4B-00C04F79EFBC}") = "P07_Greeting", "P07_Greeting\P07_Greeting.csproj", "{5B55F836-4326-44C9-B524-49166765511C}"
EndProject
Project("{FAE04EC0-301F-11D3-BF4B-00C04F79EFBC}") = "P08_Refactor_Volume_of_Pyramid", "P08_Refactor_Volume_of_Pyramid\P08_Refactor_Volume_of_Pyramid.csproj", "{0035B983-9F20-4052-A5DF-B4FBF1C6C975}"
EndProject
Project("{FAE04EC0-301F-11D3-BF4B-00C04F79EFBC}") = "P09_Refactor_Special_Numbers", "P09_Refactor_Special_Numbers\P09_Refactor_Special_Numbers.csproj", "{008AC6FA-E3C7-4D40-A86B-CC5A489066BC}"
EndProject
Global
	GlobalSection(SolutionConfigurationPlatforms) = preSolution
		Debug|Any CPU = Debug|Any CPU
		Release|Any CPU = Release|Any CPU
	EndGlobalSection
	GlobalSection(ProjectConfigurationPlatforms) = postSolution
		{58A63F18-F5AC-4FF3-BD43-59C4CB2D4D59}.Debug|Any CPU.ActiveCfg = Debug|Any CPU
		{58A63F18-F5AC-4FF3-BD43-59C4CB2D4D59}.Debug|Any CPU.Build.0 = Debug|Any CPU
		{58A63F18-F5AC-4FF3-BD43-59C4CB2D4D59}.Release|Any CPU.ActiveCfg = Release|Any CPU
		{58A63F18-F5AC-4FF3-BD43-59C4CB2D4D59}.Release|Any CPU.Build.0 = Release|Any CPU
		{DD7CFDE0-C4D6-4354-9FCA-6F3AFF3CD5A1}.Debug|Any CPU.ActiveCfg = Debug|Any CPU
		{DD7CFDE0-C4D6-4354-9FCA-6F3AFF3CD5A1}.Debug|Any CPU.Build.0 = Debug|Any CPU
		{DD7CFDE0-C4D6-4354-9FCA-6F3AFF3CD5A1}.Release|Any CPU.ActiveCfg = Release|Any CPU
		{DD7CFDE0-C4D6-4354-9FCA-6F3AFF3CD5A1}.Release|Any CPU.Build.0 = Release|Any CPU
		{5654C379-A9FF-4078-B1F2-F80860013C4B}.Debug|Any CPU.ActiveCfg = Debug|Any CPU
		{5654C379-A9FF-4078-B1F2-F80860013C4B}.Debug|Any CPU.Build.0 = Debug|Any CPU
		{5654C379-A9FF-4078-B1F2-F80860013C4B}.Release|Any CPU.ActiveCfg = Release|Any CPU
		{5654C379-A9FF-4078-B1F2-F80860013C4B}.Release|Any CPU.Build.0 = Release|Any CPU
		{44A1B016-F3A1-494D-A1E2-5AA4D4AEBAD2}.Debug|Any CPU.ActiveCfg = Debug|Any CPU
		{44A1B016-F3A1-494D-A1E2-5AA4D4AEBAD2}.Debug|Any CPU.Build.0 = Debug|Any CPU
		{44A1B016-F3A1-494D-A1E2-5AA4D4AEBAD2}.Release|Any CPU.ActiveCfg = Release|Any CPU
		{44A1B016-F3A1-494D-A1E2-5AA4D4AEBAD2}.Release|Any CPU.Build.0 = Release|Any CPU
		{73D4152A-672D-4BE9-A07A-599DB2E37A2A}.Debug|Any CPU.ActiveCfg = Debug|Any CPU
		{73D4152A-672D-4BE9-A07A-599DB2E37A2A}.Debug|Any CPU.Build.0 = Debug|Any CPU
		{73D4152A-672D-4BE9-A07A-599DB2E37A2A}.Release|Any CPU.ActiveCfg = Release|Any CPU
		{73D4152A-672D-4BE9-A07A-599DB2E37A2A}.Release|Any CPU.Build.0 = Release|Any CPU
		{3C02C343-56C0-41B9-B0F7-6BB9215F73AC}.Debug|Any CPU.ActiveCfg = Debug|Any CPU
		{3C02C343-56C0-41B9-B0F7-6BB9215F73AC}.Debug|Any CPU.Build.0 = Debug|Any CPU
		{3C02C343-56C0-41B9-B0F7-6BB9215F73AC}.Release|Any CPU.ActiveCfg = Release|Any CPU
		{3C02C343-56C0-41B9-B0F7-6BB9215F73AC}.Release|Any CPU.Build.0 = Release|Any CPU
		{5B55F836-4326-44C9-B524-49166765511C}.Debug|Any CPU.ActiveCfg = Debug|Any CPU
		{5B55F836-4326-44C9-B524-49166765511C}.Debug|Any CPU.Build.0 = Debug|Any CPU
		{5B55F836-4326-44C9-B524-49166765511C}.Release|Any CPU.ActiveCfg = Release|Any CPU
		{5B55F836-4326-44C9-B524-49166765511C}.Release|Any CPU.Build.0 = Release|Any CPU
		{0035B983-9F20-4052-A5DF-B4FBF1C6C975}.Debug|Any CPU.ActiveCfg = Debug|Any CPU
		{0035B983-9F20-4052-A5DF-B4FBF1C6C975}.Debug|Any CPU.Build.0 = Debug|Any CPU
		{0035B983-9F20-4052-A5DF-B4FBF1C6C975}.Release|Any CPU.ActiveCfg = Release|Any CPU
		{0035B983-9F20-4052-A5DF-B4FBF1C6C975}.Release|Any CPU.Build.0 = Release|Any CPU
		{008AC6FA-E3C7-4D40-A86B-CC5A489066BC}.Debug|Any CPU.ActiveCfg = Debug|Any CPU
		{008AC6FA-E3C7-4D40-A86B-CC5A489066BC}.Debug|Any CPU.Build.0 = Debug|Any CPU
		{008AC6FA-E3C7-4D40-A86B-CC5A489066BC}.Release|Any CPU.ActiveCfg = Release|Any CPU
		{008AC6FA-E3C7-4D40-A86B-CC5A489066BC}.Release|Any CPU.Build.0 = Release|Any CPU
	EndGlobalSection
	GlobalSection(SolutionProperties) = preSolution
		HideSolutionNode = FALSE
	EndGlobalSection
	GlobalSection(ExtensibilityGlobals) = postSolution
		SolutionGuid = {3A7167CB-F90F-4216-977E-A69196E3B13B}
	EndGlobalSection
EndGlobal
