
Microsoft Visual Studio Solution File, Format Version 12.00
# Visual Studio 15
VisualStudioVersion = 15.0.27004.2002
MinimumVisualStudioVersion = 10.0.40219.1
Project("{9A19103F-16F7-4668-BE54-9A1E7A4F7556}") = "P02_Snowmen", "P02_Snowmen\P02_Snowmen.csproj", "{D043A589-DF33-48C9-96AA-28166044D0F1}"
EndProject
Project("{9A19103F-16F7-4668-BE54-9A1E7A4F7556}") = "P03_Snowflake", "P03_Snowflake\P03_Snowflake.csproj", "{749C58ED-3216-4200-8ADB-FE9A3300BAA8}"
EndProject
Project("{9A19103F-16F7-4668-BE54-9A1E7A4F7556}") = "P04_Snowwhite", "P04_Snowwhite\P04_Snowwhite.csproj", "{060AC0E2-F2BA-4C6F-B3BA-85B60A6E9CB0}"
EndProject
Project("{FAE04EC0-301F-11D3-BF4B-00C04F79EFBC}") = "SnowByMe", "SnowByMe\SnowByMe.csproj", "{99B7E999-64EB-458C-9520-B3C2186A29F4}"
EndProject
Global
	GlobalSection(SolutionConfigurationPlatforms) = preSolution
		Debug|Any CPU = Debug|Any CPU
		Release|Any CPU = Release|Any CPU
	EndGlobalSection
	GlobalSection(ProjectConfigurationPlatforms) = postSolution
		{D043A589-DF33-48C9-96AA-28166044D0F1}.Debug|Any CPU.ActiveCfg = Debug|Any CPU
		{D043A589-DF33-48C9-96AA-28166044D0F1}.Debug|Any CPU.Build.0 = Debug|Any CPU
		{D043A589-DF33-48C9-96AA-28166044D0F1}.Release|Any CPU.ActiveCfg = Release|Any CPU
		{D043A589-DF33-48C9-96AA-28166044D0F1}.Release|Any CPU.Build.0 = Release|Any CPU
		{749C58ED-3216-4200-8ADB-FE9A3300BAA8}.Debug|Any CPU.ActiveCfg = Debug|Any CPU
		{749C58ED-3216-4200-8ADB-FE9A3300BAA8}.Debug|Any CPU.Build.0 = Debug|Any CPU
		{749C58ED-3216-4200-8ADB-FE9A3300BAA8}.Release|Any CPU.ActiveCfg = Release|Any CPU
		{749C58ED-3216-4200-8ADB-FE9A3300BAA8}.Release|Any CPU.Build.0 = Release|Any CPU
		{060AC0E2-F2BA-4C6F-B3BA-85B60A6E9CB0}.Debug|Any CPU.ActiveCfg = Debug|Any CPU
		{060AC0E2-F2BA-4C6F-B3BA-85B60A6E9CB0}.Debug|Any CPU.Build.0 = Debug|Any CPU
		{060AC0E2-F2BA-4C6F-B3BA-85B60A6E9CB0}.Release|Any CPU.ActiveCfg = Release|Any CPU
		{060AC0E2-F2BA-4C6F-B3BA-85B60A6E9CB0}.Release|Any CPU.Build.0 = Release|Any CPU
		{99B7E999-64EB-458C-9520-B3C2186A29F4}.Debug|Any CPU.ActiveCfg = Debug|Any CPU
		{99B7E999-64EB-458C-9520-B3C2186A29F4}.Debug|Any CPU.Build.0 = Debug|Any CPU
		{99B7E999-64EB-458C-9520-B3C2186A29F4}.Release|Any CPU.ActiveCfg = Release|Any CPU
		{99B7E999-64EB-458C-9520-B3C2186A29F4}.Release|Any CPU.Build.0 = Release|Any CPU
	EndGlobalSection
	GlobalSection(SolutionProperties) = preSolution
		HideSolutionNode = FALSE
	EndGlobalSection
	GlobalSection(ExtensibilityGlobals) = postSolution
		SolutionGuid = {38CF4762-C971-4DF9-98C9-B5939C9EFFDC}
	EndGlobalSection
EndGlobal
