
Microsoft Visual Studio Solution File, Format Version 12.00
# Visual Studio 15
VisualStudioVersion = 15.0.27004.2002
MinimumVisualStudioVersion = 10.0.40219.1
Project("{9A19103F-16F7-4668-BE54-9A1E7A4F7556}") = "P01_Sino_The_Walker", "P01_Sino_The_Walker\P01_Sino_The_Walker.csproj", "{46D6BDF4-B321-4E3C-B3FF-EDB285878970}"
EndProject
Project("{9A19103F-16F7-4668-BE54-9A1E7A4F7556}") = "P02_SoftUni_Karaoke", "P02_SoftUni_Karaoke\P02_SoftUni_Karaoke.csproj", "{765FA614-230C-44AD-97A8-9BA9CBE4997C}"
EndProject
Project("{9A19103F-16F7-4668-BE54-9A1E7A4F7556}") = "P03_Endurance_Rally", "P03_Endurance_Rally\P03_Endurance_Rally.csproj", "{EB663D2E-E21E-4E44-95E0-9CE6A53202E4}"
EndProject
Project("{FAE04EC0-301F-11D3-BF4B-00C04F79EFBC}") = "P04_Winning_Ticket", "P04_Winning_Ticket\P04_Winning_Ticket.csproj", "{5CD8A6B7-7689-4AB6-A4EB-91303DD8FB42}"
EndProject
Global
	GlobalSection(SolutionConfigurationPlatforms) = preSolution
		Debug|Any CPU = Debug|Any CPU
		Release|Any CPU = Release|Any CPU
	EndGlobalSection
	GlobalSection(ProjectConfigurationPlatforms) = postSolution
		{46D6BDF4-B321-4E3C-B3FF-EDB285878970}.Debug|Any CPU.ActiveCfg = Debug|Any CPU
		{46D6BDF4-B321-4E3C-B3FF-EDB285878970}.Debug|Any CPU.Build.0 = Debug|Any CPU
		{46D6BDF4-B321-4E3C-B3FF-EDB285878970}.Release|Any CPU.ActiveCfg = Release|Any CPU
		{46D6BDF4-B321-4E3C-B3FF-EDB285878970}.Release|Any CPU.Build.0 = Release|Any CPU
		{765FA614-230C-44AD-97A8-9BA9CBE4997C}.Debug|Any CPU.ActiveCfg = Debug|Any CPU
		{765FA614-230C-44AD-97A8-9BA9CBE4997C}.Debug|Any CPU.Build.0 = Debug|Any CPU
		{765FA614-230C-44AD-97A8-9BA9CBE4997C}.Release|Any CPU.ActiveCfg = Release|Any CPU
		{765FA614-230C-44AD-97A8-9BA9CBE4997C}.Release|Any CPU.Build.0 = Release|Any CPU
		{EB663D2E-E21E-4E44-95E0-9CE6A53202E4}.Debug|Any CPU.ActiveCfg = Debug|Any CPU
		{EB663D2E-E21E-4E44-95E0-9CE6A53202E4}.Debug|Any CPU.Build.0 = Debug|Any CPU
		{EB663D2E-E21E-4E44-95E0-9CE6A53202E4}.Release|Any CPU.ActiveCfg = Release|Any CPU
		{EB663D2E-E21E-4E44-95E0-9CE6A53202E4}.Release|Any CPU.Build.0 = Release|Any CPU
		{5CD8A6B7-7689-4AB6-A4EB-91303DD8FB42}.Debug|Any CPU.ActiveCfg = Debug|Any CPU
		{5CD8A6B7-7689-4AB6-A4EB-91303DD8FB42}.Debug|Any CPU.Build.0 = Debug|Any CPU
		{5CD8A6B7-7689-4AB6-A4EB-91303DD8FB42}.Release|Any CPU.ActiveCfg = Release|Any CPU
		{5CD8A6B7-7689-4AB6-A4EB-91303DD8FB42}.Release|Any CPU.Build.0 = Release|Any CPU
	EndGlobalSection
	GlobalSection(SolutionProperties) = preSolution
		HideSolutionNode = FALSE
	EndGlobalSection
	GlobalSection(ExtensibilityGlobals) = postSolution
		SolutionGuid = {87BB57AE-08CB-4272-95C1-A262E6C8FA42}
	EndGlobalSection
EndGlobal
