
Microsoft Visual Studio Solution File, Format Version 12.00
# Visual Studio 15
VisualStudioVersion = 15.0.27004.2005
MinimumVisualStudioVersion = 10.0.40219.1
Project("{9A19103F-16F7-4668-BE54-9A1E7A4F7556}") = "P01_Max_Sequence_of_Equal_Elements", "P01_Max_Sequence_of_Equal_Elements\P01_Max_Sequence_of_Equal_Elements.csproj", "{E7A09323-6E81-4F5F-A31C-789D09F6D0BE}"
EndProject
Project("{9A19103F-16F7-4668-BE54-9A1E7A4F7556}") = "P02_Change_List", "P02_Change_List\P02_Change_List.csproj", "{82688F6D-70A3-41B5-A660-F905151ECEFB}"
EndProject
Project("{9A19103F-16F7-4668-BE54-9A1E7A4F7556}") = "P03_Search_for_a_Number", "P03_Search_for_a_Number\P03_Search_for_a_Number.csproj", "{986360D2-AB6C-4347-AE23-CFACAEBE7407}"
EndProject
Project("{9A19103F-16F7-4668-BE54-9A1E7A4F7556}") = "P04_Longest_Increasing_Subsequence", "P04_Longest_Increasing_Subsequence\P04_Longest_Increasing_Subsequence.csproj", "{01F1A966-D6FA-4A25-AF48-FF4F23D244EA}"
EndProject
Project("{9A19103F-16F7-4668-BE54-9A1E7A4F7556}") = "P05_Array_Manipulator", "P05_Array_Manipulator\P05_Array_Manipulator.csproj", "{58269FBC-2714-43A4-9F78-392BB1440E8B}"
EndProject
Project("{9A19103F-16F7-4668-BE54-9A1E7A4F7556}") = "P06_Sum_Reversed_Numbers", "P06_Sum_Reversed_Numbers\P06_Sum_Reversed_Numbers.csproj", "{3DA8310D-CC11-4FF7-8FA7-32420F7BDC64}"
EndProject
Project("{9A19103F-16F7-4668-BE54-9A1E7A4F7556}") = "P07_Bomb_Numbers", "P07_Bomb_Numbers\P07_Bomb_Numbers.csproj", "{2F984A8C-A008-41B0-9EDF-67750EE397DB}"
EndProject
Global
	GlobalSection(SolutionConfigurationPlatforms) = preSolution
		Debug|Any CPU = Debug|Any CPU
		Release|Any CPU = Release|Any CPU
	EndGlobalSection
	GlobalSection(ProjectConfigurationPlatforms) = postSolution
		{E7A09323-6E81-4F5F-A31C-789D09F6D0BE}.Debug|Any CPU.ActiveCfg = Debug|Any CPU
		{E7A09323-6E81-4F5F-A31C-789D09F6D0BE}.Debug|Any CPU.Build.0 = Debug|Any CPU
		{E7A09323-6E81-4F5F-A31C-789D09F6D0BE}.Release|Any CPU.ActiveCfg = Release|Any CPU
		{E7A09323-6E81-4F5F-A31C-789D09F6D0BE}.Release|Any CPU.Build.0 = Release|Any CPU
		{82688F6D-70A3-41B5-A660-F905151ECEFB}.Debug|Any CPU.ActiveCfg = Debug|Any CPU
		{82688F6D-70A3-41B5-A660-F905151ECEFB}.Debug|Any CPU.Build.0 = Debug|Any CPU
		{82688F6D-70A3-41B5-A660-F905151ECEFB}.Release|Any CPU.ActiveCfg = Release|Any CPU
		{82688F6D-70A3-41B5-A660-F905151ECEFB}.Release|Any CPU.Build.0 = Release|Any CPU
		{986360D2-AB6C-4347-AE23-CFACAEBE7407}.Debug|Any CPU.ActiveCfg = Debug|Any CPU
		{986360D2-AB6C-4347-AE23-CFACAEBE7407}.Debug|Any CPU.Build.0 = Debug|Any CPU
		{986360D2-AB6C-4347-AE23-CFACAEBE7407}.Release|Any CPU.ActiveCfg = Release|Any CPU
		{986360D2-AB6C-4347-AE23-CFACAEBE7407}.Release|Any CPU.Build.0 = Release|Any CPU
		{01F1A966-D6FA-4A25-AF48-FF4F23D244EA}.Debug|Any CPU.ActiveCfg = Debug|Any CPU
		{01F1A966-D6FA-4A25-AF48-FF4F23D244EA}.Debug|Any CPU.Build.0 = Debug|Any CPU
		{01F1A966-D6FA-4A25-AF48-FF4F23D244EA}.Release|Any CPU.ActiveCfg = Release|Any CPU
		{01F1A966-D6FA-4A25-AF48-FF4F23D244EA}.Release|Any CPU.Build.0 = Release|Any CPU
		{58269FBC-2714-43A4-9F78-392BB1440E8B}.Debug|Any CPU.ActiveCfg = Debug|Any CPU
		{58269FBC-2714-43A4-9F78-392BB1440E8B}.Debug|Any CPU.Build.0 = Debug|Any CPU
		{58269FBC-2714-43A4-9F78-392BB1440E8B}.Release|Any CPU.ActiveCfg = Release|Any CPU
		{58269FBC-2714-43A4-9F78-392BB1440E8B}.Release|Any CPU.Build.0 = Release|Any CPU
		{3DA8310D-CC11-4FF7-8FA7-32420F7BDC64}.Debug|Any CPU.ActiveCfg = Debug|Any CPU
		{3DA8310D-CC11-4FF7-8FA7-32420F7BDC64}.Debug|Any CPU.Build.0 = Debug|Any CPU
		{3DA8310D-CC11-4FF7-8FA7-32420F7BDC64}.Release|Any CPU.ActiveCfg = Release|Any CPU
		{3DA8310D-CC11-4FF7-8FA7-32420F7BDC64}.Release|Any CPU.Build.0 = Release|Any CPU
		{2F984A8C-A008-41B0-9EDF-67750EE397DB}.Debug|Any CPU.ActiveCfg = Debug|Any CPU
		{2F984A8C-A008-41B0-9EDF-67750EE397DB}.Debug|Any CPU.Build.0 = Debug|Any CPU
		{2F984A8C-A008-41B0-9EDF-67750EE397DB}.Release|Any CPU.ActiveCfg = Release|Any CPU
		{2F984A8C-A008-41B0-9EDF-67750EE397DB}.Release|Any CPU.Build.0 = Release|Any CPU
	EndGlobalSection
	GlobalSection(SolutionProperties) = preSolution
		HideSolutionNode = FALSE
	EndGlobalSection
	GlobalSection(ExtensibilityGlobals) = postSolution
		SolutionGuid = {BFDB61FF-503C-4AF9-B8E0-D23AE88A131C}
	EndGlobalSection
EndGlobal
