
Microsoft Visual Studio Solution File, Format Version 12.00
# Visual Studio Version 17
VisualStudioVersion = 17.1.32210.238
MinimumVisualStudioVersion = 10.0.40219.1
Project("{9A19103F-16F7-4668-BE54-9A1E7A4F7556}") = "01-Class-Box-Data", "01-Class-Box-Data\01-Class-Box-Data.csproj", "{489DC908-7194-46B5-8F59-31D004EA6033}"
EndProject
Project("{9A19103F-16F7-4668-BE54-9A1E7A4F7556}") = "02-Animal-Farm", "02-Animal-Farm\02-Animal-Farm.csproj", "{8B613B89-805F-4A04-8151-8C2299B33030}"
EndProject
Project("{9A19103F-16F7-4668-BE54-9A1E7A4F7556}") = "03-Shopping-Spree", "03-Shopping-Spree\03-Shopping-Spree.csproj", "{28310E0D-6F6B-4D0C-B77F-26ACBA81504C}"
EndProject
Project("{9A19103F-16F7-4668-BE54-9A1E7A4F7556}") = "04-Pizza-Calories", "04-Pizza-Calories\04-Pizza-Calories.csproj", "{42E36EF7-03A5-4702-AA7B-7D7FD41DA781}"
EndProject
Project("{FAE04EC0-301F-11D3-BF4B-00C04F79EFBC}") = "05-Football-Team-Generator", "05-Football-Team-Generator\05-Football-Team-Generator.csproj", "{7A8CC9BF-F1FB-447F-848E-9B22E3E71C23}"
EndProject
Global
	GlobalSection(SolutionConfigurationPlatforms) = preSolution
		Debug|Any CPU = Debug|Any CPU
		Release|Any CPU = Release|Any CPU
	EndGlobalSection
	GlobalSection(ProjectConfigurationPlatforms) = postSolution
		{489DC908-7194-46B5-8F59-31D004EA6033}.Debug|Any CPU.ActiveCfg = Debug|Any CPU
		{489DC908-7194-46B5-8F59-31D004EA6033}.Debug|Any CPU.Build.0 = Debug|Any CPU
		{489DC908-7194-46B5-8F59-31D004EA6033}.Release|Any CPU.ActiveCfg = Release|Any CPU
		{489DC908-7194-46B5-8F59-31D004EA6033}.Release|Any CPU.Build.0 = Release|Any CPU
		{8B613B89-805F-4A04-8151-8C2299B33030}.Debug|Any CPU.ActiveCfg = Debug|Any CPU
		{8B613B89-805F-4A04-8151-8C2299B33030}.Debug|Any CPU.Build.0 = Debug|Any CPU
		{8B613B89-805F-4A04-8151-8C2299B33030}.Release|Any CPU.ActiveCfg = Release|Any CPU
		{8B613B89-805F-4A04-8151-8C2299B33030}.Release|Any CPU.Build.0 = Release|Any CPU
		{28310E0D-6F6B-4D0C-B77F-26ACBA81504C}.Debug|Any CPU.ActiveCfg = Debug|Any CPU
		{28310E0D-6F6B-4D0C-B77F-26ACBA81504C}.Debug|Any CPU.Build.0 = Debug|Any CPU
		{28310E0D-6F6B-4D0C-B77F-26ACBA81504C}.Release|Any CPU.ActiveCfg = Release|Any CPU
		{28310E0D-6F6B-4D0C-B77F-26ACBA81504C}.Release|Any CPU.Build.0 = Release|Any CPU
		{42E36EF7-03A5-4702-AA7B-7D7FD41DA781}.Debug|Any CPU.ActiveCfg = Debug|Any CPU
		{42E36EF7-03A5-4702-AA7B-7D7FD41DA781}.Debug|Any CPU.Build.0 = Debug|Any CPU
		{42E36EF7-03A5-4702-AA7B-7D7FD41DA781}.Release|Any CPU.ActiveCfg = Release|Any CPU
		{42E36EF7-03A5-4702-AA7B-7D7FD41DA781}.Release|Any CPU.Build.0 = Release|Any CPU
		{7A8CC9BF-F1FB-447F-848E-9B22E3E71C23}.Debug|Any CPU.ActiveCfg = Debug|Any CPU
		{7A8CC9BF-F1FB-447F-848E-9B22E3E71C23}.Debug|Any CPU.Build.0 = Debug|Any CPU
		{7A8CC9BF-F1FB-447F-848E-9B22E3E71C23}.Release|Any CPU.ActiveCfg = Release|Any CPU
		{7A8CC9BF-F1FB-447F-848E-9B22E3E71C23}.Release|Any CPU.Build.0 = Release|Any CPU
	EndGlobalSection
	GlobalSection(SolutionProperties) = preSolution
		HideSolutionNode = FALSE
	EndGlobalSection
	GlobalSection(ExtensibilityGlobals) = postSolution
		SolutionGuid = {8D45FEF8-CE26-4EFD-BCEF-D1EF6759E67C}
	EndGlobalSection
EndGlobal
