
Microsoft Visual Studio Solution File, Format Version 12.00
# Visual Studio Version 17
VisualStudioVersion = 17.1.32210.238
MinimumVisualStudioVersion = 10.0.40219.1
Project("{9A19103F-16F7-4668-BE54-9A1E7A4F7556}") = "01-Define-an-Interface-IPerson", "01-Define-an-Interface-IPerson\01-Define-an-Interface-IPerson.csproj", "{DC417FA1-D59A-451F-8FFB-230381ABEC92}"
EndProject
Project("{9A19103F-16F7-4668-BE54-9A1E7A4F7556}") = "02-Multiple-Implementation", "02-Multiple-Implementation\02-Multiple-Implementation.csproj", "{25C61CA2-DA87-424E-BA6C-2157B875217F}"
EndProject
Project("{9A19103F-16F7-4668-BE54-9A1E7A4F7556}") = "03-Telephony", "03-Telephony\03-Telephony.csproj", "{4F649D09-4652-4AC5-A298-2ABF911929AB}"
EndProject
Project("{9A19103F-16F7-4668-BE54-9A1E7A4F7556}") = "04-Border-Control", "04-Border-Control\04-Border-Control.csproj", "{81B15EA6-8784-41BC-A68B-4F807742C3E4}"
EndProject
Project("{9A19103F-16F7-4668-BE54-9A1E7A4F7556}") = "05-Birthday-Celebrations", "05-Birthday-Celebrations\05-Birthday-Celebrations.csproj", "{0D51D182-D199-42CA-AA57-FD2A39000E9C}"
EndProject
Project("{9A19103F-16F7-4668-BE54-9A1E7A4F7556}") = "06-Food-Shortage", "06-Food-Shortage\06-Food-Shortage.csproj", "{E5CA8CEC-49D8-47D0-AEA0-7270E2342234}"
EndProject
Project("{9A19103F-16F7-4668-BE54-9A1E7A4F7556}") = "07-Military-Elite", "07-Military-Elite\07-Military-Elite.csproj", "{5AE147C7-0AEA-4285-BD6E-147B5328B77D}"
EndProject
Project("{9A19103F-16F7-4668-BE54-9A1E7A4F7556}") = "08-Collection-Hierarchy", "08-Collection-Hierarchy\08-Collection-Hierarchy.csproj", "{718679DA-EC4A-4310-8A64-8F2DB00D97D4}"
EndProject
Project("{FAE04EC0-301F-11D3-BF4B-00C04F79EFBC}") = "09-Explicit-Interfaces", "09-Explicit-Interfaces\09-Explicit-Interfaces.csproj", "{F1EACAE0-2579-4908-B01C-CD98B8876790}"
EndProject
Global
	GlobalSection(SolutionConfigurationPlatforms) = preSolution
		Debug|Any CPU = Debug|Any CPU
		Release|Any CPU = Release|Any CPU
	EndGlobalSection
	GlobalSection(ProjectConfigurationPlatforms) = postSolution
		{DC417FA1-D59A-451F-8FFB-230381ABEC92}.Debug|Any CPU.ActiveCfg = Debug|Any CPU
		{DC417FA1-D59A-451F-8FFB-230381ABEC92}.Debug|Any CPU.Build.0 = Debug|Any CPU
		{DC417FA1-D59A-451F-8FFB-230381ABEC92}.Release|Any CPU.ActiveCfg = Release|Any CPU
		{DC417FA1-D59A-451F-8FFB-230381ABEC92}.Release|Any CPU.Build.0 = Release|Any CPU
		{25C61CA2-DA87-424E-BA6C-2157B875217F}.Debug|Any CPU.ActiveCfg = Debug|Any CPU
		{25C61CA2-DA87-424E-BA6C-2157B875217F}.Debug|Any CPU.Build.0 = Debug|Any CPU
		{25C61CA2-DA87-424E-BA6C-2157B875217F}.Release|Any CPU.ActiveCfg = Release|Any CPU
		{25C61CA2-DA87-424E-BA6C-2157B875217F}.Release|Any CPU.Build.0 = Release|Any CPU
		{4F649D09-4652-4AC5-A298-2ABF911929AB}.Debug|Any CPU.ActiveCfg = Debug|Any CPU
		{4F649D09-4652-4AC5-A298-2ABF911929AB}.Debug|Any CPU.Build.0 = Debug|Any CPU
		{4F649D09-4652-4AC5-A298-2ABF911929AB}.Release|Any CPU.ActiveCfg = Release|Any CPU
		{4F649D09-4652-4AC5-A298-2ABF911929AB}.Release|Any CPU.Build.0 = Release|Any CPU
		{81B15EA6-8784-41BC-A68B-4F807742C3E4}.Debug|Any CPU.ActiveCfg = Debug|Any CPU
		{81B15EA6-8784-41BC-A68B-4F807742C3E4}.Debug|Any CPU.Build.0 = Debug|Any CPU
		{81B15EA6-8784-41BC-A68B-4F807742C3E4}.Release|Any CPU.ActiveCfg = Release|Any CPU
		{81B15EA6-8784-41BC-A68B-4F807742C3E4}.Release|Any CPU.Build.0 = Release|Any CPU
		{0D51D182-D199-42CA-AA57-FD2A39000E9C}.Debug|Any CPU.ActiveCfg = Debug|Any CPU
		{0D51D182-D199-42CA-AA57-FD2A39000E9C}.Debug|Any CPU.Build.0 = Debug|Any CPU
		{0D51D182-D199-42CA-AA57-FD2A39000E9C}.Release|Any CPU.ActiveCfg = Release|Any CPU
		{0D51D182-D199-42CA-AA57-FD2A39000E9C}.Release|Any CPU.Build.0 = Release|Any CPU
		{E5CA8CEC-49D8-47D0-AEA0-7270E2342234}.Debug|Any CPU.ActiveCfg = Debug|Any CPU
		{E5CA8CEC-49D8-47D0-AEA0-7270E2342234}.Debug|Any CPU.Build.0 = Debug|Any CPU
		{E5CA8CEC-49D8-47D0-AEA0-7270E2342234}.Release|Any CPU.ActiveCfg = Release|Any CPU
		{E5CA8CEC-49D8-47D0-AEA0-7270E2342234}.Release|Any CPU.Build.0 = Release|Any CPU
		{5AE147C7-0AEA-4285-BD6E-147B5328B77D}.Debug|Any CPU.ActiveCfg = Debug|Any CPU
		{5AE147C7-0AEA-4285-BD6E-147B5328B77D}.Debug|Any CPU.Build.0 = Debug|Any CPU
		{5AE147C7-0AEA-4285-BD6E-147B5328B77D}.Release|Any CPU.ActiveCfg = Release|Any CPU
		{5AE147C7-0AEA-4285-BD6E-147B5328B77D}.Release|Any CPU.Build.0 = Release|Any CPU
		{718679DA-EC4A-4310-8A64-8F2DB00D97D4}.Debug|Any CPU.ActiveCfg = Debug|Any CPU
		{718679DA-EC4A-4310-8A64-8F2DB00D97D4}.Debug|Any CPU.Build.0 = Debug|Any CPU
		{718679DA-EC4A-4310-8A64-8F2DB00D97D4}.Release|Any CPU.ActiveCfg = Release|Any CPU
		{718679DA-EC4A-4310-8A64-8F2DB00D97D4}.Release|Any CPU.Build.0 = Release|Any CPU
		{F1EACAE0-2579-4908-B01C-CD98B8876790}.Debug|Any CPU.ActiveCfg = Debug|Any CPU
		{F1EACAE0-2579-4908-B01C-CD98B8876790}.Debug|Any CPU.Build.0 = Debug|Any CPU
		{F1EACAE0-2579-4908-B01C-CD98B8876790}.Release|Any CPU.ActiveCfg = Release|Any CPU
		{F1EACAE0-2579-4908-B01C-CD98B8876790}.Release|Any CPU.Build.0 = Release|Any CPU
	EndGlobalSection
	GlobalSection(SolutionProperties) = preSolution
		HideSolutionNode = FALSE
	EndGlobalSection
	GlobalSection(ExtensibilityGlobals) = postSolution
		SolutionGuid = {08979725-EE03-4776-8819-7270D14BD57E}
	EndGlobalSection
EndGlobal
