
Microsoft Visual Studio Solution File, Format Version 12.00
# Visual Studio 15
VisualStudioVersion = 15.0.27004.2002
MinimumVisualStudioVersion = 10.0.40219.1
Project("{9A19103F-16F7-4668-BE54-9A1E7A4F7556}") = "P01_Sort_Times", "P01_Sort_Times\P01_Sort_Times.csproj", "{60519ECC-1990-445D-A823-B8F6732DF62A}"
EndProject
Project("{9A19103F-16F7-4668-BE54-9A1E7A4F7556}") = "P02_Odd_Filter", "P02_Odd_Filter\P02_Odd_Filter.csproj", "{FC40761A-5C76-41D5-B98B-82876047256E}"
EndProject
Project("{9A19103F-16F7-4668-BE54-9A1E7A4F7556}") = "P03_Immune_System", "P03_Immune_System\P03_Immune_System.csproj", "{21C2E3C1-FD4F-4FF8-9BFA-ACDF202E95B5}"
EndProject
Project("{9A19103F-16F7-4668-BE54-9A1E7A4F7556}") = "P04_Supermarket_Database", "P04_Supermarket_Database\P04_Supermarket_Database.csproj", "{0E37C3A9-C1EB-4749-B0BE-947BFE88CD8D}"
EndProject
Project("{9A19103F-16F7-4668-BE54-9A1E7A4F7556}") = "P05_Parking_Validation", "P05_Parking_Validation\P05_Parking_Validation.csproj", "{EF8DE0CE-2D9D-4893-A1C1-45CF13D1B19B}"
EndProject
Project("{9A19103F-16F7-4668-BE54-9A1E7A4F7556}") = "P06_Byte_Flip", "P06_Byte_Flip\P06_Byte_Flip.csproj", "{038B51AE-7C24-488A-B968-71608CD26348}"
EndProject
Project("{FAE04EC0-301F-11D3-BF4B-00C04F79EFBC}") = "P07_Take_Skip_Rope", "P07_Take_Skip_Rope\P07_Take_Skip_Rope.csproj", "{2D529115-6281-4FDD-AD2A-F18344BAE5AF}"
EndProject
Global
	GlobalSection(SolutionConfigurationPlatforms) = preSolution
		Debug|Any CPU = Debug|Any CPU
		Release|Any CPU = Release|Any CPU
	EndGlobalSection
	GlobalSection(ProjectConfigurationPlatforms) = postSolution
		{60519ECC-1990-445D-A823-B8F6732DF62A}.Debug|Any CPU.ActiveCfg = Debug|Any CPU
		{60519ECC-1990-445D-A823-B8F6732DF62A}.Debug|Any CPU.Build.0 = Debug|Any CPU
		{60519ECC-1990-445D-A823-B8F6732DF62A}.Release|Any CPU.ActiveCfg = Release|Any CPU
		{60519ECC-1990-445D-A823-B8F6732DF62A}.Release|Any CPU.Build.0 = Release|Any CPU
		{FC40761A-5C76-41D5-B98B-82876047256E}.Debug|Any CPU.ActiveCfg = Debug|Any CPU
		{FC40761A-5C76-41D5-B98B-82876047256E}.Debug|Any CPU.Build.0 = Debug|Any CPU
		{FC40761A-5C76-41D5-B98B-82876047256E}.Release|Any CPU.ActiveCfg = Release|Any CPU
		{FC40761A-5C76-41D5-B98B-82876047256E}.Release|Any CPU.Build.0 = Release|Any CPU
		{21C2E3C1-FD4F-4FF8-9BFA-ACDF202E95B5}.Debug|Any CPU.ActiveCfg = Debug|Any CPU
		{21C2E3C1-FD4F-4FF8-9BFA-ACDF202E95B5}.Debug|Any CPU.Build.0 = Debug|Any CPU
		{21C2E3C1-FD4F-4FF8-9BFA-ACDF202E95B5}.Release|Any CPU.ActiveCfg = Release|Any CPU
		{21C2E3C1-FD4F-4FF8-9BFA-ACDF202E95B5}.Release|Any CPU.Build.0 = Release|Any CPU
		{0E37C3A9-C1EB-4749-B0BE-947BFE88CD8D}.Debug|Any CPU.ActiveCfg = Debug|Any CPU
		{0E37C3A9-C1EB-4749-B0BE-947BFE88CD8D}.Debug|Any CPU.Build.0 = Debug|Any CPU
		{0E37C3A9-C1EB-4749-B0BE-947BFE88CD8D}.Release|Any CPU.ActiveCfg = Release|Any CPU
		{0E37C3A9-C1EB-4749-B0BE-947BFE88CD8D}.Release|Any CPU.Build.0 = Release|Any CPU
		{EF8DE0CE-2D9D-4893-A1C1-45CF13D1B19B}.Debug|Any CPU.ActiveCfg = Debug|Any CPU
		{EF8DE0CE-2D9D-4893-A1C1-45CF13D1B19B}.Debug|Any CPU.Build.0 = Debug|Any CPU
		{EF8DE0CE-2D9D-4893-A1C1-45CF13D1B19B}.Release|Any CPU.ActiveCfg = Release|Any CPU
		{EF8DE0CE-2D9D-4893-A1C1-45CF13D1B19B}.Release|Any CPU.Build.0 = Release|Any CPU
		{038B51AE-7C24-488A-B968-71608CD26348}.Debug|Any CPU.ActiveCfg = Debug|Any CPU
		{038B51AE-7C24-488A-B968-71608CD26348}.Debug|Any CPU.Build.0 = Debug|Any CPU
		{038B51AE-7C24-488A-B968-71608CD26348}.Release|Any CPU.ActiveCfg = Release|Any CPU
		{038B51AE-7C24-488A-B968-71608CD26348}.Release|Any CPU.Build.0 = Release|Any CPU
		{2D529115-6281-4FDD-AD2A-F18344BAE5AF}.Debug|Any CPU.ActiveCfg = Debug|Any CPU
		{2D529115-6281-4FDD-AD2A-F18344BAE5AF}.Debug|Any CPU.Build.0 = Debug|Any CPU
		{2D529115-6281-4FDD-AD2A-F18344BAE5AF}.Release|Any CPU.ActiveCfg = Release|Any CPU
		{2D529115-6281-4FDD-AD2A-F18344BAE5AF}.Release|Any CPU.Build.0 = Release|Any CPU
	EndGlobalSection
	GlobalSection(SolutionProperties) = preSolution
		HideSolutionNode = FALSE
	EndGlobalSection
	GlobalSection(ExtensibilityGlobals) = postSolution
		SolutionGuid = {DADE50D5-7CD0-4FB4-BC6F-111814835872}
	EndGlobalSection
EndGlobal
