
Microsoft Visual Studio Solution File, Format Version 12.00
# Visual Studio 15
VisualStudioVersion = 15.0.27130.2026
MinimumVisualStudioVersion = 10.0.40219.1
Project("{FAE04EC0-301F-11D3-BF4B-00C04F79EFBC}") = "P01_Day_of_Week", "P01_Day_of_Week\P01_Day_of_Week.csproj", "{F52E88EB-07EB-4CA6-A6C6-84A8BEA1FBF5}"
EndProject
Project("{FAE04EC0-301F-11D3-BF4B-00C04F79EFBC}") = "P02_Reverse_an_Array_of_Integers", "P02_Reverse_an_Array_of_Integers\P02_Reverse_an_Array_of_Integers.csproj", "{6EECFC36-6AEC-49DD-855D-541285A374DB}"
EndProject
Project("{FAE04EC0-301F-11D3-BF4B-00C04F79EFBC}") = "P03_Last_K_Numbers_Sums_Sequence", "P03_Last_K_Numbers_Sums_Sequence\P03_Last_K_Numbers_Sums_Sequence.csproj", "{B993207B-1019-4436-8D9F-6A6306CD9569}"
EndProject
Project("{FAE04EC0-301F-11D3-BF4B-00C04F79EFBC}") = "P04_Triple_Sum", "P04_Triple_Sum\P04_Triple_Sum.csproj", "{6397CCF5-4D7F-4E98-AA89-07D63FA303F3}"
EndProject
Project("{FAE04EC0-301F-11D3-BF4B-00C04F79EFBC}") = "P05_Rounding_Numbers_Away_from_Zero", "P05_Rounding_Numbers_Away_from_Zero\P05_Rounding_Numbers_Away_from_Zero.csproj", "{9D174C01-8364-4A49-8BAE-317D7E802514}"
EndProject
Project("{FAE04EC0-301F-11D3-BF4B-00C04F79EFBC}") = "P06_Reverse_an_Array_of_Strings", "P06_Reverse_an_Array_of_Strings\P06_Reverse_an_Array_of_Strings.csproj", "{741A2555-2668-410C-8C87-0C6912A198B8}"
EndProject
Project("{FAE04EC0-301F-11D3-BF4B-00C04F79EFBC}") = "P07_Sum_Arrays", "P07_Sum_Arrays\P07_Sum_Arrays.csproj", "{B1DAC450-4B51-4A88-8E97-16FED6421320}"
EndProject
Project("{FAE04EC0-301F-11D3-BF4B-00C04F79EFBC}") = "P08_Condense_Array_to_Number", "P08_Condense_Array_to_Number\P08_Condense_Array_to_Number.csproj", "{6DAC9587-EBFA-4189-AC77-3B11EAC7AE0C}"
EndProject
Project("{FAE04EC0-301F-11D3-BF4B-00C04F79EFBC}") = "P09_Extract_Middle_1_2_3_Elements", "P09_Extract_Middle_1_2_3_Elements\P09_Extract_Middle_1_2_3_Elements.csproj", "{AA0C2C08-05AF-4C04-802C-7BCD51B63EF9}"
EndProject
Global
	GlobalSection(SolutionConfigurationPlatforms) = preSolution
		Debug|Any CPU = Debug|Any CPU
		Release|Any CPU = Release|Any CPU
	EndGlobalSection
	GlobalSection(ProjectConfigurationPlatforms) = postSolution
		{F52E88EB-07EB-4CA6-A6C6-84A8BEA1FBF5}.Debug|Any CPU.ActiveCfg = Debug|Any CPU
		{F52E88EB-07EB-4CA6-A6C6-84A8BEA1FBF5}.Debug|Any CPU.Build.0 = Debug|Any CPU
		{F52E88EB-07EB-4CA6-A6C6-84A8BEA1FBF5}.Release|Any CPU.ActiveCfg = Release|Any CPU
		{F52E88EB-07EB-4CA6-A6C6-84A8BEA1FBF5}.Release|Any CPU.Build.0 = Release|Any CPU
		{6EECFC36-6AEC-49DD-855D-541285A374DB}.Debug|Any CPU.ActiveCfg = Debug|Any CPU
		{6EECFC36-6AEC-49DD-855D-541285A374DB}.Debug|Any CPU.Build.0 = Debug|Any CPU
		{6EECFC36-6AEC-49DD-855D-541285A374DB}.Release|Any CPU.ActiveCfg = Release|Any CPU
		{6EECFC36-6AEC-49DD-855D-541285A374DB}.Release|Any CPU.Build.0 = Release|Any CPU
		{B993207B-1019-4436-8D9F-6A6306CD9569}.Debug|Any CPU.ActiveCfg = Debug|Any CPU
		{B993207B-1019-4436-8D9F-6A6306CD9569}.Debug|Any CPU.Build.0 = Debug|Any CPU
		{B993207B-1019-4436-8D9F-6A6306CD9569}.Release|Any CPU.ActiveCfg = Release|Any CPU
		{B993207B-1019-4436-8D9F-6A6306CD9569}.Release|Any CPU.Build.0 = Release|Any CPU
		{6397CCF5-4D7F-4E98-AA89-07D63FA303F3}.Debug|Any CPU.ActiveCfg = Debug|Any CPU
		{6397CCF5-4D7F-4E98-AA89-07D63FA303F3}.Debug|Any CPU.Build.0 = Debug|Any CPU
		{6397CCF5-4D7F-4E98-AA89-07D63FA303F3}.Release|Any CPU.ActiveCfg = Release|Any CPU
		{6397CCF5-4D7F-4E98-AA89-07D63FA303F3}.Release|Any CPU.Build.0 = Release|Any CPU
		{9D174C01-8364-4A49-8BAE-317D7E802514}.Debug|Any CPU.ActiveCfg = Debug|Any CPU
		{9D174C01-8364-4A49-8BAE-317D7E802514}.Debug|Any CPU.Build.0 = Debug|Any CPU
		{9D174C01-8364-4A49-8BAE-317D7E802514}.Release|Any CPU.ActiveCfg = Release|Any CPU
		{9D174C01-8364-4A49-8BAE-317D7E802514}.Release|Any CPU.Build.0 = Release|Any CPU
		{741A2555-2668-410C-8C87-0C6912A198B8}.Debug|Any CPU.ActiveCfg = Debug|Any CPU
		{741A2555-2668-410C-8C87-0C6912A198B8}.Debug|Any CPU.Build.0 = Debug|Any CPU
		{741A2555-2668-410C-8C87-0C6912A198B8}.Release|Any CPU.ActiveCfg = Release|Any CPU
		{741A2555-2668-410C-8C87-0C6912A198B8}.Release|Any CPU.Build.0 = Release|Any CPU
		{B1DAC450-4B51-4A88-8E97-16FED6421320}.Debug|Any CPU.ActiveCfg = Debug|Any CPU
		{B1DAC450-4B51-4A88-8E97-16FED6421320}.Debug|Any CPU.Build.0 = Debug|Any CPU
		{B1DAC450-4B51-4A88-8E97-16FED6421320}.Release|Any CPU.ActiveCfg = Release|Any CPU
		{B1DAC450-4B51-4A88-8E97-16FED6421320}.Release|Any CPU.Build.0 = Release|Any CPU
		{6DAC9587-EBFA-4189-AC77-3B11EAC7AE0C}.Debug|Any CPU.ActiveCfg = Debug|Any CPU
		{6DAC9587-EBFA-4189-AC77-3B11EAC7AE0C}.Debug|Any CPU.Build.0 = Debug|Any CPU
		{6DAC9587-EBFA-4189-AC77-3B11EAC7AE0C}.Release|Any CPU.ActiveCfg = Release|Any CPU
		{6DAC9587-EBFA-4189-AC77-3B11EAC7AE0C}.Release|Any CPU.Build.0 = Release|Any CPU
		{AA0C2C08-05AF-4C04-802C-7BCD51B63EF9}.Debug|Any CPU.ActiveCfg = Debug|Any CPU
		{AA0C2C08-05AF-4C04-802C-7BCD51B63EF9}.Debug|Any CPU.Build.0 = Debug|Any CPU
		{AA0C2C08-05AF-4C04-802C-7BCD51B63EF9}.Release|Any CPU.ActiveCfg = Release|Any CPU
		{AA0C2C08-05AF-4C04-802C-7BCD51B63EF9}.Release|Any CPU.Build.0 = Release|Any CPU
	EndGlobalSection
	GlobalSection(SolutionProperties) = preSolution
		HideSolutionNode = FALSE
	EndGlobalSection
	GlobalSection(ExtensibilityGlobals) = postSolution
		SolutionGuid = {3EAD2BDE-AD3A-48DA-B15F-7B188159665F}
	EndGlobalSection
EndGlobal
