
Microsoft Visual Studio Solution File, Format Version 12.00
# Visual Studio Version 17
VisualStudioVersion = 17.2.32616.157
MinimumVisualStudioVersion = 10.0.40219.1
Project("{FAE04EC0-301F-11D3-BF4B-00C04F79EFBC}") = "P03_SalesDatabase", "P03_SalesDatabase\P03_SalesDatabase.csproj", "{26191D21-0B34-47F3-ABDC-73ADB5BA57BA}"
EndProject
Project("{FAE04EC0-301F-11D3-BF4B-00C04F79EFBC}") = "P03_SalesDatabase.Data", "P03_SalesDatabase.Data\P03_SalesDatabase.Data.csproj", "{225BB140-D34B-4319-9819-336C04FD6029}"
EndProject
Project("{FAE04EC0-301F-11D3-BF4B-00C04F79EFBC}") = "P03_SalesDatabase.Data.Models", "P03_SalesDatabase.Data.Models\P03_SalesDatabase.Data.Models.csproj", "{C3F3A996-0B11-458E-B98D-2B114E90524F}"
EndProject
Global
	GlobalSection(SolutionConfigurationPlatforms) = preSolution
		Debug|Any CPU = Debug|Any CPU
		Release|Any CPU = Release|Any CPU
	EndGlobalSection
	GlobalSection(ProjectConfigurationPlatforms) = postSolution
		{26191D21-0B34-47F3-ABDC-73ADB5BA57BA}.Debug|Any CPU.ActiveCfg = Debug|Any CPU
		{26191D21-0B34-47F3-ABDC-73ADB5BA57BA}.Debug|Any CPU.Build.0 = Debug|Any CPU
		{26191D21-0B34-47F3-ABDC-73ADB5BA57BA}.Release|Any CPU.ActiveCfg = Release|Any CPU
		{26191D21-0B34-47F3-ABDC-73ADB5BA57BA}.Release|Any CPU.Build.0 = Release|Any CPU
		{225BB140-D34B-4319-9819-336C04FD6029}.Debug|Any CPU.ActiveCfg = Debug|Any CPU
		{225BB140-D34B-4319-9819-336C04FD6029}.Debug|Any CPU.Build.0 = Debug|Any CPU
		{225BB140-D34B-4319-9819-336C04FD6029}.Release|Any CPU.ActiveCfg = Release|Any CPU
		{225BB140-D34B-4319-9819-336C04FD6029}.Release|Any CPU.Build.0 = Release|Any CPU
		{C3F3A996-0B11-458E-B98D-2B114E90524F}.Debug|Any CPU.ActiveCfg = Debug|Any CPU
		{C3F3A996-0B11-458E-B98D-2B114E90524F}.Debug|Any CPU.Build.0 = Debug|Any CPU
		{C3F3A996-0B11-458E-B98D-2B114E90524F}.Release|Any CPU.ActiveCfg = Release|Any CPU
		{C3F3A996-0B11-458E-B98D-2B114E90524F}.Release|Any CPU.Build.0 = Release|Any CPU
	EndGlobalSection
	GlobalSection(SolutionProperties) = preSolution
		HideSolutionNode = FALSE
	EndGlobalSection
	GlobalSection(ExtensibilityGlobals) = postSolution
		SolutionGuid = {849B7FDE-BF04-46A5-BBE1-43F7D8EECC74}
	EndGlobalSection
EndGlobal
