
Microsoft Visual Studio Solution File, Format Version 12.00
# Visual Studio 15
VisualStudioVersion = 15.0.27130.2036
MinimumVisualStudioVersion = 10.0.40219.1
Project("{9A19103F-16F7-4668-BE54-9A1E7A4F7556}") = "P01_Padawan_Equipment", "P01_Padawan_Equipment\P01_Padawan_Equipment.csproj", "{AA05F454-4C1F-4285-B47A-1C890FC866CF}"
EndProject
Project("{9A19103F-16F7-4668-BE54-9A1E7A4F7556}") = "P02_Kamino_Factory", "P02_Kamino_Factory\P02_Kamino_Factory.csproj", "{B776652D-4414-4F62-A432-AE3805E389D7}"
EndProject
Project("{9A19103F-16F7-4668-BE54-9A1E7A4F7556}") = "P03_Star_Enigma", "P03_Star_Enigma\P03_Star_Enigma.csproj", "{C386DA99-B628-4B34-BA3C-6A7D439BA43A}"
EndProject
Project("{9A19103F-16F7-4668-BE54-9A1E7A4F7556}") = "P04_ForceBook", "P04_ForceBook\P04_ForceBook.csproj", "{5E9374C5-2378-4323-A5C9-0A1AACFB37EB}"
EndProject
Project("{FAE04EC0-301F-11D3-BF4B-00C04F79EFBC}") = "P04_ForceBook-final", "P04_ForceBook-final\P04_ForceBook-final.csproj", "{FA41CDD7-3727-4D88-A015-3AE76FE486E8}"
EndProject
Global
	GlobalSection(SolutionConfigurationPlatforms) = preSolution
		Debug|Any CPU = Debug|Any CPU
		Release|Any CPU = Release|Any CPU
	EndGlobalSection
	GlobalSection(ProjectConfigurationPlatforms) = postSolution
		{AA05F454-4C1F-4285-B47A-1C890FC866CF}.Debug|Any CPU.ActiveCfg = Debug|Any CPU
		{AA05F454-4C1F-4285-B47A-1C890FC866CF}.Debug|Any CPU.Build.0 = Debug|Any CPU
		{AA05F454-4C1F-4285-B47A-1C890FC866CF}.Release|Any CPU.ActiveCfg = Release|Any CPU
		{AA05F454-4C1F-4285-B47A-1C890FC866CF}.Release|Any CPU.Build.0 = Release|Any CPU
		{B776652D-4414-4F62-A432-AE3805E389D7}.Debug|Any CPU.ActiveCfg = Debug|Any CPU
		{B776652D-4414-4F62-A432-AE3805E389D7}.Debug|Any CPU.Build.0 = Debug|Any CPU
		{B776652D-4414-4F62-A432-AE3805E389D7}.Release|Any CPU.ActiveCfg = Release|Any CPU
		{B776652D-4414-4F62-A432-AE3805E389D7}.Release|Any CPU.Build.0 = Release|Any CPU
		{C386DA99-B628-4B34-BA3C-6A7D439BA43A}.Debug|Any CPU.ActiveCfg = Debug|Any CPU
		{C386DA99-B628-4B34-BA3C-6A7D439BA43A}.Debug|Any CPU.Build.0 = Debug|Any CPU
		{C386DA99-B628-4B34-BA3C-6A7D439BA43A}.Release|Any CPU.ActiveCfg = Release|Any CPU
		{C386DA99-B628-4B34-BA3C-6A7D439BA43A}.Release|Any CPU.Build.0 = Release|Any CPU
		{5E9374C5-2378-4323-A5C9-0A1AACFB37EB}.Debug|Any CPU.ActiveCfg = Debug|Any CPU
		{5E9374C5-2378-4323-A5C9-0A1AACFB37EB}.Debug|Any CPU.Build.0 = Debug|Any CPU
		{5E9374C5-2378-4323-A5C9-0A1AACFB37EB}.Release|Any CPU.ActiveCfg = Release|Any CPU
		{5E9374C5-2378-4323-A5C9-0A1AACFB37EB}.Release|Any CPU.Build.0 = Release|Any CPU
		{FA41CDD7-3727-4D88-A015-3AE76FE486E8}.Debug|Any CPU.ActiveCfg = Debug|Any CPU
		{FA41CDD7-3727-4D88-A015-3AE76FE486E8}.Debug|Any CPU.Build.0 = Debug|Any CPU
		{FA41CDD7-3727-4D88-A015-3AE76FE486E8}.Release|Any CPU.ActiveCfg = Release|Any CPU
		{FA41CDD7-3727-4D88-A015-3AE76FE486E8}.Release|Any CPU.Build.0 = Release|Any CPU
	EndGlobalSection
	GlobalSection(SolutionProperties) = preSolution
		HideSolutionNode = FALSE
	EndGlobalSection
	GlobalSection(ExtensibilityGlobals) = postSolution
		SolutionGuid = {D546377A-9D4E-44CC-AE5A-0496ED18D49D}
	EndGlobalSection
EndGlobal
