
Microsoft Visual Studio Solution File, Format Version 12.00
# Visual Studio 15
VisualStudioVersion = 15.0.27130.2036
MinimumVisualStudioVersion = 10.0.40219.1
Project("{9A19103F-16F7-4668-BE54-9A1E7A4F7556}") = "P01_Censorship", "P01_Censorship\P01_Censorship.csproj", "{20FC2567-2AEE-410C-9DEF-FED0D30D3D0E}"
EndProject
Project("{9A19103F-16F7-4668-BE54-9A1E7A4F7556}") = "P02_Email_Me", "P02_Email_Me\P02_Email_Me.csproj", "{044F1065-9A20-49C0-8889-5A08C1FDF3E7}"
EndProject
Project("{9A19103F-16F7-4668-BE54-9A1E7A4F7556}") = "P06_Email_Statistics", "P06_Email_Statistics\P06_Email_Statistics.csproj", "{3D9E345D-3A1D-4781-B9A0-4FE0C881BD42}"
EndProject
Project("{9A19103F-16F7-4668-BE54-9A1E7A4F7556}") = "P03_Karate_Strings", "P03_Karate_Strings\P03_Karate_Strings.csproj", "{A8F30D36-B653-412C-9A7A-02EDA7070F13}"
EndProject
Project("{9A19103F-16F7-4668-BE54-9A1E7A4F7556}") = "P04_Morse_Code_Upgraded", "P04_Morse_Code_Upgraded\P04_Morse_Code_Upgraded.csproj", "{B8A20CFA-9DD9-4C47-AB9A-8B1ADF57F779}"
EndProject
Project("{9A19103F-16F7-4668-BE54-9A1E7A4F7556}") = "P05_Only_Letters", "P05_Only_Letters\P05_Only_Letters.csproj", "{05C63EB4-961F-450D-A502-E9D2E473C83D}"
EndProject
Project("{FAE04EC0-301F-11D3-BF4B-00C04F79EFBC}") = "P07_Hideout", "P07_Hideout\P07_Hideout.csproj", "{CF70A993-E795-448E-8C46-712713E0142E}"
EndProject
Project("{FAE04EC0-301F-11D3-BF4B-00C04F79EFBC}") = "P08_Mines", "P08_Mines\P08_Mines.csproj", "{76BAAFD8-497A-4B6C-B059-B1F9684B4AF4}"
EndProject
Global
	GlobalSection(SolutionConfigurationPlatforms) = preSolution
		Debug|Any CPU = Debug|Any CPU
		Release|Any CPU = Release|Any CPU
	EndGlobalSection
	GlobalSection(ProjectConfigurationPlatforms) = postSolution
		{20FC2567-2AEE-410C-9DEF-FED0D30D3D0E}.Debug|Any CPU.ActiveCfg = Debug|Any CPU
		{20FC2567-2AEE-410C-9DEF-FED0D30D3D0E}.Debug|Any CPU.Build.0 = Debug|Any CPU
		{20FC2567-2AEE-410C-9DEF-FED0D30D3D0E}.Release|Any CPU.ActiveCfg = Release|Any CPU
		{20FC2567-2AEE-410C-9DEF-FED0D30D3D0E}.Release|Any CPU.Build.0 = Release|Any CPU
		{044F1065-9A20-49C0-8889-5A08C1FDF3E7}.Debug|Any CPU.ActiveCfg = Debug|Any CPU
		{044F1065-9A20-49C0-8889-5A08C1FDF3E7}.Debug|Any CPU.Build.0 = Debug|Any CPU
		{044F1065-9A20-49C0-8889-5A08C1FDF3E7}.Release|Any CPU.ActiveCfg = Release|Any CPU
		{044F1065-9A20-49C0-8889-5A08C1FDF3E7}.Release|Any CPU.Build.0 = Release|Any CPU
		{3D9E345D-3A1D-4781-B9A0-4FE0C881BD42}.Debug|Any CPU.ActiveCfg = Debug|Any CPU
		{3D9E345D-3A1D-4781-B9A0-4FE0C881BD42}.Debug|Any CPU.Build.0 = Debug|Any CPU
		{3D9E345D-3A1D-4781-B9A0-4FE0C881BD42}.Release|Any CPU.ActiveCfg = Release|Any CPU
		{3D9E345D-3A1D-4781-B9A0-4FE0C881BD42}.Release|Any CPU.Build.0 = Release|Any CPU
		{A8F30D36-B653-412C-9A7A-02EDA7070F13}.Debug|Any CPU.ActiveCfg = Debug|Any CPU
		{A8F30D36-B653-412C-9A7A-02EDA7070F13}.Debug|Any CPU.Build.0 = Debug|Any CPU
		{A8F30D36-B653-412C-9A7A-02EDA7070F13}.Release|Any CPU.ActiveCfg = Release|Any CPU
		{A8F30D36-B653-412C-9A7A-02EDA7070F13}.Release|Any CPU.Build.0 = Release|Any CPU
		{B8A20CFA-9DD9-4C47-AB9A-8B1ADF57F779}.Debug|Any CPU.ActiveCfg = Debug|Any CPU
		{B8A20CFA-9DD9-4C47-AB9A-8B1ADF57F779}.Debug|Any CPU.Build.0 = Debug|Any CPU
		{B8A20CFA-9DD9-4C47-AB9A-8B1ADF57F779}.Release|Any CPU.ActiveCfg = Release|Any CPU
		{B8A20CFA-9DD9-4C47-AB9A-8B1ADF57F779}.Release|Any CPU.Build.0 = Release|Any CPU
		{05C63EB4-961F-450D-A502-E9D2E473C83D}.Debug|Any CPU.ActiveCfg = Debug|Any CPU
		{05C63EB4-961F-450D-A502-E9D2E473C83D}.Debug|Any CPU.Build.0 = Debug|Any CPU
		{05C63EB4-961F-450D-A502-E9D2E473C83D}.Release|Any CPU.ActiveCfg = Release|Any CPU
		{05C63EB4-961F-450D-A502-E9D2E473C83D}.Release|Any CPU.Build.0 = Release|Any CPU
		{CF70A993-E795-448E-8C46-712713E0142E}.Debug|Any CPU.ActiveCfg = Debug|Any CPU
		{CF70A993-E795-448E-8C46-712713E0142E}.Debug|Any CPU.Build.0 = Debug|Any CPU
		{CF70A993-E795-448E-8C46-712713E0142E}.Release|Any CPU.ActiveCfg = Release|Any CPU
		{CF70A993-E795-448E-8C46-712713E0142E}.Release|Any CPU.Build.0 = Release|Any CPU
		{76BAAFD8-497A-4B6C-B059-B1F9684B4AF4}.Debug|Any CPU.ActiveCfg = Debug|Any CPU
		{76BAAFD8-497A-4B6C-B059-B1F9684B4AF4}.Debug|Any CPU.Build.0 = Debug|Any CPU
		{76BAAFD8-497A-4B6C-B059-B1F9684B4AF4}.Release|Any CPU.ActiveCfg = Release|Any CPU
		{76BAAFD8-497A-4B6C-B059-B1F9684B4AF4}.Release|Any CPU.Build.0 = Release|Any CPU
	EndGlobalSection
	GlobalSection(SolutionProperties) = preSolution
		HideSolutionNode = FALSE
	EndGlobalSection
	GlobalSection(ExtensibilityGlobals) = postSolution
		SolutionGuid = {275F4A61-F9B8-43D1-9B20-5D04F142A1E9}
	EndGlobalSection
EndGlobal
