
Microsoft Visual Studio Solution File, Format Version 12.00
# Visual Studio Version 17
VisualStudioVersion = 17.0.32112.339
MinimumVisualStudioVersion = 10.0.40219.1
Project("{FAE04EC0-301F-11D3-BF4B-00C04F79EFBC}") = "01-Sort-Even-Numbers", "01-Sort-Even-Numbers\01-Sort-Even-Numbers.csproj", "{7D591AA1-94C4-400E-80A4-0873E81E0CF9}"
EndProject
Project("{FAE04EC0-301F-11D3-BF4B-00C04F79EFBC}") = "02-Sum-Numbers", "02-Sum-Numbers\02-Sum-Numbers.csproj", "{EBD86EC0-EC59-423D-A564-935E6084F3B0}"
EndProject
Project("{FAE04EC0-301F-11D3-BF4B-00C04F79EFBC}") = "03-Count-Uppercase-Words", "03-Count-Uppercase-Words\03-Count-Uppercase-Words.csproj", "{C1EEDCBB-56EA-4810-975A-47C0DF5A7D32}"
EndProject
Project("{FAE04EC0-301F-11D3-BF4B-00C04F79EFBC}") = "04-Add-VAT", "04-Add-VAT\04-Add-VAT.csproj", "{FF57B71A-3F42-48E1-A1A0-F3FAC1A26E46}"
EndProject
Project("{FAE04EC0-301F-11D3-BF4B-00C04F79EFBC}") = "05-Filter-by-Age", "05-Filter-by-Age\05-Filter-by-Age.csproj", "{E6BDC20E-FF71-411D-A4EF-D334E8460EFC}"
EndProject
Global
	GlobalSection(SolutionConfigurationPlatforms) = preSolution
		Debug|Any CPU = Debug|Any CPU
		Release|Any CPU = Release|Any CPU
	EndGlobalSection
	GlobalSection(ProjectConfigurationPlatforms) = postSolution
		{7D591AA1-94C4-400E-80A4-0873E81E0CF9}.Debug|Any CPU.ActiveCfg = Debug|Any CPU
		{7D591AA1-94C4-400E-80A4-0873E81E0CF9}.Debug|Any CPU.Build.0 = Debug|Any CPU
		{7D591AA1-94C4-400E-80A4-0873E81E0CF9}.Release|Any CPU.ActiveCfg = Release|Any CPU
		{7D591AA1-94C4-400E-80A4-0873E81E0CF9}.Release|Any CPU.Build.0 = Release|Any CPU
		{EBD86EC0-EC59-423D-A564-935E6084F3B0}.Debug|Any CPU.ActiveCfg = Debug|Any CPU
		{EBD86EC0-EC59-423D-A564-935E6084F3B0}.Debug|Any CPU.Build.0 = Debug|Any CPU
		{EBD86EC0-EC59-423D-A564-935E6084F3B0}.Release|Any CPU.ActiveCfg = Release|Any CPU
		{EBD86EC0-EC59-423D-A564-935E6084F3B0}.Release|Any CPU.Build.0 = Release|Any CPU
		{C1EEDCBB-56EA-4810-975A-47C0DF5A7D32}.Debug|Any CPU.ActiveCfg = Debug|Any CPU
		{C1EEDCBB-56EA-4810-975A-47C0DF5A7D32}.Debug|Any CPU.Build.0 = Debug|Any CPU
		{C1EEDCBB-56EA-4810-975A-47C0DF5A7D32}.Release|Any CPU.ActiveCfg = Release|Any CPU
		{C1EEDCBB-56EA-4810-975A-47C0DF5A7D32}.Release|Any CPU.Build.0 = Release|Any CPU
		{FF57B71A-3F42-48E1-A1A0-F3FAC1A26E46}.Debug|Any CPU.ActiveCfg = Debug|Any CPU
		{FF57B71A-3F42-48E1-A1A0-F3FAC1A26E46}.Debug|Any CPU.Build.0 = Debug|Any CPU
		{FF57B71A-3F42-48E1-A1A0-F3FAC1A26E46}.Release|Any CPU.ActiveCfg = Release|Any CPU
		{FF57B71A-3F42-48E1-A1A0-F3FAC1A26E46}.Release|Any CPU.Build.0 = Release|Any CPU
		{E6BDC20E-FF71-411D-A4EF-D334E8460EFC}.Debug|Any CPU.ActiveCfg = Debug|Any CPU
		{E6BDC20E-FF71-411D-A4EF-D334E8460EFC}.Debug|Any CPU.Build.0 = Debug|Any CPU
		{E6BDC20E-FF71-411D-A4EF-D334E8460EFC}.Release|Any CPU.ActiveCfg = Release|Any CPU
		{E6BDC20E-FF71-411D-A4EF-D334E8460EFC}.Release|Any CPU.Build.0 = Release|Any CPU
	EndGlobalSection
	GlobalSection(SolutionProperties) = preSolution
		HideSolutionNode = FALSE
	EndGlobalSection
	GlobalSection(ExtensibilityGlobals) = postSolution
		SolutionGuid = {FD8360B9-1A07-40EB-8BB8-EB51B84F0B08}
	EndGlobalSection
EndGlobal
