
Microsoft Visual Studio Solution File, Format Version 12.00
# Visual Studio Version 16
VisualStudioVersion = 16.0.32106.194
MinimumVisualStudioVersion = 10.0.40219.1
Project("{9A19103F-16F7-4668-BE54-9A1E7A4F7556}") = "01-Box-Of-T", "01-Box-Of-T\01-Box-Of-T.csproj", "{F6FBEAD9-3B32-4906-85F9-B5CB18E20EEA}"
EndProject
Project("{FAE04EC0-301F-11D3-BF4B-00C04F79EFBC}") = "02-Generic-Array-Creator", "02-Generic-Array-Creator\02-Generic-Array-Creator.csproj", "{B4F59CB4-B98C-4B2C-9A8F-DFC69D1EE9B8}"
EndProject
Project("{FAE04EC0-301F-11D3-BF4B-00C04F79EFBC}") = "03-Generic-Scale", "03-Generic-Scale\03-Generic-Scale.csproj", "{ED12A931-D78D-467C-8281-856679630A99}"
EndProject
Global
	GlobalSection(SolutionConfigurationPlatforms) = preSolution
		Debug|Any CPU = Debug|Any CPU
		Release|Any CPU = Release|Any CPU
	EndGlobalSection
	GlobalSection(ProjectConfigurationPlatforms) = postSolution
		{F6FBEAD9-3B32-4906-85F9-B5CB18E20EEA}.Debug|Any CPU.ActiveCfg = Debug|Any CPU
		{F6FBEAD9-3B32-4906-85F9-B5CB18E20EEA}.Debug|Any CPU.Build.0 = Debug|Any CPU
		{F6FBEAD9-3B32-4906-85F9-B5CB18E20EEA}.Release|Any CPU.ActiveCfg = Release|Any CPU
		{F6FBEAD9-3B32-4906-85F9-B5CB18E20EEA}.Release|Any CPU.Build.0 = Release|Any CPU
		{B4F59CB4-B98C-4B2C-9A8F-DFC69D1EE9B8}.Debug|Any CPU.ActiveCfg = Debug|Any CPU
		{B4F59CB4-B98C-4B2C-9A8F-DFC69D1EE9B8}.Debug|Any CPU.Build.0 = Debug|Any CPU
		{B4F59CB4-B98C-4B2C-9A8F-DFC69D1EE9B8}.Release|Any CPU.ActiveCfg = Release|Any CPU
		{B4F59CB4-B98C-4B2C-9A8F-DFC69D1EE9B8}.Release|Any CPU.Build.0 = Release|Any CPU
		{ED12A931-D78D-467C-8281-856679630A99}.Debug|Any CPU.ActiveCfg = Debug|Any CPU
		{ED12A931-D78D-467C-8281-856679630A99}.Debug|Any CPU.Build.0 = Debug|Any CPU
		{ED12A931-D78D-467C-8281-856679630A99}.Release|Any CPU.ActiveCfg = Release|Any CPU
		{ED12A931-D78D-467C-8281-856679630A99}.Release|Any CPU.Build.0 = Release|Any CPU
	EndGlobalSection
	GlobalSection(SolutionProperties) = preSolution
		HideSolutionNode = FALSE
	EndGlobalSection
	GlobalSection(ExtensibilityGlobals) = postSolution
		SolutionGuid = {4201733D-5CAA-488A-94AF-B5EBD139EEAD}
	EndGlobalSection
EndGlobal
