
Microsoft Visual Studio Solution File, Format Version 12.00
# Visual Studio Version 17
VisualStudioVersion = 17.0.32112.339
MinimumVisualStudioVersion = 10.0.40219.1
Project("{9A19103F-16F7-4668-BE54-9A1E7A4F7556}") = "01-Unique-Usernames", "01-Unique-Usernames\01-Unique-Usernames.csproj", "{0E163B96-03FA-4890-90A1-33F3DC84D18D}"
EndProject
Project("{9A19103F-16F7-4668-BE54-9A1E7A4F7556}") = "02-Sets-of-Elements", "02-Sets-of-Elements\02-Sets-of-Elements.csproj", "{742102AD-043C-425C-A242-DAB283A23475}"
EndProject
Project("{9A19103F-16F7-4668-BE54-9A1E7A4F7556}") = "03-Periodic-Table", "03-Periodic-Table\03-Periodic-Table.csproj", "{72394E89-8A96-43EA-A2C6-50522E61059F}"
EndProject
Project("{9A19103F-16F7-4668-BE54-9A1E7A4F7556}") = "04-Even-Times", "04-Even-Times\04-Even-Times.csproj", "{A992EAE2-FBC4-433F-91ED-686E4A49F162}"
EndProject
Project("{9A19103F-16F7-4668-BE54-9A1E7A4F7556}") = "05-Count-Symbols", "05-Count-Symbols\05-Count-Symbols.csproj", "{01DB380A-9119-4950-B2C7-C32B69527AEE}"
EndProject
Project("{9A19103F-16F7-4668-BE54-9A1E7A4F7556}") = "06-Wardrobe", "06-Wardrobe\06-Wardrobe.csproj", "{8A12B266-1E75-49EF-A1D2-756E24AD9982}"
EndProject
Project("{9A19103F-16F7-4668-BE54-9A1E7A4F7556}") = "07-The-V-Logger", "07-The-V-Logger\07-The-V-Logger.csproj", "{993B9745-D422-443F-A587-41602ECE7F3C}"
EndProject
Project("{9A19103F-16F7-4668-BE54-9A1E7A4F7556}") = "08-Ranking", "08-Ranking\08-Ranking.csproj", "{0B042F59-A150-4CE7-9725-9DE73A706157}"
EndProject
Project("{FAE04EC0-301F-11D3-BF4B-00C04F79EFBC}") = "09-SoftUni-Exam-Results", "09-SoftUni-Exam-Results\09-SoftUni-Exam-Results.csproj", "{DCDA0FAD-9D8C-4285-823D-3BD38029AF15}"
EndProject
Project("{FAE04EC0-301F-11D3-BF4B-00C04F79EFBC}") = "10-ForceBook", "10-ForceBook\10-ForceBook.csproj", "{622BE315-D528-4C44-ADB8-2F62DB55FAC0}"
EndProject
Global
	GlobalSection(SolutionConfigurationPlatforms) = preSolution
		Debug|Any CPU = Debug|Any CPU
		Release|Any CPU = Release|Any CPU
	EndGlobalSection
	GlobalSection(ProjectConfigurationPlatforms) = postSolution
		{0E163B96-03FA-4890-90A1-33F3DC84D18D}.Debug|Any CPU.ActiveCfg = Debug|Any CPU
		{0E163B96-03FA-4890-90A1-33F3DC84D18D}.Debug|Any CPU.Build.0 = Debug|Any CPU
		{0E163B96-03FA-4890-90A1-33F3DC84D18D}.Release|Any CPU.ActiveCfg = Release|Any CPU
		{0E163B96-03FA-4890-90A1-33F3DC84D18D}.Release|Any CPU.Build.0 = Release|Any CPU
		{742102AD-043C-425C-A242-DAB283A23475}.Debug|Any CPU.ActiveCfg = Debug|Any CPU
		{742102AD-043C-425C-A242-DAB283A23475}.Debug|Any CPU.Build.0 = Debug|Any CPU
		{742102AD-043C-425C-A242-DAB283A23475}.Release|Any CPU.ActiveCfg = Release|Any CPU
		{742102AD-043C-425C-A242-DAB283A23475}.Release|Any CPU.Build.0 = Release|Any CPU
		{72394E89-8A96-43EA-A2C6-50522E61059F}.Debug|Any CPU.ActiveCfg = Debug|Any CPU
		{72394E89-8A96-43EA-A2C6-50522E61059F}.Debug|Any CPU.Build.0 = Debug|Any CPU
		{72394E89-8A96-43EA-A2C6-50522E61059F}.Release|Any CPU.ActiveCfg = Release|Any CPU
		{72394E89-8A96-43EA-A2C6-50522E61059F}.Release|Any CPU.Build.0 = Release|Any CPU
		{A992EAE2-FBC4-433F-91ED-686E4A49F162}.Debug|Any CPU.ActiveCfg = Debug|Any CPU
		{A992EAE2-FBC4-433F-91ED-686E4A49F162}.Debug|Any CPU.Build.0 = Debug|Any CPU
		{A992EAE2-FBC4-433F-91ED-686E4A49F162}.Release|Any CPU.ActiveCfg = Release|Any CPU
		{A992EAE2-FBC4-433F-91ED-686E4A49F162}.Release|Any CPU.Build.0 = Release|Any CPU
		{01DB380A-9119-4950-B2C7-C32B69527AEE}.Debug|Any CPU.ActiveCfg = Debug|Any CPU
		{01DB380A-9119-4950-B2C7-C32B69527AEE}.Debug|Any CPU.Build.0 = Debug|Any CPU
		{01DB380A-9119-4950-B2C7-C32B69527AEE}.Release|Any CPU.ActiveCfg = Release|Any CPU
		{01DB380A-9119-4950-B2C7-C32B69527AEE}.Release|Any CPU.Build.0 = Release|Any CPU
		{8A12B266-1E75-49EF-A1D2-756E24AD9982}.Debug|Any CPU.ActiveCfg = Debug|Any CPU
		{8A12B266-1E75-49EF-A1D2-756E24AD9982}.Debug|Any CPU.Build.0 = Debug|Any CPU
		{8A12B266-1E75-49EF-A1D2-756E24AD9982}.Release|Any CPU.ActiveCfg = Release|Any CPU
		{8A12B266-1E75-49EF-A1D2-756E24AD9982}.Release|Any CPU.Build.0 = Release|Any CPU
		{993B9745-D422-443F-A587-41602ECE7F3C}.Debug|Any CPU.ActiveCfg = Debug|Any CPU
		{993B9745-D422-443F-A587-41602ECE7F3C}.Debug|Any CPU.Build.0 = Debug|Any CPU
		{993B9745-D422-443F-A587-41602ECE7F3C}.Release|Any CPU.ActiveCfg = Release|Any CPU
		{993B9745-D422-443F-A587-41602ECE7F3C}.Release|Any CPU.Build.0 = Release|Any CPU
		{0B042F59-A150-4CE7-9725-9DE73A706157}.Debug|Any CPU.ActiveCfg = Debug|Any CPU
		{0B042F59-A150-4CE7-9725-9DE73A706157}.Debug|Any CPU.Build.0 = Debug|Any CPU
		{0B042F59-A150-4CE7-9725-9DE73A706157}.Release|Any CPU.ActiveCfg = Release|Any CPU
		{0B042F59-A150-4CE7-9725-9DE73A706157}.Release|Any CPU.Build.0 = Release|Any CPU
		{DCDA0FAD-9D8C-4285-823D-3BD38029AF15}.Debug|Any CPU.ActiveCfg = Debug|Any CPU
		{DCDA0FAD-9D8C-4285-823D-3BD38029AF15}.Debug|Any CPU.Build.0 = Debug|Any CPU
		{DCDA0FAD-9D8C-4285-823D-3BD38029AF15}.Release|Any CPU.ActiveCfg = Release|Any CPU
		{DCDA0FAD-9D8C-4285-823D-3BD38029AF15}.Release|Any CPU.Build.0 = Release|Any CPU
		{622BE315-D528-4C44-ADB8-2F62DB55FAC0}.Debug|Any CPU.ActiveCfg = Debug|Any CPU
		{622BE315-D528-4C44-ADB8-2F62DB55FAC0}.Debug|Any CPU.Build.0 = Debug|Any CPU
		{622BE315-D528-4C44-ADB8-2F62DB55FAC0}.Release|Any CPU.ActiveCfg = Release|Any CPU
		{622BE315-D528-4C44-ADB8-2F62DB55FAC0}.Release|Any CPU.Build.0 = Release|Any CPU
	EndGlobalSection
	GlobalSection(SolutionProperties) = preSolution
		HideSolutionNode = FALSE
	EndGlobalSection
	GlobalSection(ExtensibilityGlobals) = postSolution
		SolutionGuid = {02B4AC09-579A-455C-9AD8-AA17C24DF0BA}
	EndGlobalSection
EndGlobal
