
Microsoft Visual Studio Solution File, Format Version 12.00
# Visual Studio 15
VisualStudioVersion = 15.0.27004.2002
MinimumVisualStudioVersion = 10.0.40219.1
Project("{FAE04EC0-301F-11D3-BF4B-00C04F79EFBC}") = "P01_Passed", "P01_Passed\P01_Passed.csproj", "{F562DCEA-5EC0-4313-87EB-B7F87D9AA8B8}"
EndProject
Project("{FAE04EC0-301F-11D3-BF4B-00C04F79EFBC}") = "P02_Passed_or_Failed", "P02_Passed_or_Failed\P02_Passed_or_Failed.csproj", "{DAB80314-5F45-4847-899B-76E4B4784E9B}"
EndProject
Project("{FAE04EC0-301F-11D3-BF4B-00C04F79EFBC}") = "P03_Back_in_30_Minutes", "P03_Back_in_30_Minutes\P03_Back_in_30_Minutes.csproj", "{29CF25B7-4B07-4B9B-9E8B-83A3E1702157}"
EndProject
Project("{FAE04EC0-301F-11D3-BF4B-00C04F79EFBC}") = "P04_Month_Printer", "P04_Month_Printer\P04_Month_Printer.csproj", "{A2D95F2E-9863-48A3-9699-F7DD3658C83F}"
EndProject
Project("{FAE04EC0-301F-11D3-BF4B-00C04F79EFBC}") = "P05_Foreign_Languages", "P05_Foreign_Languages\P05_Foreign_Languages.csproj", "{2EE01688-3B03-49D9-B028-ED2D3CD80F0A}"
EndProject
Project("{FAE04EC0-301F-11D3-BF4B-00C04F79EFBC}") = "P06_Theatre_Promotions", "P06_Theatre_Promotions\P06_Theatre_Promotions.csproj", "{8C7137A1-8FAB-472D-B294-E730B42CA692}"
EndProject
Project("{FAE04EC0-301F-11D3-BF4B-00C04F79EFBC}") = "P07_Divisible_by_3", "P07_Divisible_by_3\P07_Divisible_by_3.csproj", "{ECCCB026-1B5F-4862-8750-03EC0754ED3F}"
EndProject
Project("{FAE04EC0-301F-11D3-BF4B-00C04F79EFBC}") = "P08_Sum_of_Odd_Numbers", "P08_Sum_of_Odd_Numbers\P08_Sum_of_Odd_Numbers.csproj", "{636FEF62-E7E0-4525-B7C1-20C4E0DA14F8}"
EndProject
Project("{FAE04EC0-301F-11D3-BF4B-00C04F79EFBC}") = "P09_Multiplication_Table", "P09_Multiplication_Table\P09_Multiplication_Table.csproj", "{0E3DA763-B3A4-4E5F-BD39-52C8B45263FB}"
EndProject
Project("{FAE04EC0-301F-11D3-BF4B-00C04F79EFBC}") = "P10_Multiplication_Table_2_0", "P10_Multiplication_Table_2.0\P10_Multiplication_Table_2_0.csproj", "{4F43984B-062D-44FE-A9F4-49245ED11C93}"
EndProject
Project("{FAE04EC0-301F-11D3-BF4B-00C04F79EFBC}") = "P11_Odd_Number", "P11_Odd_Number\P11_Odd_Number.csproj", "{B39FF4FA-8127-4491-A4F1-F3F09598DF21}"
EndProject
Project("{FAE04EC0-301F-11D3-BF4B-00C04F79EFBC}") = "P12_Number_checker", "P12_Number_checker\P12_Number_checker.csproj", "{CB688BFD-FB94-41B4-8CBA-4C36E0A32F58}"
EndProject
Global
	GlobalSection(SolutionConfigurationPlatforms) = preSolution
		Debug|Any CPU = Debug|Any CPU
		Release|Any CPU = Release|Any CPU
	EndGlobalSection
	GlobalSection(ProjectConfigurationPlatforms) = postSolution
		{F562DCEA-5EC0-4313-87EB-B7F87D9AA8B8}.Debug|Any CPU.ActiveCfg = Debug|Any CPU
		{F562DCEA-5EC0-4313-87EB-B7F87D9AA8B8}.Debug|Any CPU.Build.0 = Debug|Any CPU
		{F562DCEA-5EC0-4313-87EB-B7F87D9AA8B8}.Release|Any CPU.ActiveCfg = Release|Any CPU
		{F562DCEA-5EC0-4313-87EB-B7F87D9AA8B8}.Release|Any CPU.Build.0 = Release|Any CPU
		{DAB80314-5F45-4847-899B-76E4B4784E9B}.Debug|Any CPU.ActiveCfg = Debug|Any CPU
		{DAB80314-5F45-4847-899B-76E4B4784E9B}.Debug|Any CPU.Build.0 = Debug|Any CPU
		{DAB80314-5F45-4847-899B-76E4B4784E9B}.Release|Any CPU.ActiveCfg = Release|Any CPU
		{DAB80314-5F45-4847-899B-76E4B4784E9B}.Release|Any CPU.Build.0 = Release|Any CPU
		{29CF25B7-4B07-4B9B-9E8B-83A3E1702157}.Debug|Any CPU.ActiveCfg = Debug|Any CPU
		{29CF25B7-4B07-4B9B-9E8B-83A3E1702157}.Debug|Any CPU.Build.0 = Debug|Any CPU
		{29CF25B7-4B07-4B9B-9E8B-83A3E1702157}.Release|Any CPU.ActiveCfg = Release|Any CPU
		{29CF25B7-4B07-4B9B-9E8B-83A3E1702157}.Release|Any CPU.Build.0 = Release|Any CPU
		{A2D95F2E-9863-48A3-9699-F7DD3658C83F}.Debug|Any CPU.ActiveCfg = Debug|Any CPU
		{A2D95F2E-9863-48A3-9699-F7DD3658C83F}.Debug|Any CPU.Build.0 = Debug|Any CPU
		{A2D95F2E-9863-48A3-9699-F7DD3658C83F}.Release|Any CPU.ActiveCfg = Release|Any CPU
		{A2D95F2E-9863-48A3-9699-F7DD3658C83F}.Release|Any CPU.Build.0 = Release|Any CPU
		{2EE01688-3B03-49D9-B028-ED2D3CD80F0A}.Debug|Any CPU.ActiveCfg = Debug|Any CPU
		{2EE01688-3B03-49D9-B028-ED2D3CD80F0A}.Debug|Any CPU.Build.0 = Debug|Any CPU
		{2EE01688-3B03-49D9-B028-ED2D3CD80F0A}.Release|Any CPU.ActiveCfg = Release|Any CPU
		{2EE01688-3B03-49D9-B028-ED2D3CD80F0A}.Release|Any CPU.Build.0 = Release|Any CPU
		{8C7137A1-8FAB-472D-B294-E730B42CA692}.Debug|Any CPU.ActiveCfg = Debug|Any CPU
		{8C7137A1-8FAB-472D-B294-E730B42CA692}.Debug|Any CPU.Build.0 = Debug|Any CPU
		{8C7137A1-8FAB-472D-B294-E730B42CA692}.Release|Any CPU.ActiveCfg = Release|Any CPU
		{8C7137A1-8FAB-472D-B294-E730B42CA692}.Release|Any CPU.Build.0 = Release|Any CPU
		{ECCCB026-1B5F-4862-8750-03EC0754ED3F}.Debug|Any CPU.ActiveCfg = Debug|Any CPU
		{ECCCB026-1B5F-4862-8750-03EC0754ED3F}.Debug|Any CPU.Build.0 = Debug|Any CPU
		{ECCCB026-1B5F-4862-8750-03EC0754ED3F}.Release|Any CPU.ActiveCfg = Release|Any CPU
		{ECCCB026-1B5F-4862-8750-03EC0754ED3F}.Release|Any CPU.Build.0 = Release|Any CPU
		{636FEF62-E7E0-4525-B7C1-20C4E0DA14F8}.Debug|Any CPU.ActiveCfg = Debug|Any CPU
		{636FEF62-E7E0-4525-B7C1-20C4E0DA14F8}.Debug|Any CPU.Build.0 = Debug|Any CPU
		{636FEF62-E7E0-4525-B7C1-20C4E0DA14F8}.Release|Any CPU.ActiveCfg = Release|Any CPU
		{636FEF62-E7E0-4525-B7C1-20C4E0DA14F8}.Release|Any CPU.Build.0 = Release|Any CPU
		{0E3DA763-B3A4-4E5F-BD39-52C8B45263FB}.Debug|Any CPU.ActiveCfg = Debug|Any CPU
		{0E3DA763-B3A4-4E5F-BD39-52C8B45263FB}.Debug|Any CPU.Build.0 = Debug|Any CPU
		{0E3DA763-B3A4-4E5F-BD39-52C8B45263FB}.Release|Any CPU.ActiveCfg = Release|Any CPU
		{0E3DA763-B3A4-4E5F-BD39-52C8B45263FB}.Release|Any CPU.Build.0 = Release|Any CPU
		{4F43984B-062D-44FE-A9F4-49245ED11C93}.Debug|Any CPU.ActiveCfg = Debug|Any CPU
		{4F43984B-062D-44FE-A9F4-49245ED11C93}.Debug|Any CPU.Build.0 = Debug|Any CPU
		{4F43984B-062D-44FE-A9F4-49245ED11C93}.Release|Any CPU.ActiveCfg = Release|Any CPU
		{4F43984B-062D-44FE-A9F4-49245ED11C93}.Release|Any CPU.Build.0 = Release|Any CPU
		{B39FF4FA-8127-4491-A4F1-F3F09598DF21}.Debug|Any CPU.ActiveCfg = Debug|Any CPU
		{B39FF4FA-8127-4491-A4F1-F3F09598DF21}.Debug|Any CPU.Build.0 = Debug|Any CPU
		{B39FF4FA-8127-4491-A4F1-F3F09598DF21}.Release|Any CPU.ActiveCfg = Release|Any CPU
		{B39FF4FA-8127-4491-A4F1-F3F09598DF21}.Release|Any CPU.Build.0 = Release|Any CPU
		{CB688BFD-FB94-41B4-8CBA-4C36E0A32F58}.Debug|Any CPU.ActiveCfg = Debug|Any CPU
		{CB688BFD-FB94-41B4-8CBA-4C36E0A32F58}.Debug|Any CPU.Build.0 = Debug|Any CPU
		{CB688BFD-FB94-41B4-8CBA-4C36E0A32F58}.Release|Any CPU.ActiveCfg = Release|Any CPU
		{CB688BFD-FB94-41B4-8CBA-4C36E0A32F58}.Release|Any CPU.Build.0 = Release|Any CPU
	EndGlobalSection
	GlobalSection(SolutionProperties) = preSolution
		HideSolutionNode = FALSE
	EndGlobalSection
	GlobalSection(ExtensibilityGlobals) = postSolution
		SolutionGuid = {CAA857EE-9CF4-4751-8A90-19E38D9D6E7E}
	EndGlobalSection
EndGlobal
