
Microsoft Visual Studio Solution File, Format Version 12.00
# Visual Studio 15
VisualStudioVersion = 15.0.27130.2026
MinimumVisualStudioVersion = 10.0.40219.1
Project("{9A19103F-16F7-4668-BE54-9A1E7A4F7556}") = "P01_Hello_Name", "P01_Hello_Name\P01_Hello_Name.csproj", "{27352540-9A69-4DC2-BA91-260E0346621F}"
EndProject
Project("{9A19103F-16F7-4668-BE54-9A1E7A4F7556}") = "P02_Max_Method", "P02_Max_Method\P02_Max_Method.csproj", "{9D3156CA-5DAE-4D1F-B8EF-EA47D5E9C643}"
EndProject
Project("{9A19103F-16F7-4668-BE54-9A1E7A4F7556}") = "P03_English_Name_оf_the_Last_Digit", "P03_Last_Digit\P03_English_Name_оf_the_Last_Digit.csproj", "{374496AF-A892-4E80-8A76-9083628F2E37}"
EndProject
Project("{9A19103F-16F7-4668-BE54-9A1E7A4F7556}") = "P04_Numbers_in_Reversed_Order", "P04_Num_Reversed\P04_Numbers_in_Reversed_Order.csproj", "{997C7052-5D24-4381-B76B-CEAB96472BA7}"
EndProject
Project("{9A19103F-16F7-4668-BE54-9A1E7A4F7556}") = "P06_Prime_Checker", "P06_Prime_Checker\P06_Prime_Checker.csproj", "{6A9F33CE-B0A1-47B2-81A6-32A1B76F89AF}"
EndProject
Project("{9A19103F-16F7-4668-BE54-9A1E7A4F7556}") = "P08_Center_Point", "P08_Center_Point\P08_Center_Point.csproj", "{09B5BB29-44D9-4F67-8DB6-B8B11A183BB5}"
EndProject
Project("{9A19103F-16F7-4668-BE54-9A1E7A4F7556}") = "P09_Longer_Line", "P09_Longer_Line\P09_Longer_Line.csproj", "{4F413CE3-F18C-43A6-BFE6-6C81E1032F9B}"
EndProject
Project("{9A19103F-16F7-4668-BE54-9A1E7A4F7556}") = "P12_Master_Numbers", "P12_Master_Numbers\P12_Master_Numbers.csproj", "{5D34B108-DE71-45BF-A9FF-77C49AB3DC48}"
EndProject
Project("{9A19103F-16F7-4668-BE54-9A1E7A4F7556}") = "P13_Factorial", "P13_Factorial\P13_Factorial.csproj", "{6FE74C74-EDB7-4410-9502-2AF34F0DC2AB}"
EndProject
Project("{9A19103F-16F7-4668-BE54-9A1E7A4F7556}") = "P15_Debug_Substring", "P15_Debug_Substring\P15_Debug_Substring.csproj", "{D83500C6-5597-439B-9BD9-1F54436B7255}"
EndProject
Project("{9A19103F-16F7-4668-BE54-9A1E7A4F7556}") = "P05_Fibonacci_Numbers", "P05_Fibonacci_Numbers\P05_Fibonacci_Numbers.csproj", "{7D6E5D6F-65E3-4584-9411-42FE71CF9E3A}"
EndProject
Project("{9A19103F-16F7-4668-BE54-9A1E7A4F7556}") = "P07_Primes_in_Range", "P07_Primes_in_Range\P07_Primes_in_Range.csproj", "{DECB4D5C-0C3D-41CD-92EB-475B78A54FB0}"
EndProject
Project("{9A19103F-16F7-4668-BE54-9A1E7A4F7556}") = "P10_Cube_Properties", "P10_Cube_Properties\P10_Cube_Properties.csproj", "{3A177C31-6E4F-481B-9E4F-5BA2ECC30842}"
EndProject
Project("{9A19103F-16F7-4668-BE54-9A1E7A4F7556}") = "P11_Geometry_Calculator", "P11_Geometry_Calculator\P11_Geometry_Calculator.csproj", "{434D600E-5EC1-4788-BE79-781C61F2C573}"
EndProject
Project("{9A19103F-16F7-4668-BE54-9A1E7A4F7556}") = "P14_Factorial_Trailing_Zero", "P14_Factorial_Trailing_Zero\P14_Factorial_Trailing_Zero.csproj", "{99112473-7E14-4C6C-A6FB-C94829C3CE6F}"
EndProject
Project("{9A19103F-16F7-4668-BE54-9A1E7A4F7556}") = "P16_Debug_Instruction_Set", "P16_Debug_Instruction_Set\P16_Debug_Instruction_Set.csproj", "{E81E6D2C-AC65-4F39-B63C-6EDE34C0E1FB}"
EndProject
Project("{9A19103F-16F7-4668-BE54-9A1E7A4F7556}") = "P17_Debug_Be_Positive", "P17_Debug_Be_Positive\P17_Debug_Be_Positive.csproj", "{A599035E-8731-4844-834D-B6020F5A5CD4}"
EndProject
Project("{9A19103F-16F7-4668-BE54-9A1E7A4F7556}") = "P18_Debug_Sequence_of_Commands", "P18_Debug_Sequence_of_Commands\P18_Debug_Sequence_of_Commands.csproj", "{A0899257-0D8E-4073-ACE2-99084414FB8D}"
EndProject
Global
	GlobalSection(SolutionConfigurationPlatforms) = preSolution
		Debug|Any CPU = Debug|Any CPU
		Release|Any CPU = Release|Any CPU
	EndGlobalSection
	GlobalSection(ProjectConfigurationPlatforms) = postSolution
		{27352540-9A69-4DC2-BA91-260E0346621F}.Debug|Any CPU.ActiveCfg = Debug|Any CPU
		{27352540-9A69-4DC2-BA91-260E0346621F}.Debug|Any CPU.Build.0 = Debug|Any CPU
		{27352540-9A69-4DC2-BA91-260E0346621F}.Release|Any CPU.ActiveCfg = Release|Any CPU
		{27352540-9A69-4DC2-BA91-260E0346621F}.Release|Any CPU.Build.0 = Release|Any CPU
		{9D3156CA-5DAE-4D1F-B8EF-EA47D5E9C643}.Debug|Any CPU.ActiveCfg = Debug|Any CPU
		{9D3156CA-5DAE-4D1F-B8EF-EA47D5E9C643}.Debug|Any CPU.Build.0 = Debug|Any CPU
		{9D3156CA-5DAE-4D1F-B8EF-EA47D5E9C643}.Release|Any CPU.ActiveCfg = Release|Any CPU
		{9D3156CA-5DAE-4D1F-B8EF-EA47D5E9C643}.Release|Any CPU.Build.0 = Release|Any CPU
		{374496AF-A892-4E80-8A76-9083628F2E37}.Debug|Any CPU.ActiveCfg = Debug|Any CPU
		{374496AF-A892-4E80-8A76-9083628F2E37}.Debug|Any CPU.Build.0 = Debug|Any CPU
		{374496AF-A892-4E80-8A76-9083628F2E37}.Release|Any CPU.ActiveCfg = Release|Any CPU
		{374496AF-A892-4E80-8A76-9083628F2E37}.Release|Any CPU.Build.0 = Release|Any CPU
		{997C7052-5D24-4381-B76B-CEAB96472BA7}.Debug|Any CPU.ActiveCfg = Debug|Any CPU
		{997C7052-5D24-4381-B76B-CEAB96472BA7}.Debug|Any CPU.Build.0 = Debug|Any CPU
		{997C7052-5D24-4381-B76B-CEAB96472BA7}.Release|Any CPU.ActiveCfg = Release|Any CPU
		{997C7052-5D24-4381-B76B-CEAB96472BA7}.Release|Any CPU.Build.0 = Release|Any CPU
		{6A9F33CE-B0A1-47B2-81A6-32A1B76F89AF}.Debug|Any CPU.ActiveCfg = Debug|Any CPU
		{6A9F33CE-B0A1-47B2-81A6-32A1B76F89AF}.Debug|Any CPU.Build.0 = Debug|Any CPU
		{6A9F33CE-B0A1-47B2-81A6-32A1B76F89AF}.Release|Any CPU.ActiveCfg = Release|Any CPU
		{6A9F33CE-B0A1-47B2-81A6-32A1B76F89AF}.Release|Any CPU.Build.0 = Release|Any CPU
		{09B5BB29-44D9-4F67-8DB6-B8B11A183BB5}.Debug|Any CPU.ActiveCfg = Debug|Any CPU
		{09B5BB29-44D9-4F67-8DB6-B8B11A183BB5}.Debug|Any CPU.Build.0 = Debug|Any CPU
		{09B5BB29-44D9-4F67-8DB6-B8B11A183BB5}.Release|Any CPU.ActiveCfg = Release|Any CPU
		{09B5BB29-44D9-4F67-8DB6-B8B11A183BB5}.Release|Any CPU.Build.0 = Release|Any CPU
		{4F413CE3-F18C-43A6-BFE6-6C81E1032F9B}.Debug|Any CPU.ActiveCfg = Debug|Any CPU
		{4F413CE3-F18C-43A6-BFE6-6C81E1032F9B}.Debug|Any CPU.Build.0 = Debug|Any CPU
		{4F413CE3-F18C-43A6-BFE6-6C81E1032F9B}.Release|Any CPU.ActiveCfg = Release|Any CPU
		{4F413CE3-F18C-43A6-BFE6-6C81E1032F9B}.Release|Any CPU.Build.0 = Release|Any CPU
		{5D34B108-DE71-45BF-A9FF-77C49AB3DC48}.Debug|Any CPU.ActiveCfg = Debug|Any CPU
		{5D34B108-DE71-45BF-A9FF-77C49AB3DC48}.Debug|Any CPU.Build.0 = Debug|Any CPU
		{5D34B108-DE71-45BF-A9FF-77C49AB3DC48}.Release|Any CPU.ActiveCfg = Release|Any CPU
		{5D34B108-DE71-45BF-A9FF-77C49AB3DC48}.Release|Any CPU.Build.0 = Release|Any CPU
		{6FE74C74-EDB7-4410-9502-2AF34F0DC2AB}.Debug|Any CPU.ActiveCfg = Debug|Any CPU
		{6FE74C74-EDB7-4410-9502-2AF34F0DC2AB}.Debug|Any CPU.Build.0 = Debug|Any CPU
		{6FE74C74-EDB7-4410-9502-2AF34F0DC2AB}.Release|Any CPU.ActiveCfg = Release|Any CPU
		{6FE74C74-EDB7-4410-9502-2AF34F0DC2AB}.Release|Any CPU.Build.0 = Release|Any CPU
		{D83500C6-5597-439B-9BD9-1F54436B7255}.Debug|Any CPU.ActiveCfg = Debug|Any CPU
		{D83500C6-5597-439B-9BD9-1F54436B7255}.Debug|Any CPU.Build.0 = Debug|Any CPU
		{D83500C6-5597-439B-9BD9-1F54436B7255}.Release|Any CPU.ActiveCfg = Release|Any CPU
		{D83500C6-5597-439B-9BD9-1F54436B7255}.Release|Any CPU.Build.0 = Release|Any CPU
		{7D6E5D6F-65E3-4584-9411-42FE71CF9E3A}.Debug|Any CPU.ActiveCfg = Debug|Any CPU
		{7D6E5D6F-65E3-4584-9411-42FE71CF9E3A}.Debug|Any CPU.Build.0 = Debug|Any CPU
		{7D6E5D6F-65E3-4584-9411-42FE71CF9E3A}.Release|Any CPU.ActiveCfg = Release|Any CPU
		{7D6E5D6F-65E3-4584-9411-42FE71CF9E3A}.Release|Any CPU.Build.0 = Release|Any CPU
		{DECB4D5C-0C3D-41CD-92EB-475B78A54FB0}.Debug|Any CPU.ActiveCfg = Debug|Any CPU
		{DECB4D5C-0C3D-41CD-92EB-475B78A54FB0}.Debug|Any CPU.Build.0 = Debug|Any CPU
		{DECB4D5C-0C3D-41CD-92EB-475B78A54FB0}.Release|Any CPU.ActiveCfg = Release|Any CPU
		{DECB4D5C-0C3D-41CD-92EB-475B78A54FB0}.Release|Any CPU.Build.0 = Release|Any CPU
		{3A177C31-6E4F-481B-9E4F-5BA2ECC30842}.Debug|Any CPU.ActiveCfg = Debug|Any CPU
		{3A177C31-6E4F-481B-9E4F-5BA2ECC30842}.Debug|Any CPU.Build.0 = Debug|Any CPU
		{3A177C31-6E4F-481B-9E4F-5BA2ECC30842}.Release|Any CPU.ActiveCfg = Release|Any CPU
		{3A177C31-6E4F-481B-9E4F-5BA2ECC30842}.Release|Any CPU.Build.0 = Release|Any CPU
		{434D600E-5EC1-4788-BE79-781C61F2C573}.Debug|Any CPU.ActiveCfg = Debug|Any CPU
		{434D600E-5EC1-4788-BE79-781C61F2C573}.Debug|Any CPU.Build.0 = Debug|Any CPU
		{434D600E-5EC1-4788-BE79-781C61F2C573}.Release|Any CPU.ActiveCfg = Release|Any CPU
		{434D600E-5EC1-4788-BE79-781C61F2C573}.Release|Any CPU.Build.0 = Release|Any CPU
		{99112473-7E14-4C6C-A6FB-C94829C3CE6F}.Debug|Any CPU.ActiveCfg = Debug|Any CPU
		{99112473-7E14-4C6C-A6FB-C94829C3CE6F}.Debug|Any CPU.Build.0 = Debug|Any CPU
		{99112473-7E14-4C6C-A6FB-C94829C3CE6F}.Release|Any CPU.ActiveCfg = Release|Any CPU
		{99112473-7E14-4C6C-A6FB-C94829C3CE6F}.Release|Any CPU.Build.0 = Release|Any CPU
		{E81E6D2C-AC65-4F39-B63C-6EDE34C0E1FB}.Debug|Any CPU.ActiveCfg = Debug|Any CPU
		{E81E6D2C-AC65-4F39-B63C-6EDE34C0E1FB}.Debug|Any CPU.Build.0 = Debug|Any CPU
		{E81E6D2C-AC65-4F39-B63C-6EDE34C0E1FB}.Release|Any CPU.ActiveCfg = Release|Any CPU
		{E81E6D2C-AC65-4F39-B63C-6EDE34C0E1FB}.Release|Any CPU.Build.0 = Release|Any CPU
		{A599035E-8731-4844-834D-B6020F5A5CD4}.Debug|Any CPU.ActiveCfg = Debug|Any CPU
		{A599035E-8731-4844-834D-B6020F5A5CD4}.Debug|Any CPU.Build.0 = Debug|Any CPU
		{A599035E-8731-4844-834D-B6020F5A5CD4}.Release|Any CPU.ActiveCfg = Release|Any CPU
		{A599035E-8731-4844-834D-B6020F5A5CD4}.Release|Any CPU.Build.0 = Release|Any CPU
		{A0899257-0D8E-4073-ACE2-99084414FB8D}.Debug|Any CPU.ActiveCfg = Debug|Any CPU
		{A0899257-0D8E-4073-ACE2-99084414FB8D}.Debug|Any CPU.Build.0 = Debug|Any CPU
		{A0899257-0D8E-4073-ACE2-99084414FB8D}.Release|Any CPU.ActiveCfg = Release|Any CPU
		{A0899257-0D8E-4073-ACE2-99084414FB8D}.Release|Any CPU.Build.0 = Release|Any CPU
	EndGlobalSection
	GlobalSection(SolutionProperties) = preSolution
		HideSolutionNode = FALSE
	EndGlobalSection
	GlobalSection(ExtensibilityGlobals) = postSolution
		SolutionGuid = {E37D7F78-43AC-49B1-AB5E-E13943426B75}
	EndGlobalSection
EndGlobal
